
Microsoft Visual Studio Solution File, Format Version 12.00
# Visual Studio Version 17
VisualStudioVersion = 17.9.34616.47
MinimumVisualStudioVersion = 10.0.40219.1
Project("{8BC9CEB8-8B4A-11D0-8D11-00A0C91BC942}") = "person", "classes\classes.vcxproj", "{BBDE260D-19D2-4B2E-92D2-7CE51D1836BE}"
EndProject
Project("{8BC9CEB8-8B4A-11D0-8D11-00A0C91BC942}") = "student", "student\student.vcxproj", "{695C9D43-730C-4A5B-86EE-ED09A2B910A1}"
EndProject
Project("{8BC9CEB8-8B4A-11D0-8D11-00A0C91BC942}") = "product", "product\product.vcxproj", "{2199D0AD-03C9-4078-9425-5A14C0F9A2AF}"
EndProject
Project("{8BC9CEB8-8B4A-11D0-8D11-00A0C91BC942}") = "motikaProj", "motikaProj\motikaProj.vcxproj", "{55BA7C41-3082-4154-8FCF-D575E43EFD87}"
EndProject
Project("{2150E333-8FDC-42A3-9474-1A3956D46DE8}") = "kirkov_deyan", "kirkov_deyan", "{C9993818-996B-4C86-B9CB-C573680D7ED5}"
EndProject
Project("{2150E333-8FDC-42A3-9474-1A3956D46DE8}") = "Traykov", "Traykov", "{D5645DBB-E4B8-4877-BA70-B54F8300B1D9}"
EndProject
Project("{8BC9CEB8-8B4A-11D0-8D11-00A0C91BC942}") = "Hw2", "Hw2\Hw2.vcxproj", "{F6B3A6F6-02FB-459B-AE44-AE40AE666961}"
EndProject
Project("{2150E333-8FDC-42A3-9474-1A3956D46DE8}") = "hw", "hw", "{BC51A012-5689-4F0D-AD8A-6BB1BD39307D}"
EndProject
Project("{8BC9CEB8-8B4A-11D0-8D11-00A0C91BC942}") = "march-22-24", "march-22-24\march-22-24.vcxproj", "{C4B95701-1EA5-4F97-B5EB-081F7A2AF76F}"
EndProject
Project("{8BC9CEB8-8B4A-11D0-8D11-00A0C91BC942}") = "march-15-24", "march-15-24\march-15-24.vcxproj", "{A5A60380-35F8-4816-95AF-4FC9D4CD098A}"
EndProject
Project("{8BC9CEB8-8B4A-11D0-8D11-00A0C91BC942}") = "march-27-24", "march-27-24\march-27-24.vcxproj", "{06919D4A-0BC3-46A3-821D-78EE838E08AE}"
EndProject
Project("{8BC9CEB8-8B4A-11D0-8D11-00A0C91BC942}") = "hw3", "hw3\hw3.vcxproj", "{42BC14CB-1505-47C0-9309-15DDE3D4E42B}"
EndProject
Project("{8BC9CEB8-8B4A-11D0-8D11-00A0C91BC942}") = "mandarini-s-polimorfizum", "mandarini-s-polimorfizum\mandarini-s-polimorfizum.vcxproj", "{1F0AE999-611D-433A-88AF-EE701CC5619A}"
EndProject
Project("{8BC9CEB8-8B4A-11D0-8D11-00A0C91BC942}") = "hw4", "hw4\hw4.vcxproj", "{17A5436C-DA25-4966-8233-C373ED9A4DA7}"
EndProject
Project("{2150E333-8FDC-42A3-9474-1A3956D46DE8}") = "_OOP_SPRING_2024", "_OOP_SPRING_2024", "{6D77A824-9D68-472B-916B-2C128DAD26A6}"
EndProject
Project("{8BC9CEB8-8B4A-11D0-8D11-00A0C91BC942}") = "Project37", "C:\Users\User\Desktop\Project37 - Copy\Project37\Project37\Project37.vcxproj", "{F025BC54-0E6F-4B2A-9804-24BEFC42C48E}"
EndProject
Project("{2150E333-8FDC-42A3-9474-1A3956D46DE8}") = "test", "test", "{F71FD1EA-477A-4B1C-80DA-E513068ED39C}"
EndProject
Project("{8BC9CEB8-8B4A-11D0-8D11-00A0C91BC942}") = "operatorOverloading", "operatorOverloading\operatorOverloading.vcxproj", "{16DE11D1-6389-4B38-8411-E1EAB10672D9}"
EndProject
Project("{8BC9CEB8-8B4A-11D0-8D11-00A0C91BC942}") = "hw5", "hw5\hw5.vcxproj", "{4BF255AB-2A03-4C70-99A5-0C9E129500FE}"
EndProject
Project("{8BC9CEB8-8B4A-11D0-8D11-00A0C91BC942}") = "hw6", "hw6\hw6.vcxproj", "{74A007EA-0DA3-4B02-9AA3-F817270E7BC9}"
EndProject
Project("{2150E333-8FDC-42A3-9474-1A3956D46DE8}") = "test-apr-17", "test-apr-17", "{74CE8A34-78D4-4BED-A860-F2DBB2218F34}"
EndProject
Project("{8BC9CEB8-8B4A-11D0-8D11-00A0C91BC942}") = "1zad", "1zad\1zad.vcxproj", "{3CC6FA78-3B05-4AE9-8108-E2200AE9A3CC}"
EndProject
Project("{2150E333-8FDC-42A3-9474-1A3956D46DE8}") = "test-apr-18", "test-apr-18", "{DC01A4E1-8E44-4428-98FB-D0DA1EA55BD0}"
EndProject
Project("{8BC9CEB8-8B4A-11D0-8D11-00A0C91BC942}") = "zad", "zad\zad.vcxproj", "{A9995CA4-6E21-48A1-9860-FF78766082F5}"
EndProject
Project("{8BC9CEB8-8B4A-11D0-8D11-00A0C91BC942}") = "salary", "salary\salary.vcxproj", "{2F5741D5-EFDC-4FE9-BFED-9E03C5B79149}"
EndProject
Project("{8BC9CEB8-8B4A-11D0-8D11-00A0C91BC942}") = "vesko", "vesko\vesko.vcxproj", "{5083DFD9-7F03-46BE-8243-4B71FA6244EC}"
EndProject
Project("{8BC9CEB8-8B4A-11D0-8D11-00A0C91BC942}") = "exercise", "exercise\exercise.vcxproj", "{825B6D2F-0CA6-49B2-B198-DB7187F0F2AF}"
EndProject
Project("{8BC9CEB8-8B4A-11D0-8D11-00A0C91BC942}") = "strconcatenation", "strconcatenation\strconcatenation.vcxproj", "{4AE8302B-AB8B-4597-9325-E6692119D932}"
EndProject
Project("{8BC9CEB8-8B4A-11D0-8D11-00A0C91BC942}") = "invalidArgumentConstructor", "invalidArgumentConstructor\invalidArgumentConstructor.vcxproj", "{9C832162-DA11-4DE1-A7DD-5A1848B0BBF1}"
EndProject
Project("{8BC9CEB8-8B4A-11D0-8D11-00A0C91BC942}") = "hw8", "hw8\hw8.vcxproj", "{F8518177-473E-4425-AEA8-C4E9828D1E0C}"
EndProject
Global
	GlobalSection(SolutionConfigurationPlatforms) = preSolution
		Debug|x64 = Debug|x64
		Debug|x86 = Debug|x86
		Release|x64 = Release|x64
		Release|x86 = Release|x86
	EndGlobalSection
	GlobalSection(ProjectConfigurationPlatforms) = postSolution
		{BBDE260D-19D2-4B2E-92D2-7CE51D1836BE}.Debug|x64.ActiveCfg = Debug|x64
		{BBDE260D-19D2-4B2E-92D2-7CE51D1836BE}.Debug|x64.Build.0 = Debug|x64
		{BBDE260D-19D2-4B2E-92D2-7CE51D1836BE}.Debug|x86.ActiveCfg = Debug|Win32
		{BBDE260D-19D2-4B2E-92D2-7CE51D1836BE}.Debug|x86.Build.0 = Debug|Win32
		{BBDE260D-19D2-4B2E-92D2-7CE51D1836BE}.Release|x64.ActiveCfg = Release|x64
		{BBDE260D-19D2-4B2E-92D2-7CE51D1836BE}.Release|x64.Build.0 = Release|x64
		{BBDE260D-19D2-4B2E-92D2-7CE51D1836BE}.Release|x86.ActiveCfg = Release|Win32
		{BBDE260D-19D2-4B2E-92D2-7CE51D1836BE}.Release|x86.Build.0 = Release|Win32
		{695C9D43-730C-4A5B-86EE-ED09A2B910A1}.Debug|x64.ActiveCfg = Debug|x64
		{695C9D43-730C-4A5B-86EE-ED09A2B910A1}.Debug|x64.Build.0 = Debug|x64
		{695C9D43-730C-4A5B-86EE-ED09A2B910A1}.Debug|x86.ActiveCfg = Debug|Win32
		{695C9D43-730C-4A5B-86EE-ED09A2B910A1}.Debug|x86.Build.0 = Debug|Win32
		{695C9D43-730C-4A5B-86EE-ED09A2B910A1}.Release|x64.ActiveCfg = Release|x64
		{695C9D43-730C-4A5B-86EE-ED09A2B910A1}.Release|x64.Build.0 = Release|x64
		{695C9D43-730C-4A5B-86EE-ED09A2B910A1}.Release|x86.ActiveCfg = Release|Win32
		{695C9D43-730C-4A5B-86EE-ED09A2B910A1}.Release|x86.Build.0 = Release|Win32
		{2199D0AD-03C9-4078-9425-5A14C0F9A2AF}.Debug|x64.ActiveCfg = Debug|x64
		{2199D0AD-03C9-4078-9425-5A14C0F9A2AF}.Debug|x64.Build.0 = Debug|x64
		{2199D0AD-03C9-4078-9425-5A14C0F9A2AF}.Debug|x86.ActiveCfg = Debug|Win32
		{2199D0AD-03C9-4078-9425-5A14C0F9A2AF}.Debug|x86.Build.0 = Debug|Win32
		{2199D0AD-03C9-4078-9425-5A14C0F9A2AF}.Release|x64.ActiveCfg = Release|x64
		{2199D0AD-03C9-4078-9425-5A14C0F9A2AF}.Release|x64.Build.0 = Release|x64
		{2199D0AD-03C9-4078-9425-5A14C0F9A2AF}.Release|x86.ActiveCfg = Release|Win32
		{2199D0AD-03C9-4078-9425-5A14C0F9A2AF}.Release|x86.Build.0 = Release|Win32
		{55BA7C41-3082-4154-8FCF-D575E43EFD87}.Debug|x64.ActiveCfg = Debug|x64
		{55BA7C41-3082-4154-8FCF-D575E43EFD87}.Debug|x64.Build.0 = Debug|x64
		{55BA7C41-3082-4154-8FCF-D575E43EFD87}.Debug|x86.ActiveCfg = Debug|Win32
		{55BA7C41-3082-4154-8FCF-D575E43EFD87}.Debug|x86.Build.0 = Debug|Win32
		{55BA7C41-3082-4154-8FCF-D575E43EFD87}.Release|x64.ActiveCfg = Release|x64
		{55BA7C41-3082-4154-8FCF-D575E43EFD87}.Release|x64.Build.0 = Release|x64
		{55BA7C41-3082-4154-8FCF-D575E43EFD87}.Release|x86.ActiveCfg = Release|Win32
		{55BA7C41-3082-4154-8FCF-D575E43EFD87}.Release|x86.Build.0 = Release|Win32
		{F6B3A6F6-02FB-459B-AE44-AE40AE666961}.Debug|x64.ActiveCfg = Debug|x64
		{F6B3A6F6-02FB-459B-AE44-AE40AE666961}.Debug|x64.Build.0 = Debug|x64
		{F6B3A6F6-02FB-459B-AE44-AE40AE666961}.Debug|x86.ActiveCfg = Debug|Win32
		{F6B3A6F6-02FB-459B-AE44-AE40AE666961}.Debug|x86.Build.0 = Debug|Win32
		{F6B3A6F6-02FB-459B-AE44-AE40AE666961}.Release|x64.ActiveCfg = Release|x64
		{F6B3A6F6-02FB-459B-AE44-AE40AE666961}.Release|x64.Build.0 = Release|x64
		{F6B3A6F6-02FB-459B-AE44-AE40AE666961}.Release|x86.ActiveCfg = Release|Win32
		{F6B3A6F6-02FB-459B-AE44-AE40AE666961}.Release|x86.Build.0 = Release|Win32
		{C4B95701-1EA5-4F97-B5EB-081F7A2AF76F}.Debug|x64.ActiveCfg = Debug|x64
		{C4B95701-1EA5-4F97-B5EB-081F7A2AF76F}.Debug|x64.Build.0 = Debug|x64
		{C4B95701-1EA5-4F97-B5EB-081F7A2AF76F}.Debug|x86.ActiveCfg = Debug|Win32
		{C4B95701-1EA5-4F97-B5EB-081F7A2AF76F}.Debug|x86.Build.0 = Debug|Win32
		{C4B95701-1EA5-4F97-B5EB-081F7A2AF76F}.Release|x64.ActiveCfg = Release|x64
		{C4B95701-1EA5-4F97-B5EB-081F7A2AF76F}.Release|x64.Build.0 = Release|x64
		{C4B95701-1EA5-4F97-B5EB-081F7A2AF76F}.Release|x86.ActiveCfg = Release|Win32
		{C4B95701-1EA5-4F97-B5EB-081F7A2AF76F}.Release|x86.Build.0 = Release|Win32
		{A5A60380-35F8-4816-95AF-4FC9D4CD098A}.Debug|x64.ActiveCfg = Debug|x64
		{A5A60380-35F8-4816-95AF-4FC9D4CD098A}.Debug|x64.Build.0 = Debug|x64
		{A5A60380-35F8-4816-95AF-4FC9D4CD098A}.Debug|x86.ActiveCfg = Debug|Win32
		{A5A60380-35F8-4816-95AF-4FC9D4CD098A}.Debug|x86.Build.0 = Debug|Win32
		{A5A60380-35F8-4816-95AF-4FC9D4CD098A}.Release|x64.ActiveCfg = Release|x64
		{A5A60380-35F8-4816-95AF-4FC9D4CD098A}.Release|x64.Build.0 = Release|x64
		{A5A60380-35F8-4816-95AF-4FC9D4CD098A}.Release|x86.ActiveCfg = Release|Win32
		{A5A60380-35F8-4816-95AF-4FC9D4CD098A}.Release|x86.Build.0 = Release|Win32
		{06919D4A-0BC3-46A3-821D-78EE838E08AE}.Debug|x64.ActiveCfg = Debug|x64
		{06919D4A-0BC3-46A3-821D-78EE838E08AE}.Debug|x64.Build.0 = Debug|x64
		{06919D4A-0BC3-46A3-821D-78EE838E08AE}.Debug|x86.ActiveCfg = Debug|Win32
		{06919D4A-0BC3-46A3-821D-78EE838E08AE}.Debug|x86.Build.0 = Debug|Win32
		{06919D4A-0BC3-46A3-821D-78EE838E08AE}.Release|x64.ActiveCfg = Release|x64
		{06919D4A-0BC3-46A3-821D-78EE838E08AE}.Release|x64.Build.0 = Release|x64
		{06919D4A-0BC3-46A3-821D-78EE838E08AE}.Release|x86.ActiveCfg = Release|Win32
		{06919D4A-0BC3-46A3-821D-78EE838E08AE}.Release|x86.Build.0 = Release|Win32
		{42BC14CB-1505-47C0-9309-15DDE3D4E42B}.Debug|x64.ActiveCfg = Debug|x64
		{42BC14CB-1505-47C0-9309-15DDE3D4E42B}.Debug|x64.Build.0 = Debug|x64
		{42BC14CB-1505-47C0-9309-15DDE3D4E42B}.Debug|x86.ActiveCfg = Debug|Win32
		{42BC14CB-1505-47C0-9309-15DDE3D4E42B}.Debug|x86.Build.0 = Debug|Win32
		{42BC14CB-1505-47C0-9309-15DDE3D4E42B}.Release|x64.ActiveCfg = Release|x64
		{42BC14CB-1505-47C0-9309-15DDE3D4E42B}.Release|x64.Build.0 = Release|x64
		{42BC14CB-1505-47C0-9309-15DDE3D4E42B}.Release|x86.ActiveCfg = Release|Win32
		{42BC14CB-1505-47C0-9309-15DDE3D4E42B}.Release|x86.Build.0 = Release|Win32
		{1F0AE999-611D-433A-88AF-EE701CC5619A}.Debug|x64.ActiveCfg = Debug|x64
		{1F0AE999-611D-433A-88AF-EE701CC5619A}.Debug|x64.Build.0 = Debug|x64
		{1F0AE999-611D-433A-88AF-EE701CC5619A}.Debug|x86.ActiveCfg = Debug|Win32
		{1F0AE999-611D-433A-88AF-EE701CC5619A}.Debug|x86.Build.0 = Debug|Win32
		{1F0AE999-611D-433A-88AF-EE701CC5619A}.Release|x64.ActiveCfg = Release|x64
		{1F0AE999-611D-433A-88AF-EE701CC5619A}.Release|x64.Build.0 = Release|x64
		{1F0AE999-611D-433A-88AF-EE701CC5619A}.Release|x86.ActiveCfg = Release|Win32
		{1F0AE999-611D-433A-88AF-EE701CC5619A}.Release|x86.Build.0 = Release|Win32
		{17A5436C-DA25-4966-8233-C373ED9A4DA7}.Debug|x64.ActiveCfg = Debug|x64
		{17A5436C-DA25-4966-8233-C373ED9A4DA7}.Debug|x64.Build.0 = Debug|x64
		{17A5436C-DA25-4966-8233-C373ED9A4DA7}.Debug|x86.ActiveCfg = Debug|Win32
		{17A5436C-DA25-4966-8233-C373ED9A4DA7}.Debug|x86.Build.0 = Debug|Win32
		{17A5436C-DA25-4966-8233-C373ED9A4DA7}.Release|x64.ActiveCfg = Release|x64
		{17A5436C-DA25-4966-8233-C373ED9A4DA7}.Release|x64.Build.0 = Release|x64
		{17A5436C-DA25-4966-8233-C373ED9A4DA7}.Release|x86.ActiveCfg = Release|Win32
		{17A5436C-DA25-4966-8233-C373ED9A4DA7}.Release|x86.Build.0 = Release|Win32
		{F025BC54-0E6F-4B2A-9804-24BEFC42C48E}.Debug|x64.ActiveCfg = Debug|x64
		{F025BC54-0E6F-4B2A-9804-24BEFC42C48E}.Debug|x64.Build.0 = Debug|x64
		{F025BC54-0E6F-4B2A-9804-24BEFC42C48E}.Debug|x86.ActiveCfg = Debug|Win32
		{F025BC54-0E6F-4B2A-9804-24BEFC42C48E}.Debug|x86.Build.0 = Debug|Win32
		{F025BC54-0E6F-4B2A-9804-24BEFC42C48E}.Release|x64.ActiveCfg = Release|x64
		{F025BC54-0E6F-4B2A-9804-24BEFC42C48E}.Release|x64.Build.0 = Release|x64
		{F025BC54-0E6F-4B2A-9804-24BEFC42C48E}.Release|x86.ActiveCfg = Release|Win32
		{F025BC54-0E6F-4B2A-9804-24BEFC42C48E}.Release|x86.Build.0 = Release|Win32
		{16DE11D1-6389-4B38-8411-E1EAB10672D9}.Debug|x64.ActiveCfg = Debug|x64
		{16DE11D1-6389-4B38-8411-E1EAB10672D9}.Debug|x64.Build.0 = Debug|x64
		{16DE11D1-6389-4B38-8411-E1EAB10672D9}.Debug|x86.ActiveCfg = Debug|Win32
		{16DE11D1-6389-4B38-8411-E1EAB10672D9}.Debug|x86.Build.0 = Debug|Win32
		{16DE11D1-6389-4B38-8411-E1EAB10672D9}.Release|x64.ActiveCfg = Release|x64
		{16DE11D1-6389-4B38-8411-E1EAB10672D9}.Release|x64.Build.0 = Release|x64
		{16DE11D1-6389-4B38-8411-E1EAB10672D9}.Release|x86.ActiveCfg = Release|Win32
		{16DE11D1-6389-4B38-8411-E1EAB10672D9}.Release|x86.Build.0 = Release|Win32
		{4BF255AB-2A03-4C70-99A5-0C9E129500FE}.Debug|x64.ActiveCfg = Debug|x64
		{4BF255AB-2A03-4C70-99A5-0C9E129500FE}.Debug|x64.Build.0 = Debug|x64
		{4BF255AB-2A03-4C70-99A5-0C9E129500FE}.Debug|x86.ActiveCfg = Debug|Win32
		{4BF255AB-2A03-4C70-99A5-0C9E129500FE}.Debug|x86.Build.0 = Debug|Win32
		{4BF255AB-2A03-4C70-99A5-0C9E129500FE}.Release|x64.ActiveCfg = Release|x64
		{4BF255AB-2A03-4C70-99A5-0C9E129500FE}.Release|x64.Build.0 = Release|x64
		{4BF255AB-2A03-4C70-99A5-0C9E129500FE}.Release|x86.ActiveCfg = Release|Win32
		{4BF255AB-2A03-4C70-99A5-0C9E129500FE}.Release|x86.Build.0 = Release|Win32
		{74A007EA-0DA3-4B02-9AA3-F817270E7BC9}.Debug|x64.ActiveCfg = Debug|x64
		{74A007EA-0DA3-4B02-9AA3-F817270E7BC9}.Debug|x64.Build.0 = Debug|x64
		{74A007EA-0DA3-4B02-9AA3-F817270E7BC9}.Debug|x86.ActiveCfg = Debug|Win32
		{74A007EA-0DA3-4B02-9AA3-F817270E7BC9}.Debug|x86.Build.0 = Debug|Win32
		{74A007EA-0DA3-4B02-9AA3-F817270E7BC9}.Release|x64.ActiveCfg = Release|x64
		{74A007EA-0DA3-4B02-9AA3-F817270E7BC9}.Release|x64.Build.0 = Release|x64
		{74A007EA-0DA3-4B02-9AA3-F817270E7BC9}.Release|x86.ActiveCfg = Release|Win32
		{74A007EA-0DA3-4B02-9AA3-F817270E7BC9}.Release|x86.Build.0 = Release|Win32
		{3CC6FA78-3B05-4AE9-8108-E2200AE9A3CC}.Debug|x64.ActiveCfg = Debug|x64
		{3CC6FA78-3B05-4AE9-8108-E2200AE9A3CC}.Debug|x64.Build.0 = Debug|x64
		{3CC6FA78-3B05-4AE9-8108-E2200AE9A3CC}.Debug|x86.ActiveCfg = Debug|Win32
		{3CC6FA78-3B05-4AE9-8108-E2200AE9A3CC}.Debug|x86.Build.0 = Debug|Win32
		{3CC6FA78-3B05-4AE9-8108-E2200AE9A3CC}.Release|x64.ActiveCfg = Release|x64
		{3CC6FA78-3B05-4AE9-8108-E2200AE9A3CC}.Release|x64.Build.0 = Release|x64
		{3CC6FA78-3B05-4AE9-8108-E2200AE9A3CC}.Release|x86.ActiveCfg = Release|Win32
		{3CC6FA78-3B05-4AE9-8108-E2200AE9A3CC}.Release|x86.Build.0 = Release|Win32
		{A9995CA4-6E21-48A1-9860-FF78766082F5}.Debug|x64.ActiveCfg = Debug|x64
		{A9995CA4-6E21-48A1-9860-FF78766082F5}.Debug|x64.Build.0 = Debug|x64
		{A9995CA4-6E21-48A1-9860-FF78766082F5}.Debug|x86.ActiveCfg = Debug|Win32
		{A9995CA4-6E21-48A1-9860-FF78766082F5}.Debug|x86.Build.0 = Debug|Win32
		{A9995CA4-6E21-48A1-9860-FF78766082F5}.Release|x64.ActiveCfg = Release|x64
		{A9995CA4-6E21-48A1-9860-FF78766082F5}.Release|x64.Build.0 = Release|x64
		{A9995CA4-6E21-48A1-9860-FF78766082F5}.Release|x86.ActiveCfg = Release|Win32
		{A9995CA4-6E21-48A1-9860-FF78766082F5}.Release|x86.Build.0 = Release|Win32
		{2F5741D5-EFDC-4FE9-BFED-9E03C5B79149}.Debug|x64.ActiveCfg = Debug|x64
		{2F5741D5-EFDC-4FE9-BFED-9E03C5B79149}.Debug|x64.Build.0 = Debug|x64
		{2F5741D5-EFDC-4FE9-BFED-9E03C5B79149}.Debug|x86.ActiveCfg = Debug|Win32
		{2F5741D5-EFDC-4FE9-BFED-9E03C5B79149}.Debug|x86.Build.0 = Debug|Win32
		{2F5741D5-EFDC-4FE9-BFED-9E03C5B79149}.Release|x64.ActiveCfg = Release|x64
		{2F5741D5-EFDC-4FE9-BFED-9E03C5B79149}.Release|x64.Build.0 = Release|x64
		{2F5741D5-EFDC-4FE9-BFED-9E03C5B79149}.Release|x86.ActiveCfg = Release|Win32
		{2F5741D5-EFDC-4FE9-BFED-9E03C5B79149}.Release|x86.Build.0 = Release|Win32
		{5083DFD9-7F03-46BE-8243-4B71FA6244EC}.Debug|x64.ActiveCfg = Debug|x64
		{5083DFD9-7F03-46BE-8243-4B71FA6244EC}.Debug|x64.Build.0 = Debug|x64
		{5083DFD9-7F03-46BE-8243-4B71FA6244EC}.Debug|x86.ActiveCfg = Debug|Win32
		{5083DFD9-7F03-46BE-8243-4B71FA6244EC}.Debug|x86.Build.0 = Debug|Win32
		{5083DFD9-7F03-46BE-8243-4B71FA6244EC}.Release|x64.ActiveCfg = Release|x64
		{5083DFD9-7F03-46BE-8243-4B71FA6244EC}.Release|x64.Build.0 = Release|x64
		{5083DFD9-7F03-46BE-8243-4B71FA6244EC}.Release|x86.ActiveCfg = Release|Win32
		{5083DFD9-7F03-46BE-8243-4B71FA6244EC}.Release|x86.Build.0 = Release|Win32
		{825B6D2F-0CA6-49B2-B198-DB7187F0F2AF}.Debug|x64.ActiveCfg = Debug|x64
		{825B6D2F-0CA6-49B2-B198-DB7187F0F2AF}.Debug|x64.Build.0 = Debug|x64
		{825B6D2F-0CA6-49B2-B198-DB7187F0F2AF}.Debug|x86.ActiveCfg = Debug|Win32
		{825B6D2F-0CA6-49B2-B198-DB7187F0F2AF}.Debug|x86.Build.0 = Debug|Win32
		{825B6D2F-0CA6-49B2-B198-DB7187F0F2AF}.Release|x64.ActiveCfg = Release|x64
		{825B6D2F-0CA6-49B2-B198-DB7187F0F2AF}.Release|x64.Build.0 = Release|x64
		{825B6D2F-0CA6-49B2-B198-DB7187F0F2AF}.Release|x86.ActiveCfg = Release|Win32
		{825B6D2F-0CA6-49B2-B198-DB7187F0F2AF}.Release|x86.Build.0 = Release|Win32
		{4AE8302B-AB8B-4597-9325-E6692119D932}.Debug|x64.ActiveCfg = Debug|x64
		{4AE8302B-AB8B-4597-9325-E6692119D932}.Debug|x64.Build.0 = Debug|x64
		{4AE8302B-AB8B-4597-9325-E6692119D932}.Debug|x86.ActiveCfg = Debug|Win32
		{4AE8302B-AB8B-4597-9325-E6692119D932}.Debug|x86.Build.0 = Debug|Win32
		{4AE8302B-AB8B-4597-9325-E6692119D932}.Release|x64.ActiveCfg = Release|x64
		{4AE8302B-AB8B-4597-9325-E6692119D932}.Release|x64.Build.0 = Release|x64
		{4AE8302B-AB8B-4597-9325-E6692119D932}.Release|x86.ActiveCfg = Release|Win32
		{4AE8302B-AB8B-4597-9325-E6692119D932}.Release|x86.Build.0 = Release|Win32
		{9C832162-DA11-4DE1-A7DD-5A1848B0BBF1}.Debug|x64.ActiveCfg = Debug|x64
		{9C832162-DA11-4DE1-A7DD-5A1848B0BBF1}.Debug|x64.Build.0 = Debug|x64
		{9C832162-DA11-4DE1-A7DD-5A1848B0BBF1}.Debug|x86.ActiveCfg = Debug|Win32
		{9C832162-DA11-4DE1-A7DD-5A1848B0BBF1}.Debug|x86.Build.0 = Debug|Win32
		{9C832162-DA11-4DE1-A7DD-5A1848B0BBF1}.Release|x64.ActiveCfg = Release|x64
		{9C832162-DA11-4DE1-A7DD-5A1848B0BBF1}.Release|x64.Build.0 = Release|x64
		{9C832162-DA11-4DE1-A7DD-5A1848B0BBF1}.Release|x86.ActiveCfg = Release|Win32
		{9C832162-DA11-4DE1-A7DD-5A1848B0BBF1}.Release|x86.Build.0 = Release|Win32
		{F8518177-473E-4425-AEA8-C4E9828D1E0C}.Debug|x64.ActiveCfg = Debug|x64
		{F8518177-473E-4425-AEA8-C4E9828D1E0C}.Debug|x64.Build.0 = Debug|x64
		{F8518177-473E-4425-AEA8-C4E9828D1E0C}.Debug|x86.ActiveCfg = Debug|Win32
		{F8518177-473E-4425-AEA8-C4E9828D1E0C}.Debug|x86.Build.0 = Debug|Win32
		{F8518177-473E-4425-AEA8-C4E9828D1E0C}.Release|x64.ActiveCfg = Release|x64
		{F8518177-473E-4425-AEA8-C4E9828D1E0C}.Release|x64.Build.0 = Release|x64
		{F8518177-473E-4425-AEA8-C4E9828D1E0C}.Release|x86.ActiveCfg = Release|Win32
		{F8518177-473E-4425-AEA8-C4E9828D1E0C}.Release|x86.Build.0 = Release|Win32
	EndGlobalSection
	GlobalSection(SolutionProperties) = preSolution
		HideSolutionNode = FALSE
	EndGlobalSection
	GlobalSection(NestedProjects) = preSolution
		{BBDE260D-19D2-4B2E-92D2-7CE51D1836BE} = {D5645DBB-E4B8-4877-BA70-B54F8300B1D9}
		{695C9D43-730C-4A5B-86EE-ED09A2B910A1} = {D5645DBB-E4B8-4877-BA70-B54F8300B1D9}
		{2199D0AD-03C9-4078-9425-5A14C0F9A2AF} = {C9993818-996B-4C86-B9CB-C573680D7ED5}
		{55BA7C41-3082-4154-8FCF-D575E43EFD87} = {C9993818-996B-4C86-B9CB-C573680D7ED5}
		{F6B3A6F6-02FB-459B-AE44-AE40AE666961} = {BC51A012-5689-4F0D-AD8A-6BB1BD39307D}
		{BC51A012-5689-4F0D-AD8A-6BB1BD39307D} = {D5645DBB-E4B8-4877-BA70-B54F8300B1D9}
		{C4B95701-1EA5-4F97-B5EB-081F7A2AF76F} = {D5645DBB-E4B8-4877-BA70-B54F8300B1D9}
		{A5A60380-35F8-4816-95AF-4FC9D4CD098A} = {D5645DBB-E4B8-4877-BA70-B54F8300B1D9}
		{06919D4A-0BC3-46A3-821D-78EE838E08AE} = {C9993818-996B-4C86-B9CB-C573680D7ED5}
		{42BC14CB-1505-47C0-9309-15DDE3D4E42B} = {BC51A012-5689-4F0D-AD8A-6BB1BD39307D}
		{1F0AE999-611D-433A-88AF-EE701CC5619A} = {C9993818-996B-4C86-B9CB-C573680D7ED5}
		{17A5436C-DA25-4966-8233-C373ED9A4DA7} = {BC51A012-5689-4F0D-AD8A-6BB1BD39307D}
		{F025BC54-0E6F-4B2A-9804-24BEFC42C48E} = {D5645DBB-E4B8-4877-BA70-B54F8300B1D9}
		{16DE11D1-6389-4B38-8411-E1EAB10672D9} = {F71FD1EA-477A-4B1C-80DA-E513068ED39C}
		{4BF255AB-2A03-4C70-99A5-0C9E129500FE} = {BC51A012-5689-4F0D-AD8A-6BB1BD39307D}
		{74A007EA-0DA3-4B02-9AA3-F817270E7BC9} = {BC51A012-5689-4F0D-AD8A-6BB1BD39307D}
		{74CE8A34-78D4-4BED-A860-F2DBB2218F34} = {C9993818-996B-4C86-B9CB-C573680D7ED5}
		{3CC6FA78-3B05-4AE9-8108-E2200AE9A3CC} = {74CE8A34-78D4-4BED-A860-F2DBB2218F34}
		{DC01A4E1-8E44-4428-98FB-D0DA1EA55BD0} = {C9993818-996B-4C86-B9CB-C573680D7ED5}
		{A9995CA4-6E21-48A1-9860-FF78766082F5} = {DC01A4E1-8E44-4428-98FB-D0DA1EA55BD0}
		{2F5741D5-EFDC-4FE9-BFED-9E03C5B79149} = {DC01A4E1-8E44-4428-98FB-D0DA1EA55BD0}
		{5083DFD9-7F03-46BE-8243-4B71FA6244EC} = {DC01A4E1-8E44-4428-98FB-D0DA1EA55BD0}
		{825B6D2F-0CA6-49B2-B198-DB7187F0F2AF} = {F71FD1EA-477A-4B1C-80DA-E513068ED39C}
		{4AE8302B-AB8B-4597-9325-E6692119D932} = {C9993818-996B-4C86-B9CB-C573680D7ED5}
		{9C832162-DA11-4DE1-A7DD-5A1848B0BBF1} = {F71FD1EA-477A-4B1C-80DA-E513068ED39C}
		{F8518177-473E-4425-AEA8-C4E9828D1E0C} = {BC51A012-5689-4F0D-AD8A-6BB1BD39307D}
	EndGlobalSection
	GlobalSection(ExtensibilityGlobals) = postSolution
		SolutionGuid = {EDCEFBE2-CAAE-4A90-A1BD-FA8432F0D208}
	EndGlobalSection
EndGlobal
