
Microsoft Visual Studio Solution File, Format Version 12.00
# Visual Studio Version 17
VisualStudioVersion = 17.7.34221.43
MinimumVisualStudioVersion = 10.0.40219.1
Project("{8BC9CEB8-8B4A-11D0-8D11-00A0C91BC942}") = "1_1_BT_test", "1_1_BT_test\1_1_BT_test.vcxproj", "{CF04C96D-6FF8-407A-B25A-C8ADCE2923D9}"
EndProject
Project("{8BC9CEB8-8B4A-11D0-8D11-00A0C91BC942}") = "2_FNumbers", "2_FNumbers\2_FNumbers.vcxproj", "{31E28294-F707-475B-8D51-980E8FC660CE}"
EndProject
Project("{8BC9CEB8-8B4A-11D0-8D11-00A0C91BC942}") = "1_Functions", "1_Functions\1_Functions.vcxproj", "{FB56E8C4-4A17-4E7F-B2AB-9CF8ED3403A0}"
EndProject
Project("{8BC9CEB8-8B4A-11D0-8D11-00A0C91BC942}") = "3_NonPrimeDivisors", "3_NonPrimeDivisors\3_NonPrimeDivisors.vcxproj", "{3909A629-CF2B-4380-A9A1-BB9D855BAA2C}"
EndProject
Project("{8BC9CEB8-8B4A-11D0-8D11-00A0C91BC942}") = "2_PrimeDivisors", "2_PrimeDivisors\2_PrimeDivisors.vcxproj", "{3F1193DA-8756-4EA5-AAD0-905B4BD50FEA}"
EndProject
Project("{8BC9CEB8-8B4A-11D0-8D11-00A0C91BC942}") = "1_Divisors", "1_Divisors\1_Divisors.vcxproj", "{880CE45D-81EE-43DA-9485-EB25B89D6948}"
EndProject
Project("{8BC9CEB8-8B4A-11D0-8D11-00A0C91BC942}") = "1_NumberSystems", "1_NumberSystems\1_NumberSystems.vcxproj", "{E4FEF011-258D-4E78-BBA4-CD52F4BDDBF9}"
EndProject
Project("{8BC9CEB8-8B4A-11D0-8D11-00A0C91BC942}") = "1_IsPalindrome", "1_IsPalindrome\1_IsPalindrome.vcxproj", "{88A7E34D-419A-4F89-A7EB-CBE159BD7A95}"
EndProject
Project("{8BC9CEB8-8B4A-11D0-8D11-00A0C91BC942}") = "1_random2Darr", "1_random2Darr\1_random2Darr.vcxproj", "{D9F46DB5-B1E5-4AAE-8965-59ECA2CF7D44}"
EndProject
Project("{8BC9CEB8-8B4A-11D0-8D11-00A0C91BC942}") = "1_CountNums", "1_CountNums\1_CountNums.vcxproj", "{94647406-D5B1-4163-AB9E-7712FE693E27}"
EndProject
Project("{8BC9CEB8-8B4A-11D0-8D11-00A0C91BC942}") = "1_SmallestNumOfThree", "1_SmallestNumOfThree\1_SmallestNumOfThree.vcxproj", "{F0DF29CF-01F3-4E11-A7EA-27E26686E676}"
EndProject
Project("{8BC9CEB8-8B4A-11D0-8D11-00A0C91BC942}") = "1_RomanNumerals", "1_RomanNumbers\1_RomanNumbers.vcxproj", "{0C86FD94-F2AB-41A5-A4D9-F5BF1CC5717F}"
EndProject
Project("{8BC9CEB8-8B4A-11D0-8D11-00A0C91BC942}") = "1_intCharBool", "1_intCharBool\1_intCharBool.vcxproj", "{5A74D886-C09A-441D-9027-06F86178BF48}"
EndProject
Project("{8BC9CEB8-8B4A-11D0-8D11-00A0C91BC942}") = "1_meWeight", "1_me\1_me.vcxproj", "{E711880C-EED9-4A19-95ED-B217F6CCDF13}"
EndProject
Project("{8BC9CEB8-8B4A-11D0-8D11-00A0C91BC942}") = "2-char", "2-char\2-char.vcxproj", "{AEF11420-6220-4100-9D91-D524A10F9F60}"
EndProject
Project("{8BC9CEB8-8B4A-11D0-8D11-00A0C91BC942}") = "2_random2Darr_topLeftToZero", "2_random2Darr_toZero\2_random2Darr_toZero.vcxproj", "{A682828E-9FA1-4A52-A639-B78716D1E480}"
EndProject
Project("{8BC9CEB8-8B4A-11D0-8D11-00A0C91BC942}") = "2_ZodiacDates", "2_ZodiacDates\2_ZodiacDates.vcxproj", "{C909A678-63C8-406D-9532-04D9B614EFD8}"
EndProject
Project("{8BC9CEB8-8B4A-11D0-8D11-00A0C91BC942}") = "2_ReverseRome", "2_ReverseRome\2_ReverseRome.vcxproj", "{11AF4830-C48C-4278-B0E7-F56A3B8ABBCD}"
EndProject
Project("{8BC9CEB8-8B4A-11D0-8D11-00A0C91BC942}") = "2_maths", "2_maths\2_maths.vcxproj", "{CC1DCFCB-BE62-4467-9C83-ECF73DF6E9B5}"
EndProject
Project("{8BC9CEB8-8B4A-11D0-8D11-00A0C91BC942}") = "2_ThreeDigitNumber", "2_ThreeDigitNumber\2_ThreeDigitNumber.vcxproj", "{B6E7EEF1-22E9-4316-B4C6-034EFC555640}"
EndProject
Project("{8BC9CEB8-8B4A-11D0-8D11-00A0C91BC942}") = "2_CalcNums", "2_CalcNums\2_CalcNums.vcxproj", "{5384EF9A-E315-418A-9590-9427EB0B4EDC}"
EndProject
Project("{8BC9CEB8-8B4A-11D0-8D11-00A0C91BC942}") = "2_GCD", "GDC\GDC.vcxproj", "{BFD86D97-366B-471A-9B84-90B2DEDECAF2}"
EndProject
Project("{8BC9CEB8-8B4A-11D0-8D11-00A0C91BC942}") = "3_LCM", "3_LCM\3_LCM.vcxproj", "{4E693CD5-01E6-410C-A96D-1242A2041C4D}"
EndProject
Project("{8BC9CEB8-8B4A-11D0-8D11-00A0C91BC942}") = "2DArray_2_5_30", "2DArray_2_5_30\2DArray_2_5_30.vcxproj", "{C1FB1473-CD97-49EF-A1DF-82C097739E41}"
EndProject
Project("{8BC9CEB8-8B4A-11D0-8D11-00A0C91BC942}") = "2dArr_1", "2dArr_1\2dArr_1.vcxproj", "{332EFF0C-62CB-43FF-8DC5-979EC4202F83}"
EndProject
Project("{8BC9CEB8-8B4A-11D0-8D11-00A0C91BC942}") = "ArrayWithSteps", "ArrayWithSteps\ArrayWithSteps.vcxproj", "{250EB875-0051-483E-A1F5-48493998F543}"
EndProject
Project("{8BC9CEB8-8B4A-11D0-8D11-00A0C91BC942}") = "narr", "narr\narr.vcxproj", "{2DD310E2-234B-44ED-A685-CC6BBCE8FE74}"
EndProject
Project("{8BC9CEB8-8B4A-11D0-8D11-00A0C91BC942}") = "3_avgSqrt", "3_avgSqrt\3_avgSqrt.vcxproj", "{F38CB11A-4028-47E3-9271-A183FA930F9F}"
EndProject
Project("{8BC9CEB8-8B4A-11D0-8D11-00A0C91BC942}") = "4_DegToRad", "4_DegToRad\4_DegToRad.vcxproj", "{F729142D-5968-4A4E-A63A-D55EF04E7B80}"
EndProject
Project("{8BC9CEB8-8B4A-11D0-8D11-00A0C91BC942}") = "zadacha1", "zadacha1\zadacha1.vcxproj", "{C411DF9A-248F-48D2-B0FE-0EA5116ABF98}"
EndProject
Project("{8BC9CEB8-8B4A-11D0-8D11-00A0C91BC942}") = "6-ptrchartest1", "6-ptrchartest1\6-ptrchartest1.vcxproj", "{2D2BA779-790A-4671-B57A-CA79315CD19B}"
EndProject
Project("{8BC9CEB8-8B4A-11D0-8D11-00A0C91BC942}") = "5-lastexample", "5-lastexample\5-lastexample.vcxproj", "{F80DA4B5-9FA8-4220-B135-E09DD787F987}"
EndProject
Project("{8BC9CEB8-8B4A-11D0-8D11-00A0C91BC942}") = "4.1-str", "4.1-str\4.1-str.vcxproj", "{14B57D75-032D-4A1F-8346-323F490FAA90}"
EndProject
Project("{8BC9CEB8-8B4A-11D0-8D11-00A0C91BC942}") = "3-strcat", "3-strcat\3-strcat.vcxproj", "{76974D77-4377-4009-94D7-F959EA25764E}"
EndProject
Project("{8BC9CEB8-8B4A-11D0-8D11-00A0C91BC942}") = "zadacha2", "zadacha2\zadacha2.vcxproj", "{06006251-AB77-4221-8F18-8B5BAFE8FC92}"
EndProject
Project("{8BC9CEB8-8B4A-11D0-8D11-00A0C91BC942}") = "zadacha3", "zadacha3\zadacha3.vcxproj", "{F1892998-3F81-41FE-BD81-84F50EDD1452}"
EndProject
Project("{8BC9CEB8-8B4A-11D0-8D11-00A0C91BC942}") = "zadacha4", "zadacha4\zadacha4.vcxproj", "{ADEB6396-6AA6-4191-9093-6D9B6D8E7A67}"
EndProject
Project("{8BC9CEB8-8B4A-11D0-8D11-00A0C91BC942}") = "3_quickMath", "3_quickMath\3_quickMath.vcxproj", "{A72E293D-10C9-4340-AB96-88A7B009E671}"
EndProject
Project("{8BC9CEB8-8B4A-11D0-8D11-00A0C91BC942}") = "4_Pobitovi", "4_Pobitovi\4_Pobitovi.vcxproj", "{D2F5E90B-ED37-4076-9B25-B47BB8DA4D5E}"
EndProject
Project("{8BC9CEB8-8B4A-11D0-8D11-00A0C91BC942}") = "3_sumEvenNumbers", "3.2_sumEvenNumbers\3_sumEvenNumbers.vcxproj", "{73AB530C-497D-4047-AEF1-1890C86271A3}"
EndProject
Project("{8BC9CEB8-8B4A-11D0-8D11-00A0C91BC942}") = "4-charPtrPstr", "4-charPtrPstr\4-charPtrPstr.vcxproj", "{10ED3220-02D4-4B9B-9031-4C149D77157D}"
EndProject
Project("{8BC9CEB8-8B4A-11D0-8D11-00A0C91BC942}") = "3.1-strcat", "3.1-strcat\3.1-strcat.vcxproj", "{C5F94233-6AA0-437A-B570-0AA3E4A8B464}"
EndProject
Project("{8BC9CEB8-8B4A-11D0-8D11-00A0C91BC942}") = "3-charArr", "3-charArr\3-charArr.vcxproj", "{65F9EA76-6FC2-40A7-988D-1DFC64CAAF0E}"
EndProject
Project("{8BC9CEB8-8B4A-11D0-8D11-00A0C91BC942}") = "1-enumtest", "1-enumtest\1-enumtest.vcxproj", "{8C6FC8F3-73A6-4824-B7C2-E539512C9C84}"
EndProject
Project("{8BC9CEB8-8B4A-11D0-8D11-00A0C91BC942}") = "9_arrayThreeMixedOutputs", "9_arrayThreeMixedOutputs\9_arrayThreeMixedOutputs.vcxproj", "{3FB80F3B-BA57-4958-AE9C-AAFD5B7BD670}"
EndProject
Project("{8BC9CEB8-8B4A-11D0-8D11-00A0C91BC942}") = "3_random2Darr_botRightSumOfIndexPowRow", "3_random2Darr_botRightSumOfIndexPowRow\3_random2Darr_botRightSumOfIndexPowRow.vcxproj", "{4BE0C7A5-959B-45FE-92E0-C3C31B7DC5FE}"
EndProject
Project("{8BC9CEB8-8B4A-11D0-8D11-00A0C91BC942}") = "3_CompareIncludedLimits", "3_CompareIncludedLimits\3_CompareIncludedLimits.vcxproj", "{807056B8-DCA5-4138-A9AF-53052477330C}"
EndProject
Project("{8BC9CEB8-8B4A-11D0-8D11-00A0C91BC942}") = "4_NumberDestroyer", "4_NumberDestroyer\4_NumberDestroyer.vcxproj", "{D06996AC-02D5-40F1-B35C-F14B0FCDC842}"
EndProject
Project("{8BC9CEB8-8B4A-11D0-8D11-00A0C91BC942}") = "3_ReverseNums", "3_ReverseNums\3_ReverseNums.vcxproj", "{BA1AD115-98C4-4CD8-B7BC-4198876EE5CA}"
EndProject
Project("{8BC9CEB8-8B4A-11D0-8D11-00A0C91BC942}") = "5_RandExplorer", "5_RandExplorer\5_RandExplorer.vcxproj", "{0715045C-C24D-440D-AE64-CDA5C8F9549B}"
EndProject
Project("{8BC9CEB8-8B4A-11D0-8D11-00A0C91BC942}") = "6_RandExplorerTwo", "6_RandExplorerTwo\6_RandExplorerTwo.vcxproj", "{42FF1CC5-444B-4E80-BF64-6158C6783B44}"
EndProject
Project("{8BC9CEB8-8B4A-11D0-8D11-00A0C91BC942}") = "8_transformNAi", "8_transformNAi\8_transformNAi.vcxproj", "{FE624143-0436-48FE-9626-4984F254D5B8}"
EndProject
Project("{8BC9CEB8-8B4A-11D0-8D11-00A0C91BC942}") = "7_arrNumsPerfectModOfIndex", "7_arrNumsPerfectModOfIndex\7_arrNumsPerfectModOfIndex.vcxproj", "{4C63AD94-EC94-462B-BF23-8E08E2C279CC}"
EndProject
Project("{8BC9CEB8-8B4A-11D0-8D11-00A0C91BC942}") = "6_indexNumOfPosDigits", "6_indexNumOfPosDigits\6_indexNumOfPosDigits.vcxproj", "{C4288898-B9A9-40E2-8B91-9FEC513A431F}"
EndProject
Project("{8BC9CEB8-8B4A-11D0-8D11-00A0C91BC942}") = "help2", "help2\help2.vcxproj", "{0416AEC0-23FE-432D-ADB8-DEFBBFB044A3}"
EndProject
Project("{8BC9CEB8-8B4A-11D0-8D11-00A0C91BC942}") = "5_OddEvenPq", "5_OddEvenPq\5_OddEvenPq.vcxproj", "{7199CCC7-0773-410D-8398-03090F0CEA52}"
EndProject
Project("{8BC9CEB8-8B4A-11D0-8D11-00A0C91BC942}") = "10_firstWithThree", "10_firstWithThree\10_firstWithThree.vcxproj", "{E5E24D95-C7B8-4609-B041-E0AAC4BECB7E}"
EndProject
Project("{8BC9CEB8-8B4A-11D0-8D11-00A0C91BC942}") = "3_ZeroNineToWords", "3_ZeroNineToWords\3_ZeroNineToWords.vcxproj", "{97856291-C2D1-42C6-B29E-F7B18922E67D}"
EndProject
Project("{8BC9CEB8-8B4A-11D0-8D11-00A0C91BC942}") = "4_random2Darr_spiralOutput", "4_random2Darr_spiralOutput\4_random2Darr_spiralOutput.vcxproj", "{27FA10E1-058A-4C6D-ACE1-0E034791F97C}"
EndProject
Project("{8BC9CEB8-8B4A-11D0-8D11-00A0C91BC942}") = "help1_weirdFor", "ex1\ex1.vcxproj", "{02AD2B79-E14C-4A5F-B8DB-2AD0FBF2C649}"
EndProject
Project("{8BC9CEB8-8B4A-11D0-8D11-00A0C91BC942}") = "1.1_randTests", "1.1_randTests\1.1_randTests.vcxproj", "{F77B14F0-698C-436C-8AD0-818D1FDDFC63}"
EndProject
Project("{8BC9CEB8-8B4A-11D0-8D11-00A0C91BC942}") = "4_NumbersHistogram", "4_NumbersHistogram\4_NumbersHistogram.vcxproj", "{C4238813-3E07-41ED-ACD6-8614348DE7CC}"
EndProject
Project("{8BC9CEB8-8B4A-11D0-8D11-00A0C91BC942}") = "4_Grades", "4_Grades\4_Grades.vcxproj", "{92F12066-6E53-460E-AF72-EB415EC69227}"
EndProject
Project("{8BC9CEB8-8B4A-11D0-8D11-00A0C91BC942}") = "5_MoreGrades", "5_MoreGrades\5_MoreGrades.vcxproj", "{7FAE1BF5-2C59-4EE7-BAF8-50483A34D796}"
EndProject
Project("{8BC9CEB8-8B4A-11D0-8D11-00A0C91BC942}") = "5_MiddlePointStarTriangle", "5_MiddlePointStarTriangle\5_MiddlePointStarTriangle.vcxproj", "{94F66318-BB3F-4796-955D-85C409746AC0}"
EndProject
Project("{8BC9CEB8-8B4A-11D0-8D11-00A0C91BC942}") = "ex-8_11", "ex-8_11\ex-8_11.vcxproj", "{6E82AB51-843D-43F9-8BEF-C670C956A17F}"
EndProject
Project("{8BC9CEB8-8B4A-11D0-8D11-00A0C91BC942}") = "ex-7_40", "ex-7_40\ex-7_40.vcxproj", "{FCB1532F-D383-4814-98D2-96E1890DA7D4}"
EndProject
Project("{8BC9CEB8-8B4A-11D0-8D11-00A0C91BC942}") = "ex-6_39", "ex-6_39\ex-6_39.vcxproj", "{E099EF72-B4DA-47C2-88EB-0005EECF0522}"
EndProject
Project("{8BC9CEB8-8B4A-11D0-8D11-00A0C91BC942}") = "ex-5_38", "ex-5_38\ex-5_38.vcxproj", "{9C92F205-EA15-4F9D-BFFE-5319095EDA25}"
EndProject
Project("{8BC9CEB8-8B4A-11D0-8D11-00A0C91BC942}") = "ex-4_37", "ex-4_37\ex-4_37.vcxproj", "{13ED9906-B427-46C9-8A41-9C8001A08D9F}"
EndProject
Project("{8BC9CEB8-8B4A-11D0-8D11-00A0C91BC942}") = "6_SortNumsSmallestBiggest", "6_SortNumsSmallestBiggest\6_SortNumsSmallestBiggest.vcxproj", "{68274FAD-2BAC-4303-A3CE-0F2005C952FC}"
EndProject
Project("{8BC9CEB8-8B4A-11D0-8D11-00A0C91BC942}") = "ex-2", "ex-2\ex-2.vcxproj", "{4693741B-3250-4B55-8843-2DE616B71E7A}"
EndProject
Project("{8BC9CEB8-8B4A-11D0-8D11-00A0C91BC942}") = "ex-1", "ex-1\ex-1.vcxproj", "{7282288A-48DC-4DFD-A04C-0983CDAAB5DF}"
EndProject
Project("{8BC9CEB8-8B4A-11D0-8D11-00A0C91BC942}") = "help5_38", "help5_38\help5_38.vcxproj", "{AF13E36C-3929-4D2D-BCAD-665136C7B915}"
EndProject
Project("{8BC9CEB8-8B4A-11D0-8D11-00A0C91BC942}") = "7_findY", "7_findY\7_findY.vcxproj", "{EC4EECC5-4E95-41C4-84C6-E8171D9AE4D6}"
EndProject
Project("{8BC9CEB8-8B4A-11D0-8D11-00A0C91BC942}") = "ex-3_36", "ex-3\ex-3.vcxproj", "{9C1C5814-5F97-450C-B12C-3FDBA707DE75}"
EndProject
Project("{8BC9CEB8-8B4A-11D0-8D11-00A0C91BC942}") = "help4_37", "help4_37\help4_37.vcxproj", "{E71EC08E-F9EA-4312-A01A-0C9E959FD56D}"
EndProject
Project("{8BC9CEB8-8B4A-11D0-8D11-00A0C91BC942}") = "help3", "help3\help3.vcxproj", "{98456625-9055-48AB-9597-CBC12B80F024}"
EndProject
Project("{8BC9CEB8-8B4A-11D0-8D11-00A0C91BC942}") = "pr_MultiplyMatrices", "pr_MultiplyMatrices\pr_MultiplyMatrices.vcxproj", "{C4B019F2-8BF0-4107-9DA8-8895E8F8B39A}"
EndProject
Project("{8BC9CEB8-8B4A-11D0-8D11-00A0C91BC942}") = "pipir", "pipir\pipir.vcxproj", "{24A5238A-C3A7-4F86-BFB3-6C2635891565}"
EndProject
Project("{8BC9CEB8-8B4A-11D0-8D11-00A0C91BC942}") = "9_mnInts", "9_mnInts\9_mnInts.vcxproj", "{085E8EC3-3892-469F-AE60-7CBE596822C7}"
EndProject
Project("{8BC9CEB8-8B4A-11D0-8D11-00A0C91BC942}") = "8_gdcN", "8_gdcN\8_gdcN.vcxproj", "{126CFCB1-DFF8-44E6-8430-05CFED4AB9B3}"
EndProject
Project("{2150E333-8FDC-42A3-9474-1A3956D46DE8}") = "sem1", "sem1", "{F4EB270E-D076-4532-8C1C-E29B38F54526}"
EndProject
Project("{8BC9CEB8-8B4A-11D0-8D11-00A0C91BC942}") = "exam2", "exam2\exam2.vcxproj", "{AC6D4314-D5CF-42FB-BB18-D21874B5AF77}"
EndProject
Project("{8BC9CEB8-8B4A-11D0-8D11-00A0C91BC942}") = "nChooseK", "nChooseK\nChooseK.vcxproj", "{C85C5E53-ABC2-4DC1-91EB-FA84A7800260}"
EndProject
Project("{2150E333-8FDC-42A3-9474-1A3956D46DE8}") = "CSCB032", "CSCB032", "{16D1C219-7F15-426E-86AD-88140B2EED03}"
EndProject
Project("{2150E333-8FDC-42A3-9474-1A3956D46DE8}") = "CSCB112", "CSCB112", "{D9C6DBC7-B51B-4372-9164-74B9BAECE7E2}"
EndProject
Project("{2150E333-8FDC-42A3-9474-1A3956D46DE8}") = "others-tests", "others-tests", "{F3983E7E-25D0-44D6-B84F-CBF6A18C65AA}"
EndProject
Project("{8BC9CEB8-8B4A-11D0-8D11-00A0C91BC942}") = "isbn10", "isbn10\isbn10.vcxproj", "{9761A7E7-3110-49C1-88BF-4AA191A00A67}"
EndProject
Project("{8BC9CEB8-8B4A-11D0-8D11-00A0C91BC942}") = "isbn10-findError", "isbn10-findError\isbn10-findError.vcxproj", "{47CEFF94-2F9E-4C81-864E-DB7C32C8FD94}"
EndProject
Project("{8BC9CEB8-8B4A-11D0-8D11-00A0C91BC942}") = "CesarsCypherString_pointer", "CesarsCypherString_pointer\CesarsCypherString_pointer.vcxproj", "{86DE98DB-345A-4099-8489-8FF972034E72}"
EndProject
Project("{8BC9CEB8-8B4A-11D0-8D11-00A0C91BC942}") = "CesarCypherString", "CesarCypherString\CesarCypherString.vcxproj", "{F2BDFDB4-1C2F-44B8-B3F1-B60831AD9A2A}"
EndProject
Project("{8BC9CEB8-8B4A-11D0-8D11-00A0C91BC942}") = "matrixSortRows", "matrixSortRows\matrixSortRows.vcxproj", "{190886A8-B4F7-4F79-8311-07DFB4ED86B9}"
EndProject
Project("{2150E333-8FDC-42A3-9474-1A3956D46DE8}") = "hw1", "hw1", "{2DF78DA5-7F44-4463-A0E2-8B9A501A02C3}"
EndProject
Project("{2150E333-8FDC-42A3-9474-1A3956D46DE8}") = "hw2", "hw2", "{17DE1A62-9EC5-4E95-B159-642CD315F9F1}"
EndProject
Project("{2150E333-8FDC-42A3-9474-1A3956D46DE8}") = "hw3", "hw3", "{DE27438B-D95C-4753-9242-52C6F70851BE}"
EndProject
Project("{2150E333-8FDC-42A3-9474-1A3956D46DE8}") = "hw4", "hw4", "{BA99EC44-CBB4-49AB-8E73-CBC08CD89DA8}"
EndProject
Project("{2150E333-8FDC-42A3-9474-1A3956D46DE8}") = "hw5", "hw5", "{F7D23AF5-E69B-4E0E-A43C-F20BD7224ABE}"
EndProject
Project("{2150E333-8FDC-42A3-9474-1A3956D46DE8}") = "hw6", "hw6", "{361D1B64-DD6B-44E4-B4D1-0515CD1EAE2C}"
EndProject
Project("{2150E333-8FDC-42A3-9474-1A3956D46DE8}") = "1", "1", "{BA492D82-9CF1-4D4E-8F01-7900B69DD5DD}"
EndProject
Project("{2150E333-8FDC-42A3-9474-1A3956D46DE8}") = "more", "more", "{47284A82-44E4-48B2-B50B-091F357DBA48}"
EndProject
Project("{2150E333-8FDC-42A3-9474-1A3956D46DE8}") = "2", "2", "{2E315DA8-527B-4528-913D-58EE8FCEA545}"
EndProject
Project("{2150E333-8FDC-42A3-9474-1A3956D46DE8}") = "3", "3", "{737F7D9A-8BB8-4CC2-8980-3C771429D1A0}"
EndProject
Project("{2150E333-8FDC-42A3-9474-1A3956D46DE8}") = "more", "more", "{A7A32B55-7FE2-4350-8446-D58B98DEA708}"
EndProject
Project("{2150E333-8FDC-42A3-9474-1A3956D46DE8}") = "4", "4", "{7ACB81B3-0A18-453C-B285-8453287C5059}"
EndProject
Project("{2150E333-8FDC-42A3-9474-1A3956D46DE8}") = "6", "6", "{E3E67C0A-4934-465A-AF86-C3230C3859FC}"
EndProject
Project("{2150E333-8FDC-42A3-9474-1A3956D46DE8}") = "8", "8", "{04847067-33FA-4370-8237-D63099FD7876}"
EndProject
Project("{2150E333-8FDC-42A3-9474-1A3956D46DE8}") = "9", "9", "{5955765E-D186-4BD8-8544-5585B43A0983}"
EndProject
Project("{8BC9CEB8-8B4A-11D0-8D11-00A0C91BC942}") = "1_FIndAllDivisors", "1_FIndAllDivisors\1_FIndAllDivisors.vcxproj", "{1CE4C181-E4CC-4A37-9FC9-899ECE825A3A}"
EndProject
Project("{8BC9CEB8-8B4A-11D0-8D11-00A0C91BC942}") = "2_SumPrimeDivisors", "2_SumDivisors\2_SumDivisors.vcxproj", "{4433448F-90EE-4099-80D8-25D753D4FE21}"
EndProject
Project("{8BC9CEB8-8B4A-11D0-8D11-00A0C91BC942}") = "3_SumNonPrimeDivisors", "3_SumNonPrimeDivisors\3_SumNonPrimeDivisors.vcxproj", "{09301B94-288D-4168-83FE-D12649D92D85}"
EndProject
Project("{2150E333-8FDC-42A3-9474-1A3956D46DE8}") = "old", "old", "{E1EFAE3D-F9DD-4295-835A-1A8BAC829491}"
EndProject
Project("{8BC9CEB8-8B4A-11D0-8D11-00A0C91BC942}") = "1_BezoutsTheorem", "1_BezoutsTheorem\1_BezoutsTheorem.vcxproj", "{82B79F46-E9DC-484D-9D5C-2316B77F99BE}"
EndProject
Project("{8BC9CEB8-8B4A-11D0-8D11-00A0C91BC942}") = "EncodingWordsN", "EncodingWordsN\EncodingWordsN.vcxproj", "{6A0C08CE-12B4-454D-B078-D41E83487487}"
EndProject
Project("{2150E333-8FDC-42A3-9474-1A3956D46DE8}") = "example", "example", "{D0CB5AD4-29A3-45A7-A3B0-EA9BDF06E141}"
EndProject
Project("{8BC9CEB8-8B4A-11D0-8D11-00A0C91BC942}") = "Bitmasks", "Bitmasks\Bitmasks.vcxproj", "{4EDB183A-F473-4E11-B007-CFB9AB8C8793}"
EndProject
Project("{2150E333-8FDC-42A3-9474-1A3956D46DE8}") = "Solution Items", "Solution Items", "{E0B02B13-DCCA-4B03-ADE7-6F568C7DBACE}"
	ProjectSection(SolutionItems) = preProject
		myFucntions\myFunctions.cpp = myFucntions\myFunctions.cpp
	EndProjectSection
EndProject
Project("{8BC9CEB8-8B4A-11D0-8D11-00A0C91BC942}") = "SymetricalDifference", "SymetricalDifference\SymetricalDifference.vcxproj", "{929A9F64-E565-4C7D-B691-E5972578F895}"
EndProject
Global
	GlobalSection(SolutionConfigurationPlatforms) = preSolution
		Debug|x64 = Debug|x64
		Debug|x86 = Debug|x86
		Release|x64 = Release|x64
		Release|x86 = Release|x86
	EndGlobalSection
	GlobalSection(ProjectConfigurationPlatforms) = postSolution
		{CF04C96D-6FF8-407A-B25A-C8ADCE2923D9}.Debug|x64.ActiveCfg = Debug|x64
		{CF04C96D-6FF8-407A-B25A-C8ADCE2923D9}.Debug|x64.Build.0 = Debug|x64
		{CF04C96D-6FF8-407A-B25A-C8ADCE2923D9}.Debug|x86.ActiveCfg = Debug|Win32
		{CF04C96D-6FF8-407A-B25A-C8ADCE2923D9}.Debug|x86.Build.0 = Debug|Win32
		{CF04C96D-6FF8-407A-B25A-C8ADCE2923D9}.Release|x64.ActiveCfg = Release|x64
		{CF04C96D-6FF8-407A-B25A-C8ADCE2923D9}.Release|x64.Build.0 = Release|x64
		{CF04C96D-6FF8-407A-B25A-C8ADCE2923D9}.Release|x86.ActiveCfg = Release|Win32
		{CF04C96D-6FF8-407A-B25A-C8ADCE2923D9}.Release|x86.Build.0 = Release|Win32
		{31E28294-F707-475B-8D51-980E8FC660CE}.Debug|x64.ActiveCfg = Debug|x64
		{31E28294-F707-475B-8D51-980E8FC660CE}.Debug|x64.Build.0 = Debug|x64
		{31E28294-F707-475B-8D51-980E8FC660CE}.Debug|x86.ActiveCfg = Debug|Win32
		{31E28294-F707-475B-8D51-980E8FC660CE}.Debug|x86.Build.0 = Debug|Win32
		{31E28294-F707-475B-8D51-980E8FC660CE}.Release|x64.ActiveCfg = Release|x64
		{31E28294-F707-475B-8D51-980E8FC660CE}.Release|x64.Build.0 = Release|x64
		{31E28294-F707-475B-8D51-980E8FC660CE}.Release|x86.ActiveCfg = Release|Win32
		{31E28294-F707-475B-8D51-980E8FC660CE}.Release|x86.Build.0 = Release|Win32
		{FB56E8C4-4A17-4E7F-B2AB-9CF8ED3403A0}.Debug|x64.ActiveCfg = Debug|x64
		{FB56E8C4-4A17-4E7F-B2AB-9CF8ED3403A0}.Debug|x64.Build.0 = Debug|x64
		{FB56E8C4-4A17-4E7F-B2AB-9CF8ED3403A0}.Debug|x86.ActiveCfg = Debug|Win32
		{FB56E8C4-4A17-4E7F-B2AB-9CF8ED3403A0}.Debug|x86.Build.0 = Debug|Win32
		{FB56E8C4-4A17-4E7F-B2AB-9CF8ED3403A0}.Release|x64.ActiveCfg = Release|x64
		{FB56E8C4-4A17-4E7F-B2AB-9CF8ED3403A0}.Release|x64.Build.0 = Release|x64
		{FB56E8C4-4A17-4E7F-B2AB-9CF8ED3403A0}.Release|x86.ActiveCfg = Release|Win32
		{FB56E8C4-4A17-4E7F-B2AB-9CF8ED3403A0}.Release|x86.Build.0 = Release|Win32
		{3909A629-CF2B-4380-A9A1-BB9D855BAA2C}.Debug|x64.ActiveCfg = Debug|x64
		{3909A629-CF2B-4380-A9A1-BB9D855BAA2C}.Debug|x64.Build.0 = Debug|x64
		{3909A629-CF2B-4380-A9A1-BB9D855BAA2C}.Debug|x86.ActiveCfg = Debug|Win32
		{3909A629-CF2B-4380-A9A1-BB9D855BAA2C}.Debug|x86.Build.0 = Debug|Win32
		{3909A629-CF2B-4380-A9A1-BB9D855BAA2C}.Release|x64.ActiveCfg = Release|x64
		{3909A629-CF2B-4380-A9A1-BB9D855BAA2C}.Release|x64.Build.0 = Release|x64
		{3909A629-CF2B-4380-A9A1-BB9D855BAA2C}.Release|x86.ActiveCfg = Release|Win32
		{3909A629-CF2B-4380-A9A1-BB9D855BAA2C}.Release|x86.Build.0 = Release|Win32
		{3F1193DA-8756-4EA5-AAD0-905B4BD50FEA}.Debug|x64.ActiveCfg = Debug|x64
		{3F1193DA-8756-4EA5-AAD0-905B4BD50FEA}.Debug|x64.Build.0 = Debug|x64
		{3F1193DA-8756-4EA5-AAD0-905B4BD50FEA}.Debug|x86.ActiveCfg = Debug|Win32
		{3F1193DA-8756-4EA5-AAD0-905B4BD50FEA}.Debug|x86.Build.0 = Debug|Win32
		{3F1193DA-8756-4EA5-AAD0-905B4BD50FEA}.Release|x64.ActiveCfg = Release|x64
		{3F1193DA-8756-4EA5-AAD0-905B4BD50FEA}.Release|x64.Build.0 = Release|x64
		{3F1193DA-8756-4EA5-AAD0-905B4BD50FEA}.Release|x86.ActiveCfg = Release|Win32
		{3F1193DA-8756-4EA5-AAD0-905B4BD50FEA}.Release|x86.Build.0 = Release|Win32
		{880CE45D-81EE-43DA-9485-EB25B89D6948}.Debug|x64.ActiveCfg = Debug|x64
		{880CE45D-81EE-43DA-9485-EB25B89D6948}.Debug|x64.Build.0 = Debug|x64
		{880CE45D-81EE-43DA-9485-EB25B89D6948}.Debug|x86.ActiveCfg = Debug|Win32
		{880CE45D-81EE-43DA-9485-EB25B89D6948}.Debug|x86.Build.0 = Debug|Win32
		{880CE45D-81EE-43DA-9485-EB25B89D6948}.Release|x64.ActiveCfg = Release|x64
		{880CE45D-81EE-43DA-9485-EB25B89D6948}.Release|x64.Build.0 = Release|x64
		{880CE45D-81EE-43DA-9485-EB25B89D6948}.Release|x86.ActiveCfg = Release|Win32
		{880CE45D-81EE-43DA-9485-EB25B89D6948}.Release|x86.Build.0 = Release|Win32
		{E4FEF011-258D-4E78-BBA4-CD52F4BDDBF9}.Debug|x64.ActiveCfg = Debug|x64
		{E4FEF011-258D-4E78-BBA4-CD52F4BDDBF9}.Debug|x64.Build.0 = Debug|x64
		{E4FEF011-258D-4E78-BBA4-CD52F4BDDBF9}.Debug|x86.ActiveCfg = Debug|Win32
		{E4FEF011-258D-4E78-BBA4-CD52F4BDDBF9}.Debug|x86.Build.0 = Debug|Win32
		{E4FEF011-258D-4E78-BBA4-CD52F4BDDBF9}.Release|x64.ActiveCfg = Release|x64
		{E4FEF011-258D-4E78-BBA4-CD52F4BDDBF9}.Release|x64.Build.0 = Release|x64
		{E4FEF011-258D-4E78-BBA4-CD52F4BDDBF9}.Release|x86.ActiveCfg = Release|Win32
		{E4FEF011-258D-4E78-BBA4-CD52F4BDDBF9}.Release|x86.Build.0 = Release|Win32
		{88A7E34D-419A-4F89-A7EB-CBE159BD7A95}.Debug|x64.ActiveCfg = Debug|x64
		{88A7E34D-419A-4F89-A7EB-CBE159BD7A95}.Debug|x64.Build.0 = Debug|x64
		{88A7E34D-419A-4F89-A7EB-CBE159BD7A95}.Debug|x86.ActiveCfg = Debug|Win32
		{88A7E34D-419A-4F89-A7EB-CBE159BD7A95}.Debug|x86.Build.0 = Debug|Win32
		{88A7E34D-419A-4F89-A7EB-CBE159BD7A95}.Release|x64.ActiveCfg = Release|x64
		{88A7E34D-419A-4F89-A7EB-CBE159BD7A95}.Release|x64.Build.0 = Release|x64
		{88A7E34D-419A-4F89-A7EB-CBE159BD7A95}.Release|x86.ActiveCfg = Release|Win32
		{88A7E34D-419A-4F89-A7EB-CBE159BD7A95}.Release|x86.Build.0 = Release|Win32
		{D9F46DB5-B1E5-4AAE-8965-59ECA2CF7D44}.Debug|x64.ActiveCfg = Debug|x64
		{D9F46DB5-B1E5-4AAE-8965-59ECA2CF7D44}.Debug|x64.Build.0 = Debug|x64
		{D9F46DB5-B1E5-4AAE-8965-59ECA2CF7D44}.Debug|x86.ActiveCfg = Debug|Win32
		{D9F46DB5-B1E5-4AAE-8965-59ECA2CF7D44}.Debug|x86.Build.0 = Debug|Win32
		{D9F46DB5-B1E5-4AAE-8965-59ECA2CF7D44}.Release|x64.ActiveCfg = Release|x64
		{D9F46DB5-B1E5-4AAE-8965-59ECA2CF7D44}.Release|x64.Build.0 = Release|x64
		{D9F46DB5-B1E5-4AAE-8965-59ECA2CF7D44}.Release|x86.ActiveCfg = Release|Win32
		{D9F46DB5-B1E5-4AAE-8965-59ECA2CF7D44}.Release|x86.Build.0 = Release|Win32
		{94647406-D5B1-4163-AB9E-7712FE693E27}.Debug|x64.ActiveCfg = Debug|x64
		{94647406-D5B1-4163-AB9E-7712FE693E27}.Debug|x64.Build.0 = Debug|x64
		{94647406-D5B1-4163-AB9E-7712FE693E27}.Debug|x86.ActiveCfg = Debug|Win32
		{94647406-D5B1-4163-AB9E-7712FE693E27}.Debug|x86.Build.0 = Debug|Win32
		{94647406-D5B1-4163-AB9E-7712FE693E27}.Release|x64.ActiveCfg = Release|x64
		{94647406-D5B1-4163-AB9E-7712FE693E27}.Release|x64.Build.0 = Release|x64
		{94647406-D5B1-4163-AB9E-7712FE693E27}.Release|x86.ActiveCfg = Release|Win32
		{94647406-D5B1-4163-AB9E-7712FE693E27}.Release|x86.Build.0 = Release|Win32
		{F0DF29CF-01F3-4E11-A7EA-27E26686E676}.Debug|x64.ActiveCfg = Debug|x64
		{F0DF29CF-01F3-4E11-A7EA-27E26686E676}.Debug|x64.Build.0 = Debug|x64
		{F0DF29CF-01F3-4E11-A7EA-27E26686E676}.Debug|x86.ActiveCfg = Debug|Win32
		{F0DF29CF-01F3-4E11-A7EA-27E26686E676}.Debug|x86.Build.0 = Debug|Win32
		{F0DF29CF-01F3-4E11-A7EA-27E26686E676}.Release|x64.ActiveCfg = Release|x64
		{F0DF29CF-01F3-4E11-A7EA-27E26686E676}.Release|x64.Build.0 = Release|x64
		{F0DF29CF-01F3-4E11-A7EA-27E26686E676}.Release|x86.ActiveCfg = Release|Win32
		{F0DF29CF-01F3-4E11-A7EA-27E26686E676}.Release|x86.Build.0 = Release|Win32
		{0C86FD94-F2AB-41A5-A4D9-F5BF1CC5717F}.Debug|x64.ActiveCfg = Debug|x64
		{0C86FD94-F2AB-41A5-A4D9-F5BF1CC5717F}.Debug|x64.Build.0 = Debug|x64
		{0C86FD94-F2AB-41A5-A4D9-F5BF1CC5717F}.Debug|x86.ActiveCfg = Debug|Win32
		{0C86FD94-F2AB-41A5-A4D9-F5BF1CC5717F}.Debug|x86.Build.0 = Debug|Win32
		{0C86FD94-F2AB-41A5-A4D9-F5BF1CC5717F}.Release|x64.ActiveCfg = Release|x64
		{0C86FD94-F2AB-41A5-A4D9-F5BF1CC5717F}.Release|x64.Build.0 = Release|x64
		{0C86FD94-F2AB-41A5-A4D9-F5BF1CC5717F}.Release|x86.ActiveCfg = Release|Win32
		{0C86FD94-F2AB-41A5-A4D9-F5BF1CC5717F}.Release|x86.Build.0 = Release|Win32
		{5A74D886-C09A-441D-9027-06F86178BF48}.Debug|x64.ActiveCfg = Debug|x64
		{5A74D886-C09A-441D-9027-06F86178BF48}.Debug|x64.Build.0 = Debug|x64
		{5A74D886-C09A-441D-9027-06F86178BF48}.Debug|x86.ActiveCfg = Debug|Win32
		{5A74D886-C09A-441D-9027-06F86178BF48}.Debug|x86.Build.0 = Debug|Win32
		{5A74D886-C09A-441D-9027-06F86178BF48}.Release|x64.ActiveCfg = Release|x64
		{5A74D886-C09A-441D-9027-06F86178BF48}.Release|x64.Build.0 = Release|x64
		{5A74D886-C09A-441D-9027-06F86178BF48}.Release|x86.ActiveCfg = Release|Win32
		{5A74D886-C09A-441D-9027-06F86178BF48}.Release|x86.Build.0 = Release|Win32
		{E711880C-EED9-4A19-95ED-B217F6CCDF13}.Debug|x64.ActiveCfg = Debug|x64
		{E711880C-EED9-4A19-95ED-B217F6CCDF13}.Debug|x64.Build.0 = Debug|x64
		{E711880C-EED9-4A19-95ED-B217F6CCDF13}.Debug|x86.ActiveCfg = Debug|Win32
		{E711880C-EED9-4A19-95ED-B217F6CCDF13}.Debug|x86.Build.0 = Debug|Win32
		{E711880C-EED9-4A19-95ED-B217F6CCDF13}.Release|x64.ActiveCfg = Release|x64
		{E711880C-EED9-4A19-95ED-B217F6CCDF13}.Release|x64.Build.0 = Release|x64
		{E711880C-EED9-4A19-95ED-B217F6CCDF13}.Release|x86.ActiveCfg = Release|Win32
		{E711880C-EED9-4A19-95ED-B217F6CCDF13}.Release|x86.Build.0 = Release|Win32
		{AEF11420-6220-4100-9D91-D524A10F9F60}.Debug|x64.ActiveCfg = Debug|x64
		{AEF11420-6220-4100-9D91-D524A10F9F60}.Debug|x64.Build.0 = Debug|x64
		{AEF11420-6220-4100-9D91-D524A10F9F60}.Debug|x86.ActiveCfg = Debug|Win32
		{AEF11420-6220-4100-9D91-D524A10F9F60}.Debug|x86.Build.0 = Debug|Win32
		{AEF11420-6220-4100-9D91-D524A10F9F60}.Release|x64.ActiveCfg = Release|x64
		{AEF11420-6220-4100-9D91-D524A10F9F60}.Release|x64.Build.0 = Release|x64
		{AEF11420-6220-4100-9D91-D524A10F9F60}.Release|x86.ActiveCfg = Release|Win32
		{AEF11420-6220-4100-9D91-D524A10F9F60}.Release|x86.Build.0 = Release|Win32
		{A682828E-9FA1-4A52-A639-B78716D1E480}.Debug|x64.ActiveCfg = Debug|x64
		{A682828E-9FA1-4A52-A639-B78716D1E480}.Debug|x64.Build.0 = Debug|x64
		{A682828E-9FA1-4A52-A639-B78716D1E480}.Debug|x86.ActiveCfg = Debug|Win32
		{A682828E-9FA1-4A52-A639-B78716D1E480}.Debug|x86.Build.0 = Debug|Win32
		{A682828E-9FA1-4A52-A639-B78716D1E480}.Release|x64.ActiveCfg = Release|x64
		{A682828E-9FA1-4A52-A639-B78716D1E480}.Release|x64.Build.0 = Release|x64
		{A682828E-9FA1-4A52-A639-B78716D1E480}.Release|x86.ActiveCfg = Release|Win32
		{A682828E-9FA1-4A52-A639-B78716D1E480}.Release|x86.Build.0 = Release|Win32
		{C909A678-63C8-406D-9532-04D9B614EFD8}.Debug|x64.ActiveCfg = Debug|x64
		{C909A678-63C8-406D-9532-04D9B614EFD8}.Debug|x64.Build.0 = Debug|x64
		{C909A678-63C8-406D-9532-04D9B614EFD8}.Debug|x86.ActiveCfg = Debug|Win32
		{C909A678-63C8-406D-9532-04D9B614EFD8}.Debug|x86.Build.0 = Debug|Win32
		{C909A678-63C8-406D-9532-04D9B614EFD8}.Release|x64.ActiveCfg = Release|x64
		{C909A678-63C8-406D-9532-04D9B614EFD8}.Release|x64.Build.0 = Release|x64
		{C909A678-63C8-406D-9532-04D9B614EFD8}.Release|x86.ActiveCfg = Release|Win32
		{C909A678-63C8-406D-9532-04D9B614EFD8}.Release|x86.Build.0 = Release|Win32
		{11AF4830-C48C-4278-B0E7-F56A3B8ABBCD}.Debug|x64.ActiveCfg = Debug|x64
		{11AF4830-C48C-4278-B0E7-F56A3B8ABBCD}.Debug|x64.Build.0 = Debug|x64
		{11AF4830-C48C-4278-B0E7-F56A3B8ABBCD}.Debug|x86.ActiveCfg = Debug|Win32
		{11AF4830-C48C-4278-B0E7-F56A3B8ABBCD}.Debug|x86.Build.0 = Debug|Win32
		{11AF4830-C48C-4278-B0E7-F56A3B8ABBCD}.Release|x64.ActiveCfg = Release|x64
		{11AF4830-C48C-4278-B0E7-F56A3B8ABBCD}.Release|x64.Build.0 = Release|x64
		{11AF4830-C48C-4278-B0E7-F56A3B8ABBCD}.Release|x86.ActiveCfg = Release|Win32
		{11AF4830-C48C-4278-B0E7-F56A3B8ABBCD}.Release|x86.Build.0 = Release|Win32
		{CC1DCFCB-BE62-4467-9C83-ECF73DF6E9B5}.Debug|x64.ActiveCfg = Debug|x64
		{CC1DCFCB-BE62-4467-9C83-ECF73DF6E9B5}.Debug|x64.Build.0 = Debug|x64
		{CC1DCFCB-BE62-4467-9C83-ECF73DF6E9B5}.Debug|x86.ActiveCfg = Debug|Win32
		{CC1DCFCB-BE62-4467-9C83-ECF73DF6E9B5}.Debug|x86.Build.0 = Debug|Win32
		{CC1DCFCB-BE62-4467-9C83-ECF73DF6E9B5}.Release|x64.ActiveCfg = Release|x64
		{CC1DCFCB-BE62-4467-9C83-ECF73DF6E9B5}.Release|x64.Build.0 = Release|x64
		{CC1DCFCB-BE62-4467-9C83-ECF73DF6E9B5}.Release|x86.ActiveCfg = Release|Win32
		{CC1DCFCB-BE62-4467-9C83-ECF73DF6E9B5}.Release|x86.Build.0 = Release|Win32
		{B6E7EEF1-22E9-4316-B4C6-034EFC555640}.Debug|x64.ActiveCfg = Debug|x64
		{B6E7EEF1-22E9-4316-B4C6-034EFC555640}.Debug|x64.Build.0 = Debug|x64
		{B6E7EEF1-22E9-4316-B4C6-034EFC555640}.Debug|x86.ActiveCfg = Debug|Win32
		{B6E7EEF1-22E9-4316-B4C6-034EFC555640}.Debug|x86.Build.0 = Debug|Win32
		{B6E7EEF1-22E9-4316-B4C6-034EFC555640}.Release|x64.ActiveCfg = Release|x64
		{B6E7EEF1-22E9-4316-B4C6-034EFC555640}.Release|x64.Build.0 = Release|x64
		{B6E7EEF1-22E9-4316-B4C6-034EFC555640}.Release|x86.ActiveCfg = Release|Win32
		{B6E7EEF1-22E9-4316-B4C6-034EFC555640}.Release|x86.Build.0 = Release|Win32
		{5384EF9A-E315-418A-9590-9427EB0B4EDC}.Debug|x64.ActiveCfg = Debug|x64
		{5384EF9A-E315-418A-9590-9427EB0B4EDC}.Debug|x64.Build.0 = Debug|x64
		{5384EF9A-E315-418A-9590-9427EB0B4EDC}.Debug|x86.ActiveCfg = Debug|Win32
		{5384EF9A-E315-418A-9590-9427EB0B4EDC}.Debug|x86.Build.0 = Debug|Win32
		{5384EF9A-E315-418A-9590-9427EB0B4EDC}.Release|x64.ActiveCfg = Release|x64
		{5384EF9A-E315-418A-9590-9427EB0B4EDC}.Release|x64.Build.0 = Release|x64
		{5384EF9A-E315-418A-9590-9427EB0B4EDC}.Release|x86.ActiveCfg = Release|Win32
		{5384EF9A-E315-418A-9590-9427EB0B4EDC}.Release|x86.Build.0 = Release|Win32
		{BFD86D97-366B-471A-9B84-90B2DEDECAF2}.Debug|x64.ActiveCfg = Debug|x64
		{BFD86D97-366B-471A-9B84-90B2DEDECAF2}.Debug|x64.Build.0 = Debug|x64
		{BFD86D97-366B-471A-9B84-90B2DEDECAF2}.Debug|x86.ActiveCfg = Debug|Win32
		{BFD86D97-366B-471A-9B84-90B2DEDECAF2}.Debug|x86.Build.0 = Debug|Win32
		{BFD86D97-366B-471A-9B84-90B2DEDECAF2}.Release|x64.ActiveCfg = Release|x64
		{BFD86D97-366B-471A-9B84-90B2DEDECAF2}.Release|x64.Build.0 = Release|x64
		{BFD86D97-366B-471A-9B84-90B2DEDECAF2}.Release|x86.ActiveCfg = Release|Win32
		{BFD86D97-366B-471A-9B84-90B2DEDECAF2}.Release|x86.Build.0 = Release|Win32
		{4E693CD5-01E6-410C-A96D-1242A2041C4D}.Debug|x64.ActiveCfg = Debug|x64
		{4E693CD5-01E6-410C-A96D-1242A2041C4D}.Debug|x64.Build.0 = Debug|x64
		{4E693CD5-01E6-410C-A96D-1242A2041C4D}.Debug|x86.ActiveCfg = Debug|Win32
		{4E693CD5-01E6-410C-A96D-1242A2041C4D}.Debug|x86.Build.0 = Debug|Win32
		{4E693CD5-01E6-410C-A96D-1242A2041C4D}.Release|x64.ActiveCfg = Release|x64
		{4E693CD5-01E6-410C-A96D-1242A2041C4D}.Release|x64.Build.0 = Release|x64
		{4E693CD5-01E6-410C-A96D-1242A2041C4D}.Release|x86.ActiveCfg = Release|Win32
		{4E693CD5-01E6-410C-A96D-1242A2041C4D}.Release|x86.Build.0 = Release|Win32
		{C1FB1473-CD97-49EF-A1DF-82C097739E41}.Debug|x64.ActiveCfg = Debug|x64
		{C1FB1473-CD97-49EF-A1DF-82C097739E41}.Debug|x64.Build.0 = Debug|x64
		{C1FB1473-CD97-49EF-A1DF-82C097739E41}.Debug|x86.ActiveCfg = Debug|Win32
		{C1FB1473-CD97-49EF-A1DF-82C097739E41}.Debug|x86.Build.0 = Debug|Win32
		{C1FB1473-CD97-49EF-A1DF-82C097739E41}.Release|x64.ActiveCfg = Release|x64
		{C1FB1473-CD97-49EF-A1DF-82C097739E41}.Release|x64.Build.0 = Release|x64
		{C1FB1473-CD97-49EF-A1DF-82C097739E41}.Release|x86.ActiveCfg = Release|Win32
		{C1FB1473-CD97-49EF-A1DF-82C097739E41}.Release|x86.Build.0 = Release|Win32
		{332EFF0C-62CB-43FF-8DC5-979EC4202F83}.Debug|x64.ActiveCfg = Debug|x64
		{332EFF0C-62CB-43FF-8DC5-979EC4202F83}.Debug|x64.Build.0 = Debug|x64
		{332EFF0C-62CB-43FF-8DC5-979EC4202F83}.Debug|x86.ActiveCfg = Debug|Win32
		{332EFF0C-62CB-43FF-8DC5-979EC4202F83}.Debug|x86.Build.0 = Debug|Win32
		{332EFF0C-62CB-43FF-8DC5-979EC4202F83}.Release|x64.ActiveCfg = Release|x64
		{332EFF0C-62CB-43FF-8DC5-979EC4202F83}.Release|x64.Build.0 = Release|x64
		{332EFF0C-62CB-43FF-8DC5-979EC4202F83}.Release|x86.ActiveCfg = Release|Win32
		{332EFF0C-62CB-43FF-8DC5-979EC4202F83}.Release|x86.Build.0 = Release|Win32
		{250EB875-0051-483E-A1F5-48493998F543}.Debug|x64.ActiveCfg = Debug|x64
		{250EB875-0051-483E-A1F5-48493998F543}.Debug|x64.Build.0 = Debug|x64
		{250EB875-0051-483E-A1F5-48493998F543}.Debug|x86.ActiveCfg = Debug|Win32
		{250EB875-0051-483E-A1F5-48493998F543}.Debug|x86.Build.0 = Debug|Win32
		{250EB875-0051-483E-A1F5-48493998F543}.Release|x64.ActiveCfg = Release|x64
		{250EB875-0051-483E-A1F5-48493998F543}.Release|x64.Build.0 = Release|x64
		{250EB875-0051-483E-A1F5-48493998F543}.Release|x86.ActiveCfg = Release|Win32
		{250EB875-0051-483E-A1F5-48493998F543}.Release|x86.Build.0 = Release|Win32
		{2DD310E2-234B-44ED-A685-CC6BBCE8FE74}.Debug|x64.ActiveCfg = Debug|x64
		{2DD310E2-234B-44ED-A685-CC6BBCE8FE74}.Debug|x64.Build.0 = Debug|x64
		{2DD310E2-234B-44ED-A685-CC6BBCE8FE74}.Debug|x86.ActiveCfg = Debug|Win32
		{2DD310E2-234B-44ED-A685-CC6BBCE8FE74}.Debug|x86.Build.0 = Debug|Win32
		{2DD310E2-234B-44ED-A685-CC6BBCE8FE74}.Release|x64.ActiveCfg = Release|x64
		{2DD310E2-234B-44ED-A685-CC6BBCE8FE74}.Release|x64.Build.0 = Release|x64
		{2DD310E2-234B-44ED-A685-CC6BBCE8FE74}.Release|x86.ActiveCfg = Release|Win32
		{2DD310E2-234B-44ED-A685-CC6BBCE8FE74}.Release|x86.Build.0 = Release|Win32
		{F38CB11A-4028-47E3-9271-A183FA930F9F}.Debug|x64.ActiveCfg = Debug|x64
		{F38CB11A-4028-47E3-9271-A183FA930F9F}.Debug|x64.Build.0 = Debug|x64
		{F38CB11A-4028-47E3-9271-A183FA930F9F}.Debug|x86.ActiveCfg = Debug|Win32
		{F38CB11A-4028-47E3-9271-A183FA930F9F}.Debug|x86.Build.0 = Debug|Win32
		{F38CB11A-4028-47E3-9271-A183FA930F9F}.Release|x64.ActiveCfg = Release|x64
		{F38CB11A-4028-47E3-9271-A183FA930F9F}.Release|x64.Build.0 = Release|x64
		{F38CB11A-4028-47E3-9271-A183FA930F9F}.Release|x86.ActiveCfg = Release|Win32
		{F38CB11A-4028-47E3-9271-A183FA930F9F}.Release|x86.Build.0 = Release|Win32
		{F729142D-5968-4A4E-A63A-D55EF04E7B80}.Debug|x64.ActiveCfg = Debug|x64
		{F729142D-5968-4A4E-A63A-D55EF04E7B80}.Debug|x64.Build.0 = Debug|x64
		{F729142D-5968-4A4E-A63A-D55EF04E7B80}.Debug|x86.ActiveCfg = Debug|Win32
		{F729142D-5968-4A4E-A63A-D55EF04E7B80}.Debug|x86.Build.0 = Debug|Win32
		{F729142D-5968-4A4E-A63A-D55EF04E7B80}.Release|x64.ActiveCfg = Release|x64
		{F729142D-5968-4A4E-A63A-D55EF04E7B80}.Release|x64.Build.0 = Release|x64
		{F729142D-5968-4A4E-A63A-D55EF04E7B80}.Release|x86.ActiveCfg = Release|Win32
		{F729142D-5968-4A4E-A63A-D55EF04E7B80}.Release|x86.Build.0 = Release|Win32
		{C411DF9A-248F-48D2-B0FE-0EA5116ABF98}.Debug|x64.ActiveCfg = Debug|x64
		{C411DF9A-248F-48D2-B0FE-0EA5116ABF98}.Debug|x64.Build.0 = Debug|x64
		{C411DF9A-248F-48D2-B0FE-0EA5116ABF98}.Debug|x86.ActiveCfg = Debug|Win32
		{C411DF9A-248F-48D2-B0FE-0EA5116ABF98}.Debug|x86.Build.0 = Debug|Win32
		{C411DF9A-248F-48D2-B0FE-0EA5116ABF98}.Release|x64.ActiveCfg = Release|x64
		{C411DF9A-248F-48D2-B0FE-0EA5116ABF98}.Release|x64.Build.0 = Release|x64
		{C411DF9A-248F-48D2-B0FE-0EA5116ABF98}.Release|x86.ActiveCfg = Release|Win32
		{C411DF9A-248F-48D2-B0FE-0EA5116ABF98}.Release|x86.Build.0 = Release|Win32
		{2D2BA779-790A-4671-B57A-CA79315CD19B}.Debug|x64.ActiveCfg = Debug|x64
		{2D2BA779-790A-4671-B57A-CA79315CD19B}.Debug|x64.Build.0 = Debug|x64
		{2D2BA779-790A-4671-B57A-CA79315CD19B}.Debug|x86.ActiveCfg = Debug|Win32
		{2D2BA779-790A-4671-B57A-CA79315CD19B}.Debug|x86.Build.0 = Debug|Win32
		{2D2BA779-790A-4671-B57A-CA79315CD19B}.Release|x64.ActiveCfg = Release|x64
		{2D2BA779-790A-4671-B57A-CA79315CD19B}.Release|x64.Build.0 = Release|x64
		{2D2BA779-790A-4671-B57A-CA79315CD19B}.Release|x86.ActiveCfg = Release|Win32
		{2D2BA779-790A-4671-B57A-CA79315CD19B}.Release|x86.Build.0 = Release|Win32
		{F80DA4B5-9FA8-4220-B135-E09DD787F987}.Debug|x64.ActiveCfg = Debug|x64
		{F80DA4B5-9FA8-4220-B135-E09DD787F987}.Debug|x64.Build.0 = Debug|x64
		{F80DA4B5-9FA8-4220-B135-E09DD787F987}.Debug|x86.ActiveCfg = Debug|Win32
		{F80DA4B5-9FA8-4220-B135-E09DD787F987}.Debug|x86.Build.0 = Debug|Win32
		{F80DA4B5-9FA8-4220-B135-E09DD787F987}.Release|x64.ActiveCfg = Release|x64
		{F80DA4B5-9FA8-4220-B135-E09DD787F987}.Release|x64.Build.0 = Release|x64
		{F80DA4B5-9FA8-4220-B135-E09DD787F987}.Release|x86.ActiveCfg = Release|Win32
		{F80DA4B5-9FA8-4220-B135-E09DD787F987}.Release|x86.Build.0 = Release|Win32
		{14B57D75-032D-4A1F-8346-323F490FAA90}.Debug|x64.ActiveCfg = Debug|x64
		{14B57D75-032D-4A1F-8346-323F490FAA90}.Debug|x64.Build.0 = Debug|x64
		{14B57D75-032D-4A1F-8346-323F490FAA90}.Debug|x86.ActiveCfg = Debug|Win32
		{14B57D75-032D-4A1F-8346-323F490FAA90}.Debug|x86.Build.0 = Debug|Win32
		{14B57D75-032D-4A1F-8346-323F490FAA90}.Release|x64.ActiveCfg = Release|x64
		{14B57D75-032D-4A1F-8346-323F490FAA90}.Release|x64.Build.0 = Release|x64
		{14B57D75-032D-4A1F-8346-323F490FAA90}.Release|x86.ActiveCfg = Release|Win32
		{14B57D75-032D-4A1F-8346-323F490FAA90}.Release|x86.Build.0 = Release|Win32
		{76974D77-4377-4009-94D7-F959EA25764E}.Debug|x64.ActiveCfg = Debug|x64
		{76974D77-4377-4009-94D7-F959EA25764E}.Debug|x64.Build.0 = Debug|x64
		{76974D77-4377-4009-94D7-F959EA25764E}.Debug|x86.ActiveCfg = Debug|Win32
		{76974D77-4377-4009-94D7-F959EA25764E}.Debug|x86.Build.0 = Debug|Win32
		{76974D77-4377-4009-94D7-F959EA25764E}.Release|x64.ActiveCfg = Release|x64
		{76974D77-4377-4009-94D7-F959EA25764E}.Release|x64.Build.0 = Release|x64
		{76974D77-4377-4009-94D7-F959EA25764E}.Release|x86.ActiveCfg = Release|Win32
		{76974D77-4377-4009-94D7-F959EA25764E}.Release|x86.Build.0 = Release|Win32
		{06006251-AB77-4221-8F18-8B5BAFE8FC92}.Debug|x64.ActiveCfg = Debug|x64
		{06006251-AB77-4221-8F18-8B5BAFE8FC92}.Debug|x64.Build.0 = Debug|x64
		{06006251-AB77-4221-8F18-8B5BAFE8FC92}.Debug|x86.ActiveCfg = Debug|Win32
		{06006251-AB77-4221-8F18-8B5BAFE8FC92}.Debug|x86.Build.0 = Debug|Win32
		{06006251-AB77-4221-8F18-8B5BAFE8FC92}.Release|x64.ActiveCfg = Release|x64
		{06006251-AB77-4221-8F18-8B5BAFE8FC92}.Release|x64.Build.0 = Release|x64
		{06006251-AB77-4221-8F18-8B5BAFE8FC92}.Release|x86.ActiveCfg = Release|Win32
		{06006251-AB77-4221-8F18-8B5BAFE8FC92}.Release|x86.Build.0 = Release|Win32
		{F1892998-3F81-41FE-BD81-84F50EDD1452}.Debug|x64.ActiveCfg = Debug|x64
		{F1892998-3F81-41FE-BD81-84F50EDD1452}.Debug|x64.Build.0 = Debug|x64
		{F1892998-3F81-41FE-BD81-84F50EDD1452}.Debug|x86.ActiveCfg = Debug|Win32
		{F1892998-3F81-41FE-BD81-84F50EDD1452}.Debug|x86.Build.0 = Debug|Win32
		{F1892998-3F81-41FE-BD81-84F50EDD1452}.Release|x64.ActiveCfg = Release|x64
		{F1892998-3F81-41FE-BD81-84F50EDD1452}.Release|x64.Build.0 = Release|x64
		{F1892998-3F81-41FE-BD81-84F50EDD1452}.Release|x86.ActiveCfg = Release|Win32
		{F1892998-3F81-41FE-BD81-84F50EDD1452}.Release|x86.Build.0 = Release|Win32
		{ADEB6396-6AA6-4191-9093-6D9B6D8E7A67}.Debug|x64.ActiveCfg = Debug|x64
		{ADEB6396-6AA6-4191-9093-6D9B6D8E7A67}.Debug|x64.Build.0 = Debug|x64
		{ADEB6396-6AA6-4191-9093-6D9B6D8E7A67}.Debug|x86.ActiveCfg = Debug|Win32
		{ADEB6396-6AA6-4191-9093-6D9B6D8E7A67}.Debug|x86.Build.0 = Debug|Win32
		{ADEB6396-6AA6-4191-9093-6D9B6D8E7A67}.Release|x64.ActiveCfg = Release|x64
		{ADEB6396-6AA6-4191-9093-6D9B6D8E7A67}.Release|x64.Build.0 = Release|x64
		{ADEB6396-6AA6-4191-9093-6D9B6D8E7A67}.Release|x86.ActiveCfg = Release|Win32
		{ADEB6396-6AA6-4191-9093-6D9B6D8E7A67}.Release|x86.Build.0 = Release|Win32
		{A72E293D-10C9-4340-AB96-88A7B009E671}.Debug|x64.ActiveCfg = Debug|x64
		{A72E293D-10C9-4340-AB96-88A7B009E671}.Debug|x64.Build.0 = Debug|x64
		{A72E293D-10C9-4340-AB96-88A7B009E671}.Debug|x86.ActiveCfg = Debug|Win32
		{A72E293D-10C9-4340-AB96-88A7B009E671}.Debug|x86.Build.0 = Debug|Win32
		{A72E293D-10C9-4340-AB96-88A7B009E671}.Release|x64.ActiveCfg = Release|x64
		{A72E293D-10C9-4340-AB96-88A7B009E671}.Release|x64.Build.0 = Release|x64
		{A72E293D-10C9-4340-AB96-88A7B009E671}.Release|x86.ActiveCfg = Release|Win32
		{A72E293D-10C9-4340-AB96-88A7B009E671}.Release|x86.Build.0 = Release|Win32
		{D2F5E90B-ED37-4076-9B25-B47BB8DA4D5E}.Debug|x64.ActiveCfg = Debug|x64
		{D2F5E90B-ED37-4076-9B25-B47BB8DA4D5E}.Debug|x64.Build.0 = Debug|x64
		{D2F5E90B-ED37-4076-9B25-B47BB8DA4D5E}.Debug|x86.ActiveCfg = Debug|Win32
		{D2F5E90B-ED37-4076-9B25-B47BB8DA4D5E}.Debug|x86.Build.0 = Debug|Win32
		{D2F5E90B-ED37-4076-9B25-B47BB8DA4D5E}.Release|x64.ActiveCfg = Release|x64
		{D2F5E90B-ED37-4076-9B25-B47BB8DA4D5E}.Release|x64.Build.0 = Release|x64
		{D2F5E90B-ED37-4076-9B25-B47BB8DA4D5E}.Release|x86.ActiveCfg = Release|Win32
		{D2F5E90B-ED37-4076-9B25-B47BB8DA4D5E}.Release|x86.Build.0 = Release|Win32
		{73AB530C-497D-4047-AEF1-1890C86271A3}.Debug|x64.ActiveCfg = Debug|x64
		{73AB530C-497D-4047-AEF1-1890C86271A3}.Debug|x64.Build.0 = Debug|x64
		{73AB530C-497D-4047-AEF1-1890C86271A3}.Debug|x86.ActiveCfg = Debug|Win32
		{73AB530C-497D-4047-AEF1-1890C86271A3}.Debug|x86.Build.0 = Debug|Win32
		{73AB530C-497D-4047-AEF1-1890C86271A3}.Release|x64.ActiveCfg = Release|x64
		{73AB530C-497D-4047-AEF1-1890C86271A3}.Release|x64.Build.0 = Release|x64
		{73AB530C-497D-4047-AEF1-1890C86271A3}.Release|x86.ActiveCfg = Release|Win32
		{73AB530C-497D-4047-AEF1-1890C86271A3}.Release|x86.Build.0 = Release|Win32
		{10ED3220-02D4-4B9B-9031-4C149D77157D}.Debug|x64.ActiveCfg = Debug|x64
		{10ED3220-02D4-4B9B-9031-4C149D77157D}.Debug|x64.Build.0 = Debug|x64
		{10ED3220-02D4-4B9B-9031-4C149D77157D}.Debug|x86.ActiveCfg = Debug|Win32
		{10ED3220-02D4-4B9B-9031-4C149D77157D}.Debug|x86.Build.0 = Debug|Win32
		{10ED3220-02D4-4B9B-9031-4C149D77157D}.Release|x64.ActiveCfg = Release|x64
		{10ED3220-02D4-4B9B-9031-4C149D77157D}.Release|x64.Build.0 = Release|x64
		{10ED3220-02D4-4B9B-9031-4C149D77157D}.Release|x86.ActiveCfg = Release|Win32
		{10ED3220-02D4-4B9B-9031-4C149D77157D}.Release|x86.Build.0 = Release|Win32
		{C5F94233-6AA0-437A-B570-0AA3E4A8B464}.Debug|x64.ActiveCfg = Debug|x64
		{C5F94233-6AA0-437A-B570-0AA3E4A8B464}.Debug|x64.Build.0 = Debug|x64
		{C5F94233-6AA0-437A-B570-0AA3E4A8B464}.Debug|x86.ActiveCfg = Debug|Win32
		{C5F94233-6AA0-437A-B570-0AA3E4A8B464}.Debug|x86.Build.0 = Debug|Win32
		{C5F94233-6AA0-437A-B570-0AA3E4A8B464}.Release|x64.ActiveCfg = Release|x64
		{C5F94233-6AA0-437A-B570-0AA3E4A8B464}.Release|x64.Build.0 = Release|x64
		{C5F94233-6AA0-437A-B570-0AA3E4A8B464}.Release|x86.ActiveCfg = Release|Win32
		{C5F94233-6AA0-437A-B570-0AA3E4A8B464}.Release|x86.Build.0 = Release|Win32
		{65F9EA76-6FC2-40A7-988D-1DFC64CAAF0E}.Debug|x64.ActiveCfg = Debug|x64
		{65F9EA76-6FC2-40A7-988D-1DFC64CAAF0E}.Debug|x64.Build.0 = Debug|x64
		{65F9EA76-6FC2-40A7-988D-1DFC64CAAF0E}.Debug|x86.ActiveCfg = Debug|Win32
		{65F9EA76-6FC2-40A7-988D-1DFC64CAAF0E}.Debug|x86.Build.0 = Debug|Win32
		{65F9EA76-6FC2-40A7-988D-1DFC64CAAF0E}.Release|x64.ActiveCfg = Release|x64
		{65F9EA76-6FC2-40A7-988D-1DFC64CAAF0E}.Release|x64.Build.0 = Release|x64
		{65F9EA76-6FC2-40A7-988D-1DFC64CAAF0E}.Release|x86.ActiveCfg = Release|Win32
		{65F9EA76-6FC2-40A7-988D-1DFC64CAAF0E}.Release|x86.Build.0 = Release|Win32
		{8C6FC8F3-73A6-4824-B7C2-E539512C9C84}.Debug|x64.ActiveCfg = Debug|x64
		{8C6FC8F3-73A6-4824-B7C2-E539512C9C84}.Debug|x64.Build.0 = Debug|x64
		{8C6FC8F3-73A6-4824-B7C2-E539512C9C84}.Debug|x86.ActiveCfg = Debug|Win32
		{8C6FC8F3-73A6-4824-B7C2-E539512C9C84}.Debug|x86.Build.0 = Debug|Win32
		{8C6FC8F3-73A6-4824-B7C2-E539512C9C84}.Release|x64.ActiveCfg = Release|x64
		{8C6FC8F3-73A6-4824-B7C2-E539512C9C84}.Release|x64.Build.0 = Release|x64
		{8C6FC8F3-73A6-4824-B7C2-E539512C9C84}.Release|x86.ActiveCfg = Release|Win32
		{8C6FC8F3-73A6-4824-B7C2-E539512C9C84}.Release|x86.Build.0 = Release|Win32
		{3FB80F3B-BA57-4958-AE9C-AAFD5B7BD670}.Debug|x64.ActiveCfg = Debug|x64
		{3FB80F3B-BA57-4958-AE9C-AAFD5B7BD670}.Debug|x64.Build.0 = Debug|x64
		{3FB80F3B-BA57-4958-AE9C-AAFD5B7BD670}.Debug|x86.ActiveCfg = Debug|Win32
		{3FB80F3B-BA57-4958-AE9C-AAFD5B7BD670}.Debug|x86.Build.0 = Debug|Win32
		{3FB80F3B-BA57-4958-AE9C-AAFD5B7BD670}.Release|x64.ActiveCfg = Release|x64
		{3FB80F3B-BA57-4958-AE9C-AAFD5B7BD670}.Release|x64.Build.0 = Release|x64
		{3FB80F3B-BA57-4958-AE9C-AAFD5B7BD670}.Release|x86.ActiveCfg = Release|Win32
		{3FB80F3B-BA57-4958-AE9C-AAFD5B7BD670}.Release|x86.Build.0 = Release|Win32
		{4BE0C7A5-959B-45FE-92E0-C3C31B7DC5FE}.Debug|x64.ActiveCfg = Debug|x64
		{4BE0C7A5-959B-45FE-92E0-C3C31B7DC5FE}.Debug|x64.Build.0 = Debug|x64
		{4BE0C7A5-959B-45FE-92E0-C3C31B7DC5FE}.Debug|x86.ActiveCfg = Debug|Win32
		{4BE0C7A5-959B-45FE-92E0-C3C31B7DC5FE}.Debug|x86.Build.0 = Debug|Win32
		{4BE0C7A5-959B-45FE-92E0-C3C31B7DC5FE}.Release|x64.ActiveCfg = Release|x64
		{4BE0C7A5-959B-45FE-92E0-C3C31B7DC5FE}.Release|x64.Build.0 = Release|x64
		{4BE0C7A5-959B-45FE-92E0-C3C31B7DC5FE}.Release|x86.ActiveCfg = Release|Win32
		{4BE0C7A5-959B-45FE-92E0-C3C31B7DC5FE}.Release|x86.Build.0 = Release|Win32
		{807056B8-DCA5-4138-A9AF-53052477330C}.Debug|x64.ActiveCfg = Debug|x64
		{807056B8-DCA5-4138-A9AF-53052477330C}.Debug|x64.Build.0 = Debug|x64
		{807056B8-DCA5-4138-A9AF-53052477330C}.Debug|x86.ActiveCfg = Debug|Win32
		{807056B8-DCA5-4138-A9AF-53052477330C}.Debug|x86.Build.0 = Debug|Win32
		{807056B8-DCA5-4138-A9AF-53052477330C}.Release|x64.ActiveCfg = Release|x64
		{807056B8-DCA5-4138-A9AF-53052477330C}.Release|x64.Build.0 = Release|x64
		{807056B8-DCA5-4138-A9AF-53052477330C}.Release|x86.ActiveCfg = Release|Win32
		{807056B8-DCA5-4138-A9AF-53052477330C}.Release|x86.Build.0 = Release|Win32
		{D06996AC-02D5-40F1-B35C-F14B0FCDC842}.Debug|x64.ActiveCfg = Debug|x64
		{D06996AC-02D5-40F1-B35C-F14B0FCDC842}.Debug|x64.Build.0 = Debug|x64
		{D06996AC-02D5-40F1-B35C-F14B0FCDC842}.Debug|x86.ActiveCfg = Debug|Win32
		{D06996AC-02D5-40F1-B35C-F14B0FCDC842}.Debug|x86.Build.0 = Debug|Win32
		{D06996AC-02D5-40F1-B35C-F14B0FCDC842}.Release|x64.ActiveCfg = Release|x64
		{D06996AC-02D5-40F1-B35C-F14B0FCDC842}.Release|x64.Build.0 = Release|x64
		{D06996AC-02D5-40F1-B35C-F14B0FCDC842}.Release|x86.ActiveCfg = Release|Win32
		{D06996AC-02D5-40F1-B35C-F14B0FCDC842}.Release|x86.Build.0 = Release|Win32
		{BA1AD115-98C4-4CD8-B7BC-4198876EE5CA}.Debug|x64.ActiveCfg = Debug|x64
		{BA1AD115-98C4-4CD8-B7BC-4198876EE5CA}.Debug|x64.Build.0 = Debug|x64
		{BA1AD115-98C4-4CD8-B7BC-4198876EE5CA}.Debug|x86.ActiveCfg = Debug|Win32
		{BA1AD115-98C4-4CD8-B7BC-4198876EE5CA}.Debug|x86.Build.0 = Debug|Win32
		{BA1AD115-98C4-4CD8-B7BC-4198876EE5CA}.Release|x64.ActiveCfg = Release|x64
		{BA1AD115-98C4-4CD8-B7BC-4198876EE5CA}.Release|x64.Build.0 = Release|x64
		{BA1AD115-98C4-4CD8-B7BC-4198876EE5CA}.Release|x86.ActiveCfg = Release|Win32
		{BA1AD115-98C4-4CD8-B7BC-4198876EE5CA}.Release|x86.Build.0 = Release|Win32
		{0715045C-C24D-440D-AE64-CDA5C8F9549B}.Debug|x64.ActiveCfg = Debug|x64
		{0715045C-C24D-440D-AE64-CDA5C8F9549B}.Debug|x64.Build.0 = Debug|x64
		{0715045C-C24D-440D-AE64-CDA5C8F9549B}.Debug|x86.ActiveCfg = Debug|Win32
		{0715045C-C24D-440D-AE64-CDA5C8F9549B}.Debug|x86.Build.0 = Debug|Win32
		{0715045C-C24D-440D-AE64-CDA5C8F9549B}.Release|x64.ActiveCfg = Release|x64
		{0715045C-C24D-440D-AE64-CDA5C8F9549B}.Release|x64.Build.0 = Release|x64
		{0715045C-C24D-440D-AE64-CDA5C8F9549B}.Release|x86.ActiveCfg = Release|Win32
		{0715045C-C24D-440D-AE64-CDA5C8F9549B}.Release|x86.Build.0 = Release|Win32
		{42FF1CC5-444B-4E80-BF64-6158C6783B44}.Debug|x64.ActiveCfg = Debug|x64
		{42FF1CC5-444B-4E80-BF64-6158C6783B44}.Debug|x64.Build.0 = Debug|x64
		{42FF1CC5-444B-4E80-BF64-6158C6783B44}.Debug|x86.ActiveCfg = Debug|Win32
		{42FF1CC5-444B-4E80-BF64-6158C6783B44}.Debug|x86.Build.0 = Debug|Win32
		{42FF1CC5-444B-4E80-BF64-6158C6783B44}.Release|x64.ActiveCfg = Release|x64
		{42FF1CC5-444B-4E80-BF64-6158C6783B44}.Release|x64.Build.0 = Release|x64
		{42FF1CC5-444B-4E80-BF64-6158C6783B44}.Release|x86.ActiveCfg = Release|Win32
		{42FF1CC5-444B-4E80-BF64-6158C6783B44}.Release|x86.Build.0 = Release|Win32
		{FE624143-0436-48FE-9626-4984F254D5B8}.Debug|x64.ActiveCfg = Debug|x64
		{FE624143-0436-48FE-9626-4984F254D5B8}.Debug|x64.Build.0 = Debug|x64
		{FE624143-0436-48FE-9626-4984F254D5B8}.Debug|x86.ActiveCfg = Debug|Win32
		{FE624143-0436-48FE-9626-4984F254D5B8}.Debug|x86.Build.0 = Debug|Win32
		{FE624143-0436-48FE-9626-4984F254D5B8}.Release|x64.ActiveCfg = Release|x64
		{FE624143-0436-48FE-9626-4984F254D5B8}.Release|x64.Build.0 = Release|x64
		{FE624143-0436-48FE-9626-4984F254D5B8}.Release|x86.ActiveCfg = Release|Win32
		{FE624143-0436-48FE-9626-4984F254D5B8}.Release|x86.Build.0 = Release|Win32
		{4C63AD94-EC94-462B-BF23-8E08E2C279CC}.Debug|x64.ActiveCfg = Debug|x64
		{4C63AD94-EC94-462B-BF23-8E08E2C279CC}.Debug|x64.Build.0 = Debug|x64
		{4C63AD94-EC94-462B-BF23-8E08E2C279CC}.Debug|x86.ActiveCfg = Debug|Win32
		{4C63AD94-EC94-462B-BF23-8E08E2C279CC}.Debug|x86.Build.0 = Debug|Win32
		{4C63AD94-EC94-462B-BF23-8E08E2C279CC}.Release|x64.ActiveCfg = Release|x64
		{4C63AD94-EC94-462B-BF23-8E08E2C279CC}.Release|x64.Build.0 = Release|x64
		{4C63AD94-EC94-462B-BF23-8E08E2C279CC}.Release|x86.ActiveCfg = Release|Win32
		{4C63AD94-EC94-462B-BF23-8E08E2C279CC}.Release|x86.Build.0 = Release|Win32
		{C4288898-B9A9-40E2-8B91-9FEC513A431F}.Debug|x64.ActiveCfg = Debug|x64
		{C4288898-B9A9-40E2-8B91-9FEC513A431F}.Debug|x64.Build.0 = Debug|x64
		{C4288898-B9A9-40E2-8B91-9FEC513A431F}.Debug|x86.ActiveCfg = Debug|Win32
		{C4288898-B9A9-40E2-8B91-9FEC513A431F}.Debug|x86.Build.0 = Debug|Win32
		{C4288898-B9A9-40E2-8B91-9FEC513A431F}.Release|x64.ActiveCfg = Release|x64
		{C4288898-B9A9-40E2-8B91-9FEC513A431F}.Release|x64.Build.0 = Release|x64
		{C4288898-B9A9-40E2-8B91-9FEC513A431F}.Release|x86.ActiveCfg = Release|Win32
		{C4288898-B9A9-40E2-8B91-9FEC513A431F}.Release|x86.Build.0 = Release|Win32
		{0416AEC0-23FE-432D-ADB8-DEFBBFB044A3}.Debug|x64.ActiveCfg = Debug|x64
		{0416AEC0-23FE-432D-ADB8-DEFBBFB044A3}.Debug|x64.Build.0 = Debug|x64
		{0416AEC0-23FE-432D-ADB8-DEFBBFB044A3}.Debug|x86.ActiveCfg = Debug|Win32
		{0416AEC0-23FE-432D-ADB8-DEFBBFB044A3}.Debug|x86.Build.0 = Debug|Win32
		{0416AEC0-23FE-432D-ADB8-DEFBBFB044A3}.Release|x64.ActiveCfg = Release|x64
		{0416AEC0-23FE-432D-ADB8-DEFBBFB044A3}.Release|x64.Build.0 = Release|x64
		{0416AEC0-23FE-432D-ADB8-DEFBBFB044A3}.Release|x86.ActiveCfg = Release|Win32
		{0416AEC0-23FE-432D-ADB8-DEFBBFB044A3}.Release|x86.Build.0 = Release|Win32
		{7199CCC7-0773-410D-8398-03090F0CEA52}.Debug|x64.ActiveCfg = Debug|x64
		{7199CCC7-0773-410D-8398-03090F0CEA52}.Debug|x64.Build.0 = Debug|x64
		{7199CCC7-0773-410D-8398-03090F0CEA52}.Debug|x86.ActiveCfg = Debug|Win32
		{7199CCC7-0773-410D-8398-03090F0CEA52}.Debug|x86.Build.0 = Debug|Win32
		{7199CCC7-0773-410D-8398-03090F0CEA52}.Release|x64.ActiveCfg = Release|x64
		{7199CCC7-0773-410D-8398-03090F0CEA52}.Release|x64.Build.0 = Release|x64
		{7199CCC7-0773-410D-8398-03090F0CEA52}.Release|x86.ActiveCfg = Release|Win32
		{7199CCC7-0773-410D-8398-03090F0CEA52}.Release|x86.Build.0 = Release|Win32
		{E5E24D95-C7B8-4609-B041-E0AAC4BECB7E}.Debug|x64.ActiveCfg = Debug|x64
		{E5E24D95-C7B8-4609-B041-E0AAC4BECB7E}.Debug|x64.Build.0 = Debug|x64
		{E5E24D95-C7B8-4609-B041-E0AAC4BECB7E}.Debug|x86.ActiveCfg = Debug|Win32
		{E5E24D95-C7B8-4609-B041-E0AAC4BECB7E}.Debug|x86.Build.0 = Debug|Win32
		{E5E24D95-C7B8-4609-B041-E0AAC4BECB7E}.Release|x64.ActiveCfg = Release|x64
		{E5E24D95-C7B8-4609-B041-E0AAC4BECB7E}.Release|x64.Build.0 = Release|x64
		{E5E24D95-C7B8-4609-B041-E0AAC4BECB7E}.Release|x86.ActiveCfg = Release|Win32
		{E5E24D95-C7B8-4609-B041-E0AAC4BECB7E}.Release|x86.Build.0 = Release|Win32
		{97856291-C2D1-42C6-B29E-F7B18922E67D}.Debug|x64.ActiveCfg = Debug|x64
		{97856291-C2D1-42C6-B29E-F7B18922E67D}.Debug|x64.Build.0 = Debug|x64
		{97856291-C2D1-42C6-B29E-F7B18922E67D}.Debug|x86.ActiveCfg = Debug|Win32
		{97856291-C2D1-42C6-B29E-F7B18922E67D}.Debug|x86.Build.0 = Debug|Win32
		{97856291-C2D1-42C6-B29E-F7B18922E67D}.Release|x64.ActiveCfg = Release|x64
		{97856291-C2D1-42C6-B29E-F7B18922E67D}.Release|x64.Build.0 = Release|x64
		{97856291-C2D1-42C6-B29E-F7B18922E67D}.Release|x86.ActiveCfg = Release|Win32
		{97856291-C2D1-42C6-B29E-F7B18922E67D}.Release|x86.Build.0 = Release|Win32
		{27FA10E1-058A-4C6D-ACE1-0E034791F97C}.Debug|x64.ActiveCfg = Debug|x64
		{27FA10E1-058A-4C6D-ACE1-0E034791F97C}.Debug|x64.Build.0 = Debug|x64
		{27FA10E1-058A-4C6D-ACE1-0E034791F97C}.Debug|x86.ActiveCfg = Debug|Win32
		{27FA10E1-058A-4C6D-ACE1-0E034791F97C}.Debug|x86.Build.0 = Debug|Win32
		{27FA10E1-058A-4C6D-ACE1-0E034791F97C}.Release|x64.ActiveCfg = Release|x64
		{27FA10E1-058A-4C6D-ACE1-0E034791F97C}.Release|x64.Build.0 = Release|x64
		{27FA10E1-058A-4C6D-ACE1-0E034791F97C}.Release|x86.ActiveCfg = Release|Win32
		{27FA10E1-058A-4C6D-ACE1-0E034791F97C}.Release|x86.Build.0 = Release|Win32
		{02AD2B79-E14C-4A5F-B8DB-2AD0FBF2C649}.Debug|x64.ActiveCfg = Debug|x64
		{02AD2B79-E14C-4A5F-B8DB-2AD0FBF2C649}.Debug|x64.Build.0 = Debug|x64
		{02AD2B79-E14C-4A5F-B8DB-2AD0FBF2C649}.Debug|x86.ActiveCfg = Debug|Win32
		{02AD2B79-E14C-4A5F-B8DB-2AD0FBF2C649}.Debug|x86.Build.0 = Debug|Win32
		{02AD2B79-E14C-4A5F-B8DB-2AD0FBF2C649}.Release|x64.ActiveCfg = Release|x64
		{02AD2B79-E14C-4A5F-B8DB-2AD0FBF2C649}.Release|x64.Build.0 = Release|x64
		{02AD2B79-E14C-4A5F-B8DB-2AD0FBF2C649}.Release|x86.ActiveCfg = Release|Win32
		{02AD2B79-E14C-4A5F-B8DB-2AD0FBF2C649}.Release|x86.Build.0 = Release|Win32
		{F77B14F0-698C-436C-8AD0-818D1FDDFC63}.Debug|x64.ActiveCfg = Debug|x64
		{F77B14F0-698C-436C-8AD0-818D1FDDFC63}.Debug|x64.Build.0 = Debug|x64
		{F77B14F0-698C-436C-8AD0-818D1FDDFC63}.Debug|x86.ActiveCfg = Debug|Win32
		{F77B14F0-698C-436C-8AD0-818D1FDDFC63}.Debug|x86.Build.0 = Debug|Win32
		{F77B14F0-698C-436C-8AD0-818D1FDDFC63}.Release|x64.ActiveCfg = Release|x64
		{F77B14F0-698C-436C-8AD0-818D1FDDFC63}.Release|x64.Build.0 = Release|x64
		{F77B14F0-698C-436C-8AD0-818D1FDDFC63}.Release|x86.ActiveCfg = Release|Win32
		{F77B14F0-698C-436C-8AD0-818D1FDDFC63}.Release|x86.Build.0 = Release|Win32
		{C4238813-3E07-41ED-ACD6-8614348DE7CC}.Debug|x64.ActiveCfg = Debug|x64
		{C4238813-3E07-41ED-ACD6-8614348DE7CC}.Debug|x64.Build.0 = Debug|x64
		{C4238813-3E07-41ED-ACD6-8614348DE7CC}.Debug|x86.ActiveCfg = Debug|Win32
		{C4238813-3E07-41ED-ACD6-8614348DE7CC}.Debug|x86.Build.0 = Debug|Win32
		{C4238813-3E07-41ED-ACD6-8614348DE7CC}.Release|x64.ActiveCfg = Release|x64
		{C4238813-3E07-41ED-ACD6-8614348DE7CC}.Release|x64.Build.0 = Release|x64
		{C4238813-3E07-41ED-ACD6-8614348DE7CC}.Release|x86.ActiveCfg = Release|Win32
		{C4238813-3E07-41ED-ACD6-8614348DE7CC}.Release|x86.Build.0 = Release|Win32
		{92F12066-6E53-460E-AF72-EB415EC69227}.Debug|x64.ActiveCfg = Debug|x64
		{92F12066-6E53-460E-AF72-EB415EC69227}.Debug|x64.Build.0 = Debug|x64
		{92F12066-6E53-460E-AF72-EB415EC69227}.Debug|x86.ActiveCfg = Debug|Win32
		{92F12066-6E53-460E-AF72-EB415EC69227}.Debug|x86.Build.0 = Debug|Win32
		{92F12066-6E53-460E-AF72-EB415EC69227}.Release|x64.ActiveCfg = Release|x64
		{92F12066-6E53-460E-AF72-EB415EC69227}.Release|x64.Build.0 = Release|x64
		{92F12066-6E53-460E-AF72-EB415EC69227}.Release|x86.ActiveCfg = Release|Win32
		{92F12066-6E53-460E-AF72-EB415EC69227}.Release|x86.Build.0 = Release|Win32
		{7FAE1BF5-2C59-4EE7-BAF8-50483A34D796}.Debug|x64.ActiveCfg = Debug|x64
		{7FAE1BF5-2C59-4EE7-BAF8-50483A34D796}.Debug|x64.Build.0 = Debug|x64
		{7FAE1BF5-2C59-4EE7-BAF8-50483A34D796}.Debug|x86.ActiveCfg = Debug|Win32
		{7FAE1BF5-2C59-4EE7-BAF8-50483A34D796}.Debug|x86.Build.0 = Debug|Win32
		{7FAE1BF5-2C59-4EE7-BAF8-50483A34D796}.Release|x64.ActiveCfg = Release|x64
		{7FAE1BF5-2C59-4EE7-BAF8-50483A34D796}.Release|x64.Build.0 = Release|x64
		{7FAE1BF5-2C59-4EE7-BAF8-50483A34D796}.Release|x86.ActiveCfg = Release|Win32
		{7FAE1BF5-2C59-4EE7-BAF8-50483A34D796}.Release|x86.Build.0 = Release|Win32
		{94F66318-BB3F-4796-955D-85C409746AC0}.Debug|x64.ActiveCfg = Debug|x64
		{94F66318-BB3F-4796-955D-85C409746AC0}.Debug|x64.Build.0 = Debug|x64
		{94F66318-BB3F-4796-955D-85C409746AC0}.Debug|x86.ActiveCfg = Debug|Win32
		{94F66318-BB3F-4796-955D-85C409746AC0}.Debug|x86.Build.0 = Debug|Win32
		{94F66318-BB3F-4796-955D-85C409746AC0}.Release|x64.ActiveCfg = Release|x64
		{94F66318-BB3F-4796-955D-85C409746AC0}.Release|x64.Build.0 = Release|x64
		{94F66318-BB3F-4796-955D-85C409746AC0}.Release|x86.ActiveCfg = Release|Win32
		{94F66318-BB3F-4796-955D-85C409746AC0}.Release|x86.Build.0 = Release|Win32
		{6E82AB51-843D-43F9-8BEF-C670C956A17F}.Debug|x64.ActiveCfg = Debug|x64
		{6E82AB51-843D-43F9-8BEF-C670C956A17F}.Debug|x64.Build.0 = Debug|x64
		{6E82AB51-843D-43F9-8BEF-C670C956A17F}.Debug|x86.ActiveCfg = Debug|Win32
		{6E82AB51-843D-43F9-8BEF-C670C956A17F}.Debug|x86.Build.0 = Debug|Win32
		{6E82AB51-843D-43F9-8BEF-C670C956A17F}.Release|x64.ActiveCfg = Release|x64
		{6E82AB51-843D-43F9-8BEF-C670C956A17F}.Release|x64.Build.0 = Release|x64
		{6E82AB51-843D-43F9-8BEF-C670C956A17F}.Release|x86.ActiveCfg = Release|Win32
		{6E82AB51-843D-43F9-8BEF-C670C956A17F}.Release|x86.Build.0 = Release|Win32
		{FCB1532F-D383-4814-98D2-96E1890DA7D4}.Debug|x64.ActiveCfg = Debug|x64
		{FCB1532F-D383-4814-98D2-96E1890DA7D4}.Debug|x64.Build.0 = Debug|x64
		{FCB1532F-D383-4814-98D2-96E1890DA7D4}.Debug|x86.ActiveCfg = Debug|Win32
		{FCB1532F-D383-4814-98D2-96E1890DA7D4}.Debug|x86.Build.0 = Debug|Win32
		{FCB1532F-D383-4814-98D2-96E1890DA7D4}.Release|x64.ActiveCfg = Release|x64
		{FCB1532F-D383-4814-98D2-96E1890DA7D4}.Release|x64.Build.0 = Release|x64
		{FCB1532F-D383-4814-98D2-96E1890DA7D4}.Release|x86.ActiveCfg = Release|Win32
		{FCB1532F-D383-4814-98D2-96E1890DA7D4}.Release|x86.Build.0 = Release|Win32
		{E099EF72-B4DA-47C2-88EB-0005EECF0522}.Debug|x64.ActiveCfg = Debug|x64
		{E099EF72-B4DA-47C2-88EB-0005EECF0522}.Debug|x64.Build.0 = Debug|x64
		{E099EF72-B4DA-47C2-88EB-0005EECF0522}.Debug|x86.ActiveCfg = Debug|Win32
		{E099EF72-B4DA-47C2-88EB-0005EECF0522}.Debug|x86.Build.0 = Debug|Win32
		{E099EF72-B4DA-47C2-88EB-0005EECF0522}.Release|x64.ActiveCfg = Release|x64
		{E099EF72-B4DA-47C2-88EB-0005EECF0522}.Release|x64.Build.0 = Release|x64
		{E099EF72-B4DA-47C2-88EB-0005EECF0522}.Release|x86.ActiveCfg = Release|Win32
		{E099EF72-B4DA-47C2-88EB-0005EECF0522}.Release|x86.Build.0 = Release|Win32
		{9C92F205-EA15-4F9D-BFFE-5319095EDA25}.Debug|x64.ActiveCfg = Debug|x64
		{9C92F205-EA15-4F9D-BFFE-5319095EDA25}.Debug|x64.Build.0 = Debug|x64
		{9C92F205-EA15-4F9D-BFFE-5319095EDA25}.Debug|x86.ActiveCfg = Debug|Win32
		{9C92F205-EA15-4F9D-BFFE-5319095EDA25}.Debug|x86.Build.0 = Debug|Win32
		{9C92F205-EA15-4F9D-BFFE-5319095EDA25}.Release|x64.ActiveCfg = Release|x64
		{9C92F205-EA15-4F9D-BFFE-5319095EDA25}.Release|x64.Build.0 = Release|x64
		{9C92F205-EA15-4F9D-BFFE-5319095EDA25}.Release|x86.ActiveCfg = Release|Win32
		{9C92F205-EA15-4F9D-BFFE-5319095EDA25}.Release|x86.Build.0 = Release|Win32
		{13ED9906-B427-46C9-8A41-9C8001A08D9F}.Debug|x64.ActiveCfg = Debug|x64
		{13ED9906-B427-46C9-8A41-9C8001A08D9F}.Debug|x64.Build.0 = Debug|x64
		{13ED9906-B427-46C9-8A41-9C8001A08D9F}.Debug|x86.ActiveCfg = Debug|Win32
		{13ED9906-B427-46C9-8A41-9C8001A08D9F}.Debug|x86.Build.0 = Debug|Win32
		{13ED9906-B427-46C9-8A41-9C8001A08D9F}.Release|x64.ActiveCfg = Release|x64
		{13ED9906-B427-46C9-8A41-9C8001A08D9F}.Release|x64.Build.0 = Release|x64
		{13ED9906-B427-46C9-8A41-9C8001A08D9F}.Release|x86.ActiveCfg = Release|Win32
		{13ED9906-B427-46C9-8A41-9C8001A08D9F}.Release|x86.Build.0 = Release|Win32
		{68274FAD-2BAC-4303-A3CE-0F2005C952FC}.Debug|x64.ActiveCfg = Debug|x64
		{68274FAD-2BAC-4303-A3CE-0F2005C952FC}.Debug|x64.Build.0 = Debug|x64
		{68274FAD-2BAC-4303-A3CE-0F2005C952FC}.Debug|x86.ActiveCfg = Debug|Win32
		{68274FAD-2BAC-4303-A3CE-0F2005C952FC}.Debug|x86.Build.0 = Debug|Win32
		{68274FAD-2BAC-4303-A3CE-0F2005C952FC}.Release|x64.ActiveCfg = Release|x64
		{68274FAD-2BAC-4303-A3CE-0F2005C952FC}.Release|x64.Build.0 = Release|x64
		{68274FAD-2BAC-4303-A3CE-0F2005C952FC}.Release|x86.ActiveCfg = Release|Win32
		{68274FAD-2BAC-4303-A3CE-0F2005C952FC}.Release|x86.Build.0 = Release|Win32
		{4693741B-3250-4B55-8843-2DE616B71E7A}.Debug|x64.ActiveCfg = Debug|x64
		{4693741B-3250-4B55-8843-2DE616B71E7A}.Debug|x64.Build.0 = Debug|x64
		{4693741B-3250-4B55-8843-2DE616B71E7A}.Debug|x86.ActiveCfg = Debug|Win32
		{4693741B-3250-4B55-8843-2DE616B71E7A}.Debug|x86.Build.0 = Debug|Win32
		{4693741B-3250-4B55-8843-2DE616B71E7A}.Release|x64.ActiveCfg = Release|x64
		{4693741B-3250-4B55-8843-2DE616B71E7A}.Release|x64.Build.0 = Release|x64
		{4693741B-3250-4B55-8843-2DE616B71E7A}.Release|x86.ActiveCfg = Release|Win32
		{4693741B-3250-4B55-8843-2DE616B71E7A}.Release|x86.Build.0 = Release|Win32
		{7282288A-48DC-4DFD-A04C-0983CDAAB5DF}.Debug|x64.ActiveCfg = Debug|x64
		{7282288A-48DC-4DFD-A04C-0983CDAAB5DF}.Debug|x64.Build.0 = Debug|x64
		{7282288A-48DC-4DFD-A04C-0983CDAAB5DF}.Debug|x86.ActiveCfg = Debug|Win32
		{7282288A-48DC-4DFD-A04C-0983CDAAB5DF}.Debug|x86.Build.0 = Debug|Win32
		{7282288A-48DC-4DFD-A04C-0983CDAAB5DF}.Release|x64.ActiveCfg = Release|x64
		{7282288A-48DC-4DFD-A04C-0983CDAAB5DF}.Release|x64.Build.0 = Release|x64
		{7282288A-48DC-4DFD-A04C-0983CDAAB5DF}.Release|x86.ActiveCfg = Release|Win32
		{7282288A-48DC-4DFD-A04C-0983CDAAB5DF}.Release|x86.Build.0 = Release|Win32
		{AF13E36C-3929-4D2D-BCAD-665136C7B915}.Debug|x64.ActiveCfg = Debug|x64
		{AF13E36C-3929-4D2D-BCAD-665136C7B915}.Debug|x64.Build.0 = Debug|x64
		{AF13E36C-3929-4D2D-BCAD-665136C7B915}.Debug|x86.ActiveCfg = Debug|Win32
		{AF13E36C-3929-4D2D-BCAD-665136C7B915}.Debug|x86.Build.0 = Debug|Win32
		{AF13E36C-3929-4D2D-BCAD-665136C7B915}.Release|x64.ActiveCfg = Release|x64
		{AF13E36C-3929-4D2D-BCAD-665136C7B915}.Release|x64.Build.0 = Release|x64
		{AF13E36C-3929-4D2D-BCAD-665136C7B915}.Release|x86.ActiveCfg = Release|Win32
		{AF13E36C-3929-4D2D-BCAD-665136C7B915}.Release|x86.Build.0 = Release|Win32
		{EC4EECC5-4E95-41C4-84C6-E8171D9AE4D6}.Debug|x64.ActiveCfg = Debug|x64
		{EC4EECC5-4E95-41C4-84C6-E8171D9AE4D6}.Debug|x64.Build.0 = Debug|x64
		{EC4EECC5-4E95-41C4-84C6-E8171D9AE4D6}.Debug|x86.ActiveCfg = Debug|Win32
		{EC4EECC5-4E95-41C4-84C6-E8171D9AE4D6}.Debug|x86.Build.0 = Debug|Win32
		{EC4EECC5-4E95-41C4-84C6-E8171D9AE4D6}.Release|x64.ActiveCfg = Release|x64
		{EC4EECC5-4E95-41C4-84C6-E8171D9AE4D6}.Release|x64.Build.0 = Release|x64
		{EC4EECC5-4E95-41C4-84C6-E8171D9AE4D6}.Release|x86.ActiveCfg = Release|Win32
		{EC4EECC5-4E95-41C4-84C6-E8171D9AE4D6}.Release|x86.Build.0 = Release|Win32
		{9C1C5814-5F97-450C-B12C-3FDBA707DE75}.Debug|x64.ActiveCfg = Debug|x64
		{9C1C5814-5F97-450C-B12C-3FDBA707DE75}.Debug|x64.Build.0 = Debug|x64
		{9C1C5814-5F97-450C-B12C-3FDBA707DE75}.Debug|x86.ActiveCfg = Debug|Win32
		{9C1C5814-5F97-450C-B12C-3FDBA707DE75}.Debug|x86.Build.0 = Debug|Win32
		{9C1C5814-5F97-450C-B12C-3FDBA707DE75}.Release|x64.ActiveCfg = Release|x64
		{9C1C5814-5F97-450C-B12C-3FDBA707DE75}.Release|x64.Build.0 = Release|x64
		{9C1C5814-5F97-450C-B12C-3FDBA707DE75}.Release|x86.ActiveCfg = Release|Win32
		{9C1C5814-5F97-450C-B12C-3FDBA707DE75}.Release|x86.Build.0 = Release|Win32
		{E71EC08E-F9EA-4312-A01A-0C9E959FD56D}.Debug|x64.ActiveCfg = Debug|x64
		{E71EC08E-F9EA-4312-A01A-0C9E959FD56D}.Debug|x64.Build.0 = Debug|x64
		{E71EC08E-F9EA-4312-A01A-0C9E959FD56D}.Debug|x86.ActiveCfg = Debug|Win32
		{E71EC08E-F9EA-4312-A01A-0C9E959FD56D}.Debug|x86.Build.0 = Debug|Win32
		{E71EC08E-F9EA-4312-A01A-0C9E959FD56D}.Release|x64.ActiveCfg = Release|x64
		{E71EC08E-F9EA-4312-A01A-0C9E959FD56D}.Release|x64.Build.0 = Release|x64
		{E71EC08E-F9EA-4312-A01A-0C9E959FD56D}.Release|x86.ActiveCfg = Release|Win32
		{E71EC08E-F9EA-4312-A01A-0C9E959FD56D}.Release|x86.Build.0 = Release|Win32
		{98456625-9055-48AB-9597-CBC12B80F024}.Debug|x64.ActiveCfg = Debug|x64
		{98456625-9055-48AB-9597-CBC12B80F024}.Debug|x64.Build.0 = Debug|x64
		{98456625-9055-48AB-9597-CBC12B80F024}.Debug|x86.ActiveCfg = Debug|Win32
		{98456625-9055-48AB-9597-CBC12B80F024}.Debug|x86.Build.0 = Debug|Win32
		{98456625-9055-48AB-9597-CBC12B80F024}.Release|x64.ActiveCfg = Release|x64
		{98456625-9055-48AB-9597-CBC12B80F024}.Release|x64.Build.0 = Release|x64
		{98456625-9055-48AB-9597-CBC12B80F024}.Release|x86.ActiveCfg = Release|Win32
		{98456625-9055-48AB-9597-CBC12B80F024}.Release|x86.Build.0 = Release|Win32
		{C4B019F2-8BF0-4107-9DA8-8895E8F8B39A}.Debug|x64.ActiveCfg = Debug|x64
		{C4B019F2-8BF0-4107-9DA8-8895E8F8B39A}.Debug|x64.Build.0 = Debug|x64
		{C4B019F2-8BF0-4107-9DA8-8895E8F8B39A}.Debug|x86.ActiveCfg = Debug|Win32
		{C4B019F2-8BF0-4107-9DA8-8895E8F8B39A}.Debug|x86.Build.0 = Debug|Win32
		{C4B019F2-8BF0-4107-9DA8-8895E8F8B39A}.Release|x64.ActiveCfg = Release|x64
		{C4B019F2-8BF0-4107-9DA8-8895E8F8B39A}.Release|x64.Build.0 = Release|x64
		{C4B019F2-8BF0-4107-9DA8-8895E8F8B39A}.Release|x86.ActiveCfg = Release|Win32
		{C4B019F2-8BF0-4107-9DA8-8895E8F8B39A}.Release|x86.Build.0 = Release|Win32
		{24A5238A-C3A7-4F86-BFB3-6C2635891565}.Debug|x64.ActiveCfg = Debug|x64
		{24A5238A-C3A7-4F86-BFB3-6C2635891565}.Debug|x64.Build.0 = Debug|x64
		{24A5238A-C3A7-4F86-BFB3-6C2635891565}.Debug|x86.ActiveCfg = Debug|Win32
		{24A5238A-C3A7-4F86-BFB3-6C2635891565}.Debug|x86.Build.0 = Debug|Win32
		{24A5238A-C3A7-4F86-BFB3-6C2635891565}.Release|x64.ActiveCfg = Release|x64
		{24A5238A-C3A7-4F86-BFB3-6C2635891565}.Release|x64.Build.0 = Release|x64
		{24A5238A-C3A7-4F86-BFB3-6C2635891565}.Release|x86.ActiveCfg = Release|Win32
		{24A5238A-C3A7-4F86-BFB3-6C2635891565}.Release|x86.Build.0 = Release|Win32
		{085E8EC3-3892-469F-AE60-7CBE596822C7}.Debug|x64.ActiveCfg = Debug|x64
		{085E8EC3-3892-469F-AE60-7CBE596822C7}.Debug|x64.Build.0 = Debug|x64
		{085E8EC3-3892-469F-AE60-7CBE596822C7}.Debug|x86.ActiveCfg = Debug|Win32
		{085E8EC3-3892-469F-AE60-7CBE596822C7}.Debug|x86.Build.0 = Debug|Win32
		{085E8EC3-3892-469F-AE60-7CBE596822C7}.Release|x64.ActiveCfg = Release|x64
		{085E8EC3-3892-469F-AE60-7CBE596822C7}.Release|x64.Build.0 = Release|x64
		{085E8EC3-3892-469F-AE60-7CBE596822C7}.Release|x86.ActiveCfg = Release|Win32
		{085E8EC3-3892-469F-AE60-7CBE596822C7}.Release|x86.Build.0 = Release|Win32
		{126CFCB1-DFF8-44E6-8430-05CFED4AB9B3}.Debug|x64.ActiveCfg = Debug|x64
		{126CFCB1-DFF8-44E6-8430-05CFED4AB9B3}.Debug|x64.Build.0 = Debug|x64
		{126CFCB1-DFF8-44E6-8430-05CFED4AB9B3}.Debug|x86.ActiveCfg = Debug|Win32
		{126CFCB1-DFF8-44E6-8430-05CFED4AB9B3}.Debug|x86.Build.0 = Debug|Win32
		{126CFCB1-DFF8-44E6-8430-05CFED4AB9B3}.Release|x64.ActiveCfg = Release|x64
		{126CFCB1-DFF8-44E6-8430-05CFED4AB9B3}.Release|x64.Build.0 = Release|x64
		{126CFCB1-DFF8-44E6-8430-05CFED4AB9B3}.Release|x86.ActiveCfg = Release|Win32
		{126CFCB1-DFF8-44E6-8430-05CFED4AB9B3}.Release|x86.Build.0 = Release|Win32
		{AC6D4314-D5CF-42FB-BB18-D21874B5AF77}.Debug|x64.ActiveCfg = Debug|x64
		{AC6D4314-D5CF-42FB-BB18-D21874B5AF77}.Debug|x64.Build.0 = Debug|x64
		{AC6D4314-D5CF-42FB-BB18-D21874B5AF77}.Debug|x86.ActiveCfg = Debug|Win32
		{AC6D4314-D5CF-42FB-BB18-D21874B5AF77}.Debug|x86.Build.0 = Debug|Win32
		{AC6D4314-D5CF-42FB-BB18-D21874B5AF77}.Release|x64.ActiveCfg = Release|x64
		{AC6D4314-D5CF-42FB-BB18-D21874B5AF77}.Release|x64.Build.0 = Release|x64
		{AC6D4314-D5CF-42FB-BB18-D21874B5AF77}.Release|x86.ActiveCfg = Release|Win32
		{AC6D4314-D5CF-42FB-BB18-D21874B5AF77}.Release|x86.Build.0 = Release|Win32
		{C85C5E53-ABC2-4DC1-91EB-FA84A7800260}.Debug|x64.ActiveCfg = Debug|x64
		{C85C5E53-ABC2-4DC1-91EB-FA84A7800260}.Debug|x64.Build.0 = Debug|x64
		{C85C5E53-ABC2-4DC1-91EB-FA84A7800260}.Debug|x86.ActiveCfg = Debug|Win32
		{C85C5E53-ABC2-4DC1-91EB-FA84A7800260}.Debug|x86.Build.0 = Debug|Win32
		{C85C5E53-ABC2-4DC1-91EB-FA84A7800260}.Release|x64.ActiveCfg = Release|x64
		{C85C5E53-ABC2-4DC1-91EB-FA84A7800260}.Release|x64.Build.0 = Release|x64
		{C85C5E53-ABC2-4DC1-91EB-FA84A7800260}.Release|x86.ActiveCfg = Release|Win32
		{C85C5E53-ABC2-4DC1-91EB-FA84A7800260}.Release|x86.Build.0 = Release|Win32
		{9761A7E7-3110-49C1-88BF-4AA191A00A67}.Debug|x64.ActiveCfg = Debug|x64
		{9761A7E7-3110-49C1-88BF-4AA191A00A67}.Debug|x64.Build.0 = Debug|x64
		{9761A7E7-3110-49C1-88BF-4AA191A00A67}.Debug|x86.ActiveCfg = Debug|Win32
		{9761A7E7-3110-49C1-88BF-4AA191A00A67}.Debug|x86.Build.0 = Debug|Win32
		{9761A7E7-3110-49C1-88BF-4AA191A00A67}.Release|x64.ActiveCfg = Release|x64
		{9761A7E7-3110-49C1-88BF-4AA191A00A67}.Release|x64.Build.0 = Release|x64
		{9761A7E7-3110-49C1-88BF-4AA191A00A67}.Release|x86.ActiveCfg = Release|Win32
		{9761A7E7-3110-49C1-88BF-4AA191A00A67}.Release|x86.Build.0 = Release|Win32
		{47CEFF94-2F9E-4C81-864E-DB7C32C8FD94}.Debug|x64.ActiveCfg = Debug|x64
		{47CEFF94-2F9E-4C81-864E-DB7C32C8FD94}.Debug|x64.Build.0 = Debug|x64
		{47CEFF94-2F9E-4C81-864E-DB7C32C8FD94}.Debug|x86.ActiveCfg = Debug|Win32
		{47CEFF94-2F9E-4C81-864E-DB7C32C8FD94}.Debug|x86.Build.0 = Debug|Win32
		{47CEFF94-2F9E-4C81-864E-DB7C32C8FD94}.Release|x64.ActiveCfg = Release|x64
		{47CEFF94-2F9E-4C81-864E-DB7C32C8FD94}.Release|x64.Build.0 = Release|x64
		{47CEFF94-2F9E-4C81-864E-DB7C32C8FD94}.Release|x86.ActiveCfg = Release|Win32
		{47CEFF94-2F9E-4C81-864E-DB7C32C8FD94}.Release|x86.Build.0 = Release|Win32
		{86DE98DB-345A-4099-8489-8FF972034E72}.Debug|x64.ActiveCfg = Debug|x64
		{86DE98DB-345A-4099-8489-8FF972034E72}.Debug|x64.Build.0 = Debug|x64
		{86DE98DB-345A-4099-8489-8FF972034E72}.Debug|x86.ActiveCfg = Debug|Win32
		{86DE98DB-345A-4099-8489-8FF972034E72}.Debug|x86.Build.0 = Debug|Win32
		{86DE98DB-345A-4099-8489-8FF972034E72}.Release|x64.ActiveCfg = Release|x64
		{86DE98DB-345A-4099-8489-8FF972034E72}.Release|x64.Build.0 = Release|x64
		{86DE98DB-345A-4099-8489-8FF972034E72}.Release|x86.ActiveCfg = Release|Win32
		{86DE98DB-345A-4099-8489-8FF972034E72}.Release|x86.Build.0 = Release|Win32
		{F2BDFDB4-1C2F-44B8-B3F1-B60831AD9A2A}.Debug|x64.ActiveCfg = Debug|x64
		{F2BDFDB4-1C2F-44B8-B3F1-B60831AD9A2A}.Debug|x64.Build.0 = Debug|x64
		{F2BDFDB4-1C2F-44B8-B3F1-B60831AD9A2A}.Debug|x86.ActiveCfg = Debug|Win32
		{F2BDFDB4-1C2F-44B8-B3F1-B60831AD9A2A}.Debug|x86.Build.0 = Debug|Win32
		{F2BDFDB4-1C2F-44B8-B3F1-B60831AD9A2A}.Release|x64.ActiveCfg = Release|x64
		{F2BDFDB4-1C2F-44B8-B3F1-B60831AD9A2A}.Release|x64.Build.0 = Release|x64
		{F2BDFDB4-1C2F-44B8-B3F1-B60831AD9A2A}.Release|x86.ActiveCfg = Release|Win32
		{F2BDFDB4-1C2F-44B8-B3F1-B60831AD9A2A}.Release|x86.Build.0 = Release|Win32
		{190886A8-B4F7-4F79-8311-07DFB4ED86B9}.Debug|x64.ActiveCfg = Debug|x64
		{190886A8-B4F7-4F79-8311-07DFB4ED86B9}.Debug|x64.Build.0 = Debug|x64
		{190886A8-B4F7-4F79-8311-07DFB4ED86B9}.Debug|x86.ActiveCfg = Debug|Win32
		{190886A8-B4F7-4F79-8311-07DFB4ED86B9}.Debug|x86.Build.0 = Debug|Win32
		{190886A8-B4F7-4F79-8311-07DFB4ED86B9}.Release|x64.ActiveCfg = Release|x64
		{190886A8-B4F7-4F79-8311-07DFB4ED86B9}.Release|x64.Build.0 = Release|x64
		{190886A8-B4F7-4F79-8311-07DFB4ED86B9}.Release|x86.ActiveCfg = Release|Win32
		{190886A8-B4F7-4F79-8311-07DFB4ED86B9}.Release|x86.Build.0 = Release|Win32
		{1CE4C181-E4CC-4A37-9FC9-899ECE825A3A}.Debug|x64.ActiveCfg = Debug|x64
		{1CE4C181-E4CC-4A37-9FC9-899ECE825A3A}.Debug|x64.Build.0 = Debug|x64
		{1CE4C181-E4CC-4A37-9FC9-899ECE825A3A}.Debug|x86.ActiveCfg = Debug|Win32
		{1CE4C181-E4CC-4A37-9FC9-899ECE825A3A}.Debug|x86.Build.0 = Debug|Win32
		{1CE4C181-E4CC-4A37-9FC9-899ECE825A3A}.Release|x64.ActiveCfg = Release|x64
		{1CE4C181-E4CC-4A37-9FC9-899ECE825A3A}.Release|x64.Build.0 = Release|x64
		{1CE4C181-E4CC-4A37-9FC9-899ECE825A3A}.Release|x86.ActiveCfg = Release|Win32
		{1CE4C181-E4CC-4A37-9FC9-899ECE825A3A}.Release|x86.Build.0 = Release|Win32
		{4433448F-90EE-4099-80D8-25D753D4FE21}.Debug|x64.ActiveCfg = Debug|x64
		{4433448F-90EE-4099-80D8-25D753D4FE21}.Debug|x64.Build.0 = Debug|x64
		{4433448F-90EE-4099-80D8-25D753D4FE21}.Debug|x86.ActiveCfg = Debug|Win32
		{4433448F-90EE-4099-80D8-25D753D4FE21}.Debug|x86.Build.0 = Debug|Win32
		{4433448F-90EE-4099-80D8-25D753D4FE21}.Release|x64.ActiveCfg = Release|x64
		{4433448F-90EE-4099-80D8-25D753D4FE21}.Release|x64.Build.0 = Release|x64
		{4433448F-90EE-4099-80D8-25D753D4FE21}.Release|x86.ActiveCfg = Release|Win32
		{4433448F-90EE-4099-80D8-25D753D4FE21}.Release|x86.Build.0 = Release|Win32
		{09301B94-288D-4168-83FE-D12649D92D85}.Debug|x64.ActiveCfg = Debug|x64
		{09301B94-288D-4168-83FE-D12649D92D85}.Debug|x64.Build.0 = Debug|x64
		{09301B94-288D-4168-83FE-D12649D92D85}.Debug|x86.ActiveCfg = Debug|Win32
		{09301B94-288D-4168-83FE-D12649D92D85}.Debug|x86.Build.0 = Debug|Win32
		{09301B94-288D-4168-83FE-D12649D92D85}.Release|x64.ActiveCfg = Release|x64
		{09301B94-288D-4168-83FE-D12649D92D85}.Release|x64.Build.0 = Release|x64
		{09301B94-288D-4168-83FE-D12649D92D85}.Release|x86.ActiveCfg = Release|Win32
		{09301B94-288D-4168-83FE-D12649D92D85}.Release|x86.Build.0 = Release|Win32
		{82B79F46-E9DC-484D-9D5C-2316B77F99BE}.Debug|x64.ActiveCfg = Debug|x64
		{82B79F46-E9DC-484D-9D5C-2316B77F99BE}.Debug|x64.Build.0 = Debug|x64
		{82B79F46-E9DC-484D-9D5C-2316B77F99BE}.Debug|x86.ActiveCfg = Debug|Win32
		{82B79F46-E9DC-484D-9D5C-2316B77F99BE}.Debug|x86.Build.0 = Debug|Win32
		{82B79F46-E9DC-484D-9D5C-2316B77F99BE}.Release|x64.ActiveCfg = Release|x64
		{82B79F46-E9DC-484D-9D5C-2316B77F99BE}.Release|x64.Build.0 = Release|x64
		{82B79F46-E9DC-484D-9D5C-2316B77F99BE}.Release|x86.ActiveCfg = Release|Win32
		{82B79F46-E9DC-484D-9D5C-2316B77F99BE}.Release|x86.Build.0 = Release|Win32
		{6A0C08CE-12B4-454D-B078-D41E83487487}.Debug|x64.ActiveCfg = Debug|x64
		{6A0C08CE-12B4-454D-B078-D41E83487487}.Debug|x64.Build.0 = Debug|x64
		{6A0C08CE-12B4-454D-B078-D41E83487487}.Debug|x86.ActiveCfg = Debug|Win32
		{6A0C08CE-12B4-454D-B078-D41E83487487}.Debug|x86.Build.0 = Debug|Win32
		{6A0C08CE-12B4-454D-B078-D41E83487487}.Release|x64.ActiveCfg = Release|x64
		{6A0C08CE-12B4-454D-B078-D41E83487487}.Release|x64.Build.0 = Release|x64
		{6A0C08CE-12B4-454D-B078-D41E83487487}.Release|x86.ActiveCfg = Release|Win32
		{6A0C08CE-12B4-454D-B078-D41E83487487}.Release|x86.Build.0 = Release|Win32
		{4EDB183A-F473-4E11-B007-CFB9AB8C8793}.Debug|x64.ActiveCfg = Debug|x64
		{4EDB183A-F473-4E11-B007-CFB9AB8C8793}.Debug|x64.Build.0 = Debug|x64
		{4EDB183A-F473-4E11-B007-CFB9AB8C8793}.Debug|x86.ActiveCfg = Debug|Win32
		{4EDB183A-F473-4E11-B007-CFB9AB8C8793}.Debug|x86.Build.0 = Debug|Win32
		{4EDB183A-F473-4E11-B007-CFB9AB8C8793}.Release|x64.ActiveCfg = Release|x64
		{4EDB183A-F473-4E11-B007-CFB9AB8C8793}.Release|x64.Build.0 = Release|x64
		{4EDB183A-F473-4E11-B007-CFB9AB8C8793}.Release|x86.ActiveCfg = Release|Win32
		{4EDB183A-F473-4E11-B007-CFB9AB8C8793}.Release|x86.Build.0 = Release|Win32
		{929A9F64-E565-4C7D-B691-E5972578F895}.Debug|x64.ActiveCfg = Debug|x64
		{929A9F64-E565-4C7D-B691-E5972578F895}.Debug|x64.Build.0 = Debug|x64
		{929A9F64-E565-4C7D-B691-E5972578F895}.Debug|x86.ActiveCfg = Debug|Win32
		{929A9F64-E565-4C7D-B691-E5972578F895}.Debug|x86.Build.0 = Debug|Win32
		{929A9F64-E565-4C7D-B691-E5972578F895}.Release|x64.ActiveCfg = Release|x64
		{929A9F64-E565-4C7D-B691-E5972578F895}.Release|x64.Build.0 = Release|x64
		{929A9F64-E565-4C7D-B691-E5972578F895}.Release|x86.ActiveCfg = Release|Win32
		{929A9F64-E565-4C7D-B691-E5972578F895}.Release|x86.Build.0 = Release|Win32
	EndGlobalSection
	GlobalSection(SolutionProperties) = preSolution
		HideSolutionNode = FALSE
	EndGlobalSection
	GlobalSection(NestedProjects) = preSolution
		{CF04C96D-6FF8-407A-B25A-C8ADCE2923D9} = {DE27438B-D95C-4753-9242-52C6F70851BE}
		{31E28294-F707-475B-8D51-980E8FC660CE} = {5955765E-D186-4BD8-8544-5585B43A0983}
		{FB56E8C4-4A17-4E7F-B2AB-9CF8ED3403A0} = {5955765E-D186-4BD8-8544-5585B43A0983}
		{3909A629-CF2B-4380-A9A1-BB9D855BAA2C} = {E1EFAE3D-F9DD-4295-835A-1A8BAC829491}
		{3F1193DA-8756-4EA5-AAD0-905B4BD50FEA} = {E1EFAE3D-F9DD-4295-835A-1A8BAC829491}
		{880CE45D-81EE-43DA-9485-EB25B89D6948} = {E1EFAE3D-F9DD-4295-835A-1A8BAC829491}
		{E4FEF011-258D-4E78-BBA4-CD52F4BDDBF9} = {2DF78DA5-7F44-4463-A0E2-8B9A501A02C3}
		{88A7E34D-419A-4F89-A7EB-CBE159BD7A95} = {04847067-33FA-4370-8237-D63099FD7876}
		{D9F46DB5-B1E5-4AAE-8965-59ECA2CF7D44} = {E3E67C0A-4934-465A-AF86-C3230C3859FC}
		{94647406-D5B1-4163-AB9E-7712FE693E27} = {7ACB81B3-0A18-453C-B285-8453287C5059}
		{F0DF29CF-01F3-4E11-A7EA-27E26686E676} = {A7A32B55-7FE2-4350-8446-D58B98DEA708}
		{0C86FD94-F2AB-41A5-A4D9-F5BF1CC5717F} = {737F7D9A-8BB8-4CC2-8980-3C771429D1A0}
		{5A74D886-C09A-441D-9027-06F86178BF48} = {2E315DA8-527B-4528-913D-58EE8FCEA545}
		{E711880C-EED9-4A19-95ED-B217F6CCDF13} = {47284A82-44E4-48B2-B50B-091F357DBA48}
		{AEF11420-6220-4100-9D91-D524A10F9F60} = {F3983E7E-25D0-44D6-B84F-CBF6A18C65AA}
		{A682828E-9FA1-4A52-A639-B78716D1E480} = {E3E67C0A-4934-465A-AF86-C3230C3859FC}
		{C909A678-63C8-406D-9532-04D9B614EFD8} = {A7A32B55-7FE2-4350-8446-D58B98DEA708}
		{11AF4830-C48C-4278-B0E7-F56A3B8ABBCD} = {737F7D9A-8BB8-4CC2-8980-3C771429D1A0}
		{CC1DCFCB-BE62-4467-9C83-ECF73DF6E9B5} = {2E315DA8-527B-4528-913D-58EE8FCEA545}
		{B6E7EEF1-22E9-4316-B4C6-034EFC555640} = {47284A82-44E4-48B2-B50B-091F357DBA48}
		{5384EF9A-E315-418A-9590-9427EB0B4EDC} = {7ACB81B3-0A18-453C-B285-8453287C5059}
		{BFD86D97-366B-471A-9B84-90B2DEDECAF2} = {2DF78DA5-7F44-4463-A0E2-8B9A501A02C3}
		{4E693CD5-01E6-410C-A96D-1242A2041C4D} = {2DF78DA5-7F44-4463-A0E2-8B9A501A02C3}
		{C1FB1473-CD97-49EF-A1DF-82C097739E41} = {F3983E7E-25D0-44D6-B84F-CBF6A18C65AA}
		{332EFF0C-62CB-43FF-8DC5-979EC4202F83} = {F3983E7E-25D0-44D6-B84F-CBF6A18C65AA}
		{250EB875-0051-483E-A1F5-48493998F543} = {F3983E7E-25D0-44D6-B84F-CBF6A18C65AA}
		{2DD310E2-234B-44ED-A685-CC6BBCE8FE74} = {F3983E7E-25D0-44D6-B84F-CBF6A18C65AA}
		{F38CB11A-4028-47E3-9271-A183FA930F9F} = {47284A82-44E4-48B2-B50B-091F357DBA48}
		{F729142D-5968-4A4E-A63A-D55EF04E7B80} = {47284A82-44E4-48B2-B50B-091F357DBA48}
		{C411DF9A-248F-48D2-B0FE-0EA5116ABF98} = {F3983E7E-25D0-44D6-B84F-CBF6A18C65AA}
		{2D2BA779-790A-4671-B57A-CA79315CD19B} = {F3983E7E-25D0-44D6-B84F-CBF6A18C65AA}
		{F80DA4B5-9FA8-4220-B135-E09DD787F987} = {F3983E7E-25D0-44D6-B84F-CBF6A18C65AA}
		{14B57D75-032D-4A1F-8346-323F490FAA90} = {F3983E7E-25D0-44D6-B84F-CBF6A18C65AA}
		{76974D77-4377-4009-94D7-F959EA25764E} = {F3983E7E-25D0-44D6-B84F-CBF6A18C65AA}
		{06006251-AB77-4221-8F18-8B5BAFE8FC92} = {F3983E7E-25D0-44D6-B84F-CBF6A18C65AA}
		{F1892998-3F81-41FE-BD81-84F50EDD1452} = {F3983E7E-25D0-44D6-B84F-CBF6A18C65AA}
		{ADEB6396-6AA6-4191-9093-6D9B6D8E7A67} = {F3983E7E-25D0-44D6-B84F-CBF6A18C65AA}
		{A72E293D-10C9-4340-AB96-88A7B009E671} = {2E315DA8-527B-4528-913D-58EE8FCEA545}
		{D2F5E90B-ED37-4076-9B25-B47BB8DA4D5E} = {2E315DA8-527B-4528-913D-58EE8FCEA545}
		{73AB530C-497D-4047-AEF1-1890C86271A3} = {F3983E7E-25D0-44D6-B84F-CBF6A18C65AA}
		{10ED3220-02D4-4B9B-9031-4C149D77157D} = {F3983E7E-25D0-44D6-B84F-CBF6A18C65AA}
		{C5F94233-6AA0-437A-B570-0AA3E4A8B464} = {F3983E7E-25D0-44D6-B84F-CBF6A18C65AA}
		{65F9EA76-6FC2-40A7-988D-1DFC64CAAF0E} = {F3983E7E-25D0-44D6-B84F-CBF6A18C65AA}
		{8C6FC8F3-73A6-4824-B7C2-E539512C9C84} = {04847067-33FA-4370-8237-D63099FD7876}
		{3FB80F3B-BA57-4958-AE9C-AAFD5B7BD670} = {E3E67C0A-4934-465A-AF86-C3230C3859FC}
		{4BE0C7A5-959B-45FE-92E0-C3C31B7DC5FE} = {E3E67C0A-4934-465A-AF86-C3230C3859FC}
		{807056B8-DCA5-4138-A9AF-53052477330C} = {737F7D9A-8BB8-4CC2-8980-3C771429D1A0}
		{D06996AC-02D5-40F1-B35C-F14B0FCDC842} = {737F7D9A-8BB8-4CC2-8980-3C771429D1A0}
		{BA1AD115-98C4-4CD8-B7BC-4198876EE5CA} = {7ACB81B3-0A18-453C-B285-8453287C5059}
		{0715045C-C24D-440D-AE64-CDA5C8F9549B} = {737F7D9A-8BB8-4CC2-8980-3C771429D1A0}
		{42FF1CC5-444B-4E80-BF64-6158C6783B44} = {737F7D9A-8BB8-4CC2-8980-3C771429D1A0}
		{FE624143-0436-48FE-9626-4984F254D5B8} = {E3E67C0A-4934-465A-AF86-C3230C3859FC}
		{4C63AD94-EC94-462B-BF23-8E08E2C279CC} = {E3E67C0A-4934-465A-AF86-C3230C3859FC}
		{C4288898-B9A9-40E2-8B91-9FEC513A431F} = {E3E67C0A-4934-465A-AF86-C3230C3859FC}
		{0416AEC0-23FE-432D-ADB8-DEFBBFB044A3} = {F3983E7E-25D0-44D6-B84F-CBF6A18C65AA}
		{7199CCC7-0773-410D-8398-03090F0CEA52} = {E3E67C0A-4934-465A-AF86-C3230C3859FC}
		{E5E24D95-C7B8-4609-B041-E0AAC4BECB7E} = {7ACB81B3-0A18-453C-B285-8453287C5059}
		{97856291-C2D1-42C6-B29E-F7B18922E67D} = {A7A32B55-7FE2-4350-8446-D58B98DEA708}
		{27FA10E1-058A-4C6D-ACE1-0E034791F97C} = {E3E67C0A-4934-465A-AF86-C3230C3859FC}
		{02AD2B79-E14C-4A5F-B8DB-2AD0FBF2C649} = {F3983E7E-25D0-44D6-B84F-CBF6A18C65AA}
		{F77B14F0-698C-436C-8AD0-818D1FDDFC63} = {F3983E7E-25D0-44D6-B84F-CBF6A18C65AA}
		{C4238813-3E07-41ED-ACD6-8614348DE7CC} = {7ACB81B3-0A18-453C-B285-8453287C5059}
		{92F12066-6E53-460E-AF72-EB415EC69227} = {A7A32B55-7FE2-4350-8446-D58B98DEA708}
		{7FAE1BF5-2C59-4EE7-BAF8-50483A34D796} = {A7A32B55-7FE2-4350-8446-D58B98DEA708}
		{94F66318-BB3F-4796-955D-85C409746AC0} = {F3983E7E-25D0-44D6-B84F-CBF6A18C65AA}
		{6E82AB51-843D-43F9-8BEF-C670C956A17F} = {F3983E7E-25D0-44D6-B84F-CBF6A18C65AA}
		{FCB1532F-D383-4814-98D2-96E1890DA7D4} = {F3983E7E-25D0-44D6-B84F-CBF6A18C65AA}
		{E099EF72-B4DA-47C2-88EB-0005EECF0522} = {F3983E7E-25D0-44D6-B84F-CBF6A18C65AA}
		{9C92F205-EA15-4F9D-BFFE-5319095EDA25} = {F3983E7E-25D0-44D6-B84F-CBF6A18C65AA}
		{13ED9906-B427-46C9-8A41-9C8001A08D9F} = {F3983E7E-25D0-44D6-B84F-CBF6A18C65AA}
		{68274FAD-2BAC-4303-A3CE-0F2005C952FC} = {A7A32B55-7FE2-4350-8446-D58B98DEA708}
		{4693741B-3250-4B55-8843-2DE616B71E7A} = {F3983E7E-25D0-44D6-B84F-CBF6A18C65AA}
		{7282288A-48DC-4DFD-A04C-0983CDAAB5DF} = {F3983E7E-25D0-44D6-B84F-CBF6A18C65AA}
		{AF13E36C-3929-4D2D-BCAD-665136C7B915} = {F3983E7E-25D0-44D6-B84F-CBF6A18C65AA}
		{EC4EECC5-4E95-41C4-84C6-E8171D9AE4D6} = {A7A32B55-7FE2-4350-8446-D58B98DEA708}
		{9C1C5814-5F97-450C-B12C-3FDBA707DE75} = {F3983E7E-25D0-44D6-B84F-CBF6A18C65AA}
		{E71EC08E-F9EA-4312-A01A-0C9E959FD56D} = {F3983E7E-25D0-44D6-B84F-CBF6A18C65AA}
		{98456625-9055-48AB-9597-CBC12B80F024} = {F3983E7E-25D0-44D6-B84F-CBF6A18C65AA}
		{C4B019F2-8BF0-4107-9DA8-8895E8F8B39A} = {F3983E7E-25D0-44D6-B84F-CBF6A18C65AA}
		{24A5238A-C3A7-4F86-BFB3-6C2635891565} = {F3983E7E-25D0-44D6-B84F-CBF6A18C65AA}
		{085E8EC3-3892-469F-AE60-7CBE596822C7} = {7ACB81B3-0A18-453C-B285-8453287C5059}
		{126CFCB1-DFF8-44E6-8430-05CFED4AB9B3} = {7ACB81B3-0A18-453C-B285-8453287C5059}
		{AC6D4314-D5CF-42FB-BB18-D21874B5AF77} = {F3983E7E-25D0-44D6-B84F-CBF6A18C65AA}
		{C85C5E53-ABC2-4DC1-91EB-FA84A7800260} = {F3983E7E-25D0-44D6-B84F-CBF6A18C65AA}
		{16D1C219-7F15-426E-86AD-88140B2EED03} = {F4EB270E-D076-4532-8C1C-E29B38F54526}
		{D9C6DBC7-B51B-4372-9164-74B9BAECE7E2} = {F4EB270E-D076-4532-8C1C-E29B38F54526}
		{F3983E7E-25D0-44D6-B84F-CBF6A18C65AA} = {F4EB270E-D076-4532-8C1C-E29B38F54526}
		{9761A7E7-3110-49C1-88BF-4AA191A00A67} = {16D1C219-7F15-426E-86AD-88140B2EED03}
		{47CEFF94-2F9E-4C81-864E-DB7C32C8FD94} = {16D1C219-7F15-426E-86AD-88140B2EED03}
		{86DE98DB-345A-4099-8489-8FF972034E72} = {D0CB5AD4-29A3-45A7-A3B0-EA9BDF06E141}
		{F2BDFDB4-1C2F-44B8-B3F1-B60831AD9A2A} = {D0CB5AD4-29A3-45A7-A3B0-EA9BDF06E141}
		{190886A8-B4F7-4F79-8311-07DFB4ED86B9} = {F3983E7E-25D0-44D6-B84F-CBF6A18C65AA}
		{2DF78DA5-7F44-4463-A0E2-8B9A501A02C3} = {16D1C219-7F15-426E-86AD-88140B2EED03}
		{17DE1A62-9EC5-4E95-B159-642CD315F9F1} = {16D1C219-7F15-426E-86AD-88140B2EED03}
		{DE27438B-D95C-4753-9242-52C6F70851BE} = {16D1C219-7F15-426E-86AD-88140B2EED03}
		{BA99EC44-CBB4-49AB-8E73-CBC08CD89DA8} = {16D1C219-7F15-426E-86AD-88140B2EED03}
		{F7D23AF5-E69B-4E0E-A43C-F20BD7224ABE} = {16D1C219-7F15-426E-86AD-88140B2EED03}
		{361D1B64-DD6B-44E4-B4D1-0515CD1EAE2C} = {16D1C219-7F15-426E-86AD-88140B2EED03}
		{BA492D82-9CF1-4D4E-8F01-7900B69DD5DD} = {D9C6DBC7-B51B-4372-9164-74B9BAECE7E2}
		{47284A82-44E4-48B2-B50B-091F357DBA48} = {BA492D82-9CF1-4D4E-8F01-7900B69DD5DD}
		{2E315DA8-527B-4528-913D-58EE8FCEA545} = {D9C6DBC7-B51B-4372-9164-74B9BAECE7E2}
		{737F7D9A-8BB8-4CC2-8980-3C771429D1A0} = {D9C6DBC7-B51B-4372-9164-74B9BAECE7E2}
		{A7A32B55-7FE2-4350-8446-D58B98DEA708} = {737F7D9A-8BB8-4CC2-8980-3C771429D1A0}
		{7ACB81B3-0A18-453C-B285-8453287C5059} = {D9C6DBC7-B51B-4372-9164-74B9BAECE7E2}
		{E3E67C0A-4934-465A-AF86-C3230C3859FC} = {D9C6DBC7-B51B-4372-9164-74B9BAECE7E2}
		{04847067-33FA-4370-8237-D63099FD7876} = {D9C6DBC7-B51B-4372-9164-74B9BAECE7E2}
		{5955765E-D186-4BD8-8544-5585B43A0983} = {D9C6DBC7-B51B-4372-9164-74B9BAECE7E2}
		{1CE4C181-E4CC-4A37-9FC9-899ECE825A3A} = {17DE1A62-9EC5-4E95-B159-642CD315F9F1}
		{4433448F-90EE-4099-80D8-25D753D4FE21} = {17DE1A62-9EC5-4E95-B159-642CD315F9F1}
		{09301B94-288D-4168-83FE-D12649D92D85} = {17DE1A62-9EC5-4E95-B159-642CD315F9F1}
		{E1EFAE3D-F9DD-4295-835A-1A8BAC829491} = {17DE1A62-9EC5-4E95-B159-642CD315F9F1}
		{82B79F46-E9DC-484D-9D5C-2316B77F99BE} = {DE27438B-D95C-4753-9242-52C6F70851BE}
		{6A0C08CE-12B4-454D-B078-D41E83487487} = {BA99EC44-CBB4-49AB-8E73-CBC08CD89DA8}
		{D0CB5AD4-29A3-45A7-A3B0-EA9BDF06E141} = {BA99EC44-CBB4-49AB-8E73-CBC08CD89DA8}
		{4EDB183A-F473-4E11-B007-CFB9AB8C8793} = {F7D23AF5-E69B-4E0E-A43C-F20BD7224ABE}
		{929A9F64-E565-4C7D-B691-E5972578F895} = {361D1B64-DD6B-44E4-B4D1-0515CD1EAE2C}
	EndGlobalSection
	GlobalSection(ExtensibilityGlobals) = postSolution
		SolutionGuid = {15A5B858-6CBE-4AB6-9342-C0F78341F1CF}
	EndGlobalSection
EndGlobal
