
Microsoft Visual Studio Solution File, Format Version 12.00
# Visual Studio Version 17
VisualStudioVersion = 17.7.34031.279
MinimumVisualStudioVersion = 10.0.40219.1
Project("{2150E333-8FDC-42A3-9474-1A3956D46DE8}") = "03-10-23", "03-10-23", "{319CCFE3-03BE-439E-B014-95E5C459072D}"
EndProject
Project("{8BC9CEB8-8B4A-11D0-8D11-00A0C91BC942}") = "zadacha1", "zadacha1\zadacha1.vcxproj", "{C411DF9A-248F-48D2-B0FE-0EA5116ABF98}"
EndProject
Project("{8BC9CEB8-8B4A-11D0-8D11-00A0C91BC942}") = "zadacha2", "zadacha2\zadacha2.vcxproj", "{06006251-AB77-4221-8F18-8B5BAFE8FC92}"
EndProject
Project("{8BC9CEB8-8B4A-11D0-8D11-00A0C91BC942}") = "zadacha3", "zadacha3\zadacha3.vcxproj", "{F1892998-3F81-41FE-BD81-84F50EDD1452}"
EndProject
Project("{8BC9CEB8-8B4A-11D0-8D11-00A0C91BC942}") = "zadacha4", "zadacha4\zadacha4.vcxproj", "{ADEB6396-6AA6-4191-9093-6D9B6D8E7A67}"
EndProject
Project("{2150E333-8FDC-42A3-9474-1A3956D46DE8}") = "05-10-23", "05-10-23", "{A33AAA92-9A08-4417-8E46-56EAE8D381CA}"
EndProject
Project("{8BC9CEB8-8B4A-11D0-8D11-00A0C91BC942}") = "ConsoleApplication1", "ConsoleApplication1\ConsoleApplication1.vcxproj", "{56C52828-B590-4FFA-9B85-E4B265E8CB83}"
EndProject
Project("{2150E333-8FDC-42A3-9474-1A3956D46DE8}") = "10-10-23", "10-10-23", "{0D68E6BC-77E7-4702-B8E7-DCB122A21BBB}"
EndProject
Project("{2150E333-8FDC-42A3-9474-1A3956D46DE8}") = "Lab_exercise_1", "Lab_exercise_1", "{071D8C89-68E3-4A36-A21D-14212D5964A2}"
EndProject
Project("{8BC9CEB8-8B4A-11D0-8D11-00A0C91BC942}") = "1_Rectangle", "zad1\zad1.vcxproj", "{F3BE9757-2DC3-4A7E-8FBD-EF9F50F0CF5E}"
EndProject
Project("{8BC9CEB8-8B4A-11D0-8D11-00A0C91BC942}") = "2_Circle", "2_Circle\2_Circle.vcxproj", "{84AC13BA-826E-4986-BA3A-179FBB8AE233}"
EndProject
Project("{8BC9CEB8-8B4A-11D0-8D11-00A0C91BC942}") = "3_VarSwap", "3_VarSwap\3_VarSwap.vcxproj", "{47042C0A-F8C8-418F-81F2-B50A66BC048A}"
EndProject
Project("{8BC9CEB8-8B4A-11D0-8D11-00A0C91BC942}") = "4_Hello", "4_Hello\4_Hello.vcxproj", "{4724ECDD-B37F-4AE3-8884-2784D570B1E3}"
EndProject
Project("{2150E333-8FDC-42A3-9474-1A3956D46DE8}") = "Lab_Exercises_1-Add_tasks", "Lab_Exercises_1-Add_tasks", "{159723E1-A137-4A89-9003-7F6561D87AB0}"
EndProject
Project("{8BC9CEB8-8B4A-11D0-8D11-00A0C91BC942}") = "1_meWeight", "1_me\1_me.vcxproj", "{E711880C-EED9-4A19-95ED-B217F6CCDF13}"
EndProject
Project("{8BC9CEB8-8B4A-11D0-8D11-00A0C91BC942}") = "2_ThreeDigitNumber", "2_ThreeDigitNumber\2_ThreeDigitNumber.vcxproj", "{B6E7EEF1-22E9-4316-B4C6-034EFC555640}"
EndProject
Project("{8BC9CEB8-8B4A-11D0-8D11-00A0C91BC942}") = "3_avgSqrt", "3_avgSqrt\3_avgSqrt.vcxproj", "{F38CB11A-4028-47E3-9271-A183FA930F9F}"
EndProject
Project("{8BC9CEB8-8B4A-11D0-8D11-00A0C91BC942}") = "4_DegToRad", "4_DegToRad\4_DegToRad.vcxproj", "{F729142D-5968-4A4E-A63A-D55EF04E7B80}"
EndProject
Project("{8BC9CEB8-8B4A-11D0-8D11-00A0C91BC942}") = "1_intCharBool", "1_intCharBool\1_intCharBool.vcxproj", "{5A74D886-C09A-441D-9027-06F86178BF48}"
EndProject
Project("{8BC9CEB8-8B4A-11D0-8D11-00A0C91BC942}") = "2_maths", "2_maths\2_maths.vcxproj", "{CC1DCFCB-BE62-4467-9C83-ECF73DF6E9B5}"
EndProject
Project("{8BC9CEB8-8B4A-11D0-8D11-00A0C91BC942}") = "3_quickMath", "3_quickMath\3_quickMath.vcxproj", "{A72E293D-10C9-4340-AB96-88A7B009E671}"
EndProject
Project("{8BC9CEB8-8B4A-11D0-8D11-00A0C91BC942}") = "4_Pobitovi", "4_Pobitovi\4_Pobitovi.vcxproj", "{D2F5E90B-ED37-4076-9B25-B47BB8DA4D5E}"
EndProject
Project("{2150E333-8FDC-42A3-9474-1A3956D46DE8}") = ".custom", ".custom", "{BA64FBF9-81C4-49DC-A4D7-507A9566A982}"
EndProject
Project("{8BC9CEB8-8B4A-11D0-8D11-00A0C91BC942}") = "3_sumEvenNumbers", "3_sumEvenNumbers\3_sumEvenNumbers.vcxproj", "{73AB530C-497D-4047-AEF1-1890C86271A3}"
EndProject
Project("{2150E333-8FDC-42A3-9474-1A3956D46DE8}") = "16-10-23", "16-10-23", "{7CCEF74B-312B-46A1-A85B-4666796291E2}"
EndProject
Project("{8BC9CEB8-8B4A-11D0-8D11-00A0C91BC942}") = "1_RomanNumerals", "1_RomanNumbers\1_RomanNumbers.vcxproj", "{0C86FD94-F2AB-41A5-A4D9-F5BF1CC5717F}"
EndProject
Project("{8BC9CEB8-8B4A-11D0-8D11-00A0C91BC942}") = "2_ReverseRome", "2_ReverseRome\2_ReverseRome.vcxproj", "{11AF4830-C48C-4278-B0E7-F56A3B8ABBCD}"
EndProject
Project("{8BC9CEB8-8B4A-11D0-8D11-00A0C91BC942}") = "3_CompareIncludedLimits", "3_CompareIncludedLimits\3_CompareIncludedLimits.vcxproj", "{807056B8-DCA5-4138-A9AF-53052477330C}"
EndProject
Project("{8BC9CEB8-8B4A-11D0-8D11-00A0C91BC942}") = "4_NumberDestroyer", "4_NumberDestroyer\4_NumberDestroyer.vcxproj", "{D06996AC-02D5-40F1-B35C-F14B0FCDC842}"
EndProject
Project("{8BC9CEB8-8B4A-11D0-8D11-00A0C91BC942}") = "5_RandExplorer", "5_RandExplorer\5_RandExplorer.vcxproj", "{0715045C-C24D-440D-AE64-CDA5C8F9549B}"
EndProject
Project("{8BC9CEB8-8B4A-11D0-8D11-00A0C91BC942}") = "6_RandExplorerTwo", "6_RandExplorerTwo\6_RandExplorerTwo.vcxproj", "{42FF1CC5-444B-4E80-BF64-6158C6783B44}"
EndProject
Project("{2150E333-8FDC-42A3-9474-1A3956D46DE8}") = "more", "more", "{D78BA27E-78A8-47C3-ADD5-A31FE3E94DE4}"
EndProject
Project("{8BC9CEB8-8B4A-11D0-8D11-00A0C91BC942}") = "1_SmallestNumOfThree", "1_SmallestNumOfThree\1_SmallestNumOfThree.vcxproj", "{F0DF29CF-01F3-4E11-A7EA-27E26686E676}"
EndProject
Project("{8BC9CEB8-8B4A-11D0-8D11-00A0C91BC942}") = "2_ZodiacDates", "2_ZodiacDates\2_ZodiacDates.vcxproj", "{C909A678-63C8-406D-9532-04D9B614EFD8}"
EndProject
Project("{8BC9CEB8-8B4A-11D0-8D11-00A0C91BC942}") = "3_ZeroNineToWords", "3_ZeroNineToWords\3_ZeroNineToWords.vcxproj", "{97856291-C2D1-42C6-B29E-F7B18922E67D}"
EndProject
Project("{8BC9CEB8-8B4A-11D0-8D11-00A0C91BC942}") = "4_Grades", "4_Grades\4_Grades.vcxproj", "{92F12066-6E53-460E-AF72-EB415EC69227}"
EndProject
Project("{8BC9CEB8-8B4A-11D0-8D11-00A0C91BC942}") = "5_MoreGrades", "5_MoreGrades\5_MoreGrades.vcxproj", "{7FAE1BF5-2C59-4EE7-BAF8-50483A34D796}"
EndProject
Project("{8BC9CEB8-8B4A-11D0-8D11-00A0C91BC942}") = "6_SortNumsSmallestBiggest", "6_SortNumsSmallestBiggest\6_SortNumsSmallestBiggest.vcxproj", "{68274FAD-2BAC-4303-A3CE-0F2005C952FC}"
EndProject
Project("{2150E333-8FDC-42A3-9474-1A3956D46DE8}") = "24-10-23", "24-10-23", "{9B184DA1-035C-4C5C-81B2-2DCA68AE86C6}"
EndProject
Project("{8BC9CEB8-8B4A-11D0-8D11-00A0C91BC942}") = "1_CountNums", "1_CountNums\1_CountNums.vcxproj", "{94647406-D5B1-4163-AB9E-7712FE693E27}"
EndProject
Project("{8BC9CEB8-8B4A-11D0-8D11-00A0C91BC942}") = "2_CalcNums", "2_CalcNums\2_CalcNums.vcxproj", "{5384EF9A-E315-418A-9590-9427EB0B4EDC}"
EndProject
Project("{8BC9CEB8-8B4A-11D0-8D11-00A0C91BC942}") = "3_ReverseNums", "3_ReverseNums\3_ReverseNums.vcxproj", "{BA1AD115-98C4-4CD8-B7BC-4198876EE5CA}"
EndProject
Project("{8BC9CEB8-8B4A-11D0-8D11-00A0C91BC942}") = "4_NumbersHistogram", "4_NumbersHistogram\4_NumbersHistogram.vcxproj", "{C4238813-3E07-41ED-ACD6-8614348DE7CC}"
EndProject
Project("{8BC9CEB8-8B4A-11D0-8D11-00A0C91BC942}") = "5_MiddlePointStarTriangle", "5_MiddlePointStarTriangle\5_MiddlePointStarTriangle.vcxproj", "{94F66318-BB3F-4796-955D-85C409746AC0}"
EndProject
Project("{8BC9CEB8-8B4A-11D0-8D11-00A0C91BC942}") = "7_findY", "7_findY\7_findY.vcxproj", "{EC4EECC5-4E95-41C4-84C6-E8171D9AE4D6}"
EndProject
Project("{8BC9CEB8-8B4A-11D0-8D11-00A0C91BC942}") = "8_gdcN", "8_gdcN\8_gdcN.vcxproj", "{126CFCB1-DFF8-44E6-8430-05CFED4AB9B3}"
EndProject
Project("{8BC9CEB8-8B4A-11D0-8D11-00A0C91BC942}") = "9_mnInts", "9_mnInts\9_mnInts.vcxproj", "{085E8EC3-3892-469F-AE60-7CBE596822C7}"
EndProject
Project("{8BC9CEB8-8B4A-11D0-8D11-00A0C91BC942}") = "10_firstWithThree", "10_firstWithThree\10_firstWithThree.vcxproj", "{E5E24D95-C7B8-4609-B041-E0AAC4BECB7E}"
EndProject
Project("{2150E333-8FDC-42A3-9474-1A3956D46DE8}") = "30-10-23_7-11-23", "30-10-23_7-11-23", "{50C2F3F7-F114-48D3-966F-E2FC581E64DD}"
EndProject
Project("{2150E333-8FDC-42A3-9474-1A3956D46DE8}") = "30-10-23", "30-10-23", "{495BB314-BB60-447C-B12D-14C80A4CDBD3}"
EndProject
Project("{2150E333-8FDC-42A3-9474-1A3956D46DE8}") = "7-11-23", "7-11-23", "{9B7F55D6-A74A-481B-96E6-424A8CF70173}"
EndProject
Project("{8BC9CEB8-8B4A-11D0-8D11-00A0C91BC942}") = "narr", "narr\narr.vcxproj", "{2DD310E2-234B-44ED-A685-CC6BBCE8FE74}"
EndProject
Project("{8BC9CEB8-8B4A-11D0-8D11-00A0C91BC942}") = "2dArr_1", "2dArr_1\2dArr_1.vcxproj", "{332EFF0C-62CB-43FF-8DC5-979EC4202F83}"
EndProject
Project("{2150E333-8FDC-42A3-9474-1A3956D46DE8}") = "11-11-23", "11-11-23", "{E77DB938-89C7-44CF-A10B-6961F5430E78}"
EndProject
Project("{8BC9CEB8-8B4A-11D0-8D11-00A0C91BC942}") = "TheCherno2dExample_w_PerformanceBoost", "TheCherno2dExample_w_PerformanceBoost\TheCherno2dExample_w_PerformanceBoost.vcxproj", "{B19001E5-9599-43F7-A646-80C1C23A1F48}"
EndProject
Project("{2150E333-8FDC-42A3-9474-1A3956D46DE8}") = "12-11-23", "12-11-23", "{01AC3519-4C1C-4E24-A9A8-B9B0B44F5FB8}"
EndProject
Project("{8BC9CEB8-8B4A-11D0-8D11-00A0C91BC942}") = "ArrayWithSteps", "ArrayWithSteps\ArrayWithSteps.vcxproj", "{250EB875-0051-483E-A1F5-48493998F543}"
EndProject
Project("{2150E333-8FDC-42A3-9474-1A3956D46DE8}") = "10-11-23", "10-11-23", "{11E22078-0449-4A1A-A388-E96174A20024}"
EndProject
Project("{8BC9CEB8-8B4A-11D0-8D11-00A0C91BC942}") = "2DArray_2_5_30", "2DArray_2_5_30\2DArray_2_5_30.vcxproj", "{C1FB1473-CD97-49EF-A1DF-82C097739E41}"
EndProject
Global
	GlobalSection(SolutionConfigurationPlatforms) = preSolution
		Debug|x64 = Debug|x64
		Debug|x86 = Debug|x86
		Release|x64 = Release|x64
		Release|x86 = Release|x86
	EndGlobalSection
	GlobalSection(ProjectConfigurationPlatforms) = postSolution
		{C411DF9A-248F-48D2-B0FE-0EA5116ABF98}.Debug|x64.ActiveCfg = Debug|x64
		{C411DF9A-248F-48D2-B0FE-0EA5116ABF98}.Debug|x64.Build.0 = Debug|x64
		{C411DF9A-248F-48D2-B0FE-0EA5116ABF98}.Debug|x86.ActiveCfg = Debug|Win32
		{C411DF9A-248F-48D2-B0FE-0EA5116ABF98}.Debug|x86.Build.0 = Debug|Win32
		{C411DF9A-248F-48D2-B0FE-0EA5116ABF98}.Release|x64.ActiveCfg = Release|x64
		{C411DF9A-248F-48D2-B0FE-0EA5116ABF98}.Release|x64.Build.0 = Release|x64
		{C411DF9A-248F-48D2-B0FE-0EA5116ABF98}.Release|x86.ActiveCfg = Release|Win32
		{C411DF9A-248F-48D2-B0FE-0EA5116ABF98}.Release|x86.Build.0 = Release|Win32
		{06006251-AB77-4221-8F18-8B5BAFE8FC92}.Debug|x64.ActiveCfg = Debug|x64
		{06006251-AB77-4221-8F18-8B5BAFE8FC92}.Debug|x64.Build.0 = Debug|x64
		{06006251-AB77-4221-8F18-8B5BAFE8FC92}.Debug|x86.ActiveCfg = Debug|Win32
		{06006251-AB77-4221-8F18-8B5BAFE8FC92}.Debug|x86.Build.0 = Debug|Win32
		{06006251-AB77-4221-8F18-8B5BAFE8FC92}.Release|x64.ActiveCfg = Release|x64
		{06006251-AB77-4221-8F18-8B5BAFE8FC92}.Release|x64.Build.0 = Release|x64
		{06006251-AB77-4221-8F18-8B5BAFE8FC92}.Release|x86.ActiveCfg = Release|Win32
		{06006251-AB77-4221-8F18-8B5BAFE8FC92}.Release|x86.Build.0 = Release|Win32
		{F1892998-3F81-41FE-BD81-84F50EDD1452}.Debug|x64.ActiveCfg = Debug|x64
		{F1892998-3F81-41FE-BD81-84F50EDD1452}.Debug|x64.Build.0 = Debug|x64
		{F1892998-3F81-41FE-BD81-84F50EDD1452}.Debug|x86.ActiveCfg = Debug|Win32
		{F1892998-3F81-41FE-BD81-84F50EDD1452}.Debug|x86.Build.0 = Debug|Win32
		{F1892998-3F81-41FE-BD81-84F50EDD1452}.Release|x64.ActiveCfg = Release|x64
		{F1892998-3F81-41FE-BD81-84F50EDD1452}.Release|x64.Build.0 = Release|x64
		{F1892998-3F81-41FE-BD81-84F50EDD1452}.Release|x86.ActiveCfg = Release|Win32
		{F1892998-3F81-41FE-BD81-84F50EDD1452}.Release|x86.Build.0 = Release|Win32
		{ADEB6396-6AA6-4191-9093-6D9B6D8E7A67}.Debug|x64.ActiveCfg = Debug|x64
		{ADEB6396-6AA6-4191-9093-6D9B6D8E7A67}.Debug|x64.Build.0 = Debug|x64
		{ADEB6396-6AA6-4191-9093-6D9B6D8E7A67}.Debug|x86.ActiveCfg = Debug|Win32
		{ADEB6396-6AA6-4191-9093-6D9B6D8E7A67}.Debug|x86.Build.0 = Debug|Win32
		{ADEB6396-6AA6-4191-9093-6D9B6D8E7A67}.Release|x64.ActiveCfg = Release|x64
		{ADEB6396-6AA6-4191-9093-6D9B6D8E7A67}.Release|x64.Build.0 = Release|x64
		{ADEB6396-6AA6-4191-9093-6D9B6D8E7A67}.Release|x86.ActiveCfg = Release|Win32
		{ADEB6396-6AA6-4191-9093-6D9B6D8E7A67}.Release|x86.Build.0 = Release|Win32
		{56C52828-B590-4FFA-9B85-E4B265E8CB83}.Debug|x64.ActiveCfg = Debug|x64
		{56C52828-B590-4FFA-9B85-E4B265E8CB83}.Debug|x64.Build.0 = Debug|x64
		{56C52828-B590-4FFA-9B85-E4B265E8CB83}.Debug|x86.ActiveCfg = Debug|Win32
		{56C52828-B590-4FFA-9B85-E4B265E8CB83}.Debug|x86.Build.0 = Debug|Win32
		{56C52828-B590-4FFA-9B85-E4B265E8CB83}.Release|x64.ActiveCfg = Release|x64
		{56C52828-B590-4FFA-9B85-E4B265E8CB83}.Release|x64.Build.0 = Release|x64
		{56C52828-B590-4FFA-9B85-E4B265E8CB83}.Release|x86.ActiveCfg = Release|Win32
		{56C52828-B590-4FFA-9B85-E4B265E8CB83}.Release|x86.Build.0 = Release|Win32
		{F3BE9757-2DC3-4A7E-8FBD-EF9F50F0CF5E}.Debug|x64.ActiveCfg = Debug|x64
		{F3BE9757-2DC3-4A7E-8FBD-EF9F50F0CF5E}.Debug|x64.Build.0 = Debug|x64
		{F3BE9757-2DC3-4A7E-8FBD-EF9F50F0CF5E}.Debug|x86.ActiveCfg = Debug|Win32
		{F3BE9757-2DC3-4A7E-8FBD-EF9F50F0CF5E}.Debug|x86.Build.0 = Debug|Win32
		{F3BE9757-2DC3-4A7E-8FBD-EF9F50F0CF5E}.Release|x64.ActiveCfg = Release|x64
		{F3BE9757-2DC3-4A7E-8FBD-EF9F50F0CF5E}.Release|x64.Build.0 = Release|x64
		{F3BE9757-2DC3-4A7E-8FBD-EF9F50F0CF5E}.Release|x86.ActiveCfg = Release|Win32
		{F3BE9757-2DC3-4A7E-8FBD-EF9F50F0CF5E}.Release|x86.Build.0 = Release|Win32
		{84AC13BA-826E-4986-BA3A-179FBB8AE233}.Debug|x64.ActiveCfg = Debug|x64
		{84AC13BA-826E-4986-BA3A-179FBB8AE233}.Debug|x64.Build.0 = Debug|x64
		{84AC13BA-826E-4986-BA3A-179FBB8AE233}.Debug|x86.ActiveCfg = Debug|Win32
		{84AC13BA-826E-4986-BA3A-179FBB8AE233}.Debug|x86.Build.0 = Debug|Win32
		{84AC13BA-826E-4986-BA3A-179FBB8AE233}.Release|x64.ActiveCfg = Release|x64
		{84AC13BA-826E-4986-BA3A-179FBB8AE233}.Release|x64.Build.0 = Release|x64
		{84AC13BA-826E-4986-BA3A-179FBB8AE233}.Release|x86.ActiveCfg = Release|Win32
		{84AC13BA-826E-4986-BA3A-179FBB8AE233}.Release|x86.Build.0 = Release|Win32
		{47042C0A-F8C8-418F-81F2-B50A66BC048A}.Debug|x64.ActiveCfg = Debug|x64
		{47042C0A-F8C8-418F-81F2-B50A66BC048A}.Debug|x64.Build.0 = Debug|x64
		{47042C0A-F8C8-418F-81F2-B50A66BC048A}.Debug|x86.ActiveCfg = Debug|Win32
		{47042C0A-F8C8-418F-81F2-B50A66BC048A}.Debug|x86.Build.0 = Debug|Win32
		{47042C0A-F8C8-418F-81F2-B50A66BC048A}.Release|x64.ActiveCfg = Release|x64
		{47042C0A-F8C8-418F-81F2-B50A66BC048A}.Release|x64.Build.0 = Release|x64
		{47042C0A-F8C8-418F-81F2-B50A66BC048A}.Release|x86.ActiveCfg = Release|Win32
		{47042C0A-F8C8-418F-81F2-B50A66BC048A}.Release|x86.Build.0 = Release|Win32
		{4724ECDD-B37F-4AE3-8884-2784D570B1E3}.Debug|x64.ActiveCfg = Debug|x64
		{4724ECDD-B37F-4AE3-8884-2784D570B1E3}.Debug|x64.Build.0 = Debug|x64
		{4724ECDD-B37F-4AE3-8884-2784D570B1E3}.Debug|x86.ActiveCfg = Debug|Win32
		{4724ECDD-B37F-4AE3-8884-2784D570B1E3}.Debug|x86.Build.0 = Debug|Win32
		{4724ECDD-B37F-4AE3-8884-2784D570B1E3}.Release|x64.ActiveCfg = Release|x64
		{4724ECDD-B37F-4AE3-8884-2784D570B1E3}.Release|x64.Build.0 = Release|x64
		{4724ECDD-B37F-4AE3-8884-2784D570B1E3}.Release|x86.ActiveCfg = Release|Win32
		{4724ECDD-B37F-4AE3-8884-2784D570B1E3}.Release|x86.Build.0 = Release|Win32
		{E711880C-EED9-4A19-95ED-B217F6CCDF13}.Debug|x64.ActiveCfg = Debug|x64
		{E711880C-EED9-4A19-95ED-B217F6CCDF13}.Debug|x64.Build.0 = Debug|x64
		{E711880C-EED9-4A19-95ED-B217F6CCDF13}.Debug|x86.ActiveCfg = Debug|Win32
		{E711880C-EED9-4A19-95ED-B217F6CCDF13}.Debug|x86.Build.0 = Debug|Win32
		{E711880C-EED9-4A19-95ED-B217F6CCDF13}.Release|x64.ActiveCfg = Release|x64
		{E711880C-EED9-4A19-95ED-B217F6CCDF13}.Release|x64.Build.0 = Release|x64
		{E711880C-EED9-4A19-95ED-B217F6CCDF13}.Release|x86.ActiveCfg = Release|Win32
		{E711880C-EED9-4A19-95ED-B217F6CCDF13}.Release|x86.Build.0 = Release|Win32
		{B6E7EEF1-22E9-4316-B4C6-034EFC555640}.Debug|x64.ActiveCfg = Debug|x64
		{B6E7EEF1-22E9-4316-B4C6-034EFC555640}.Debug|x64.Build.0 = Debug|x64
		{B6E7EEF1-22E9-4316-B4C6-034EFC555640}.Debug|x86.ActiveCfg = Debug|Win32
		{B6E7EEF1-22E9-4316-B4C6-034EFC555640}.Debug|x86.Build.0 = Debug|Win32
		{B6E7EEF1-22E9-4316-B4C6-034EFC555640}.Release|x64.ActiveCfg = Release|x64
		{B6E7EEF1-22E9-4316-B4C6-034EFC555640}.Release|x64.Build.0 = Release|x64
		{B6E7EEF1-22E9-4316-B4C6-034EFC555640}.Release|x86.ActiveCfg = Release|Win32
		{B6E7EEF1-22E9-4316-B4C6-034EFC555640}.Release|x86.Build.0 = Release|Win32
		{F38CB11A-4028-47E3-9271-A183FA930F9F}.Debug|x64.ActiveCfg = Debug|x64
		{F38CB11A-4028-47E3-9271-A183FA930F9F}.Debug|x64.Build.0 = Debug|x64
		{F38CB11A-4028-47E3-9271-A183FA930F9F}.Debug|x86.ActiveCfg = Debug|Win32
		{F38CB11A-4028-47E3-9271-A183FA930F9F}.Debug|x86.Build.0 = Debug|Win32
		{F38CB11A-4028-47E3-9271-A183FA930F9F}.Release|x64.ActiveCfg = Release|x64
		{F38CB11A-4028-47E3-9271-A183FA930F9F}.Release|x64.Build.0 = Release|x64
		{F38CB11A-4028-47E3-9271-A183FA930F9F}.Release|x86.ActiveCfg = Release|Win32
		{F38CB11A-4028-47E3-9271-A183FA930F9F}.Release|x86.Build.0 = Release|Win32
		{F729142D-5968-4A4E-A63A-D55EF04E7B80}.Debug|x64.ActiveCfg = Debug|x64
		{F729142D-5968-4A4E-A63A-D55EF04E7B80}.Debug|x64.Build.0 = Debug|x64
		{F729142D-5968-4A4E-A63A-D55EF04E7B80}.Debug|x86.ActiveCfg = Debug|Win32
		{F729142D-5968-4A4E-A63A-D55EF04E7B80}.Debug|x86.Build.0 = Debug|Win32
		{F729142D-5968-4A4E-A63A-D55EF04E7B80}.Release|x64.ActiveCfg = Release|x64
		{F729142D-5968-4A4E-A63A-D55EF04E7B80}.Release|x64.Build.0 = Release|x64
		{F729142D-5968-4A4E-A63A-D55EF04E7B80}.Release|x86.ActiveCfg = Release|Win32
		{F729142D-5968-4A4E-A63A-D55EF04E7B80}.Release|x86.Build.0 = Release|Win32
		{5A74D886-C09A-441D-9027-06F86178BF48}.Debug|x64.ActiveCfg = Debug|x64
		{5A74D886-C09A-441D-9027-06F86178BF48}.Debug|x64.Build.0 = Debug|x64
		{5A74D886-C09A-441D-9027-06F86178BF48}.Debug|x86.ActiveCfg = Debug|Win32
		{5A74D886-C09A-441D-9027-06F86178BF48}.Debug|x86.Build.0 = Debug|Win32
		{5A74D886-C09A-441D-9027-06F86178BF48}.Release|x64.ActiveCfg = Release|x64
		{5A74D886-C09A-441D-9027-06F86178BF48}.Release|x64.Build.0 = Release|x64
		{5A74D886-C09A-441D-9027-06F86178BF48}.Release|x86.ActiveCfg = Release|Win32
		{5A74D886-C09A-441D-9027-06F86178BF48}.Release|x86.Build.0 = Release|Win32
		{CC1DCFCB-BE62-4467-9C83-ECF73DF6E9B5}.Debug|x64.ActiveCfg = Debug|x64
		{CC1DCFCB-BE62-4467-9C83-ECF73DF6E9B5}.Debug|x64.Build.0 = Debug|x64
		{CC1DCFCB-BE62-4467-9C83-ECF73DF6E9B5}.Debug|x86.ActiveCfg = Debug|Win32
		{CC1DCFCB-BE62-4467-9C83-ECF73DF6E9B5}.Debug|x86.Build.0 = Debug|Win32
		{CC1DCFCB-BE62-4467-9C83-ECF73DF6E9B5}.Release|x64.ActiveCfg = Release|x64
		{CC1DCFCB-BE62-4467-9C83-ECF73DF6E9B5}.Release|x64.Build.0 = Release|x64
		{CC1DCFCB-BE62-4467-9C83-ECF73DF6E9B5}.Release|x86.ActiveCfg = Release|Win32
		{CC1DCFCB-BE62-4467-9C83-ECF73DF6E9B5}.Release|x86.Build.0 = Release|Win32
		{A72E293D-10C9-4340-AB96-88A7B009E671}.Debug|x64.ActiveCfg = Debug|x64
		{A72E293D-10C9-4340-AB96-88A7B009E671}.Debug|x64.Build.0 = Debug|x64
		{A72E293D-10C9-4340-AB96-88A7B009E671}.Debug|x86.ActiveCfg = Debug|Win32
		{A72E293D-10C9-4340-AB96-88A7B009E671}.Debug|x86.Build.0 = Debug|Win32
		{A72E293D-10C9-4340-AB96-88A7B009E671}.Release|x64.ActiveCfg = Release|x64
		{A72E293D-10C9-4340-AB96-88A7B009E671}.Release|x64.Build.0 = Release|x64
		{A72E293D-10C9-4340-AB96-88A7B009E671}.Release|x86.ActiveCfg = Release|Win32
		{A72E293D-10C9-4340-AB96-88A7B009E671}.Release|x86.Build.0 = Release|Win32
		{D2F5E90B-ED37-4076-9B25-B47BB8DA4D5E}.Debug|x64.ActiveCfg = Debug|x64
		{D2F5E90B-ED37-4076-9B25-B47BB8DA4D5E}.Debug|x64.Build.0 = Debug|x64
		{D2F5E90B-ED37-4076-9B25-B47BB8DA4D5E}.Debug|x86.ActiveCfg = Debug|Win32
		{D2F5E90B-ED37-4076-9B25-B47BB8DA4D5E}.Debug|x86.Build.0 = Debug|Win32
		{D2F5E90B-ED37-4076-9B25-B47BB8DA4D5E}.Release|x64.ActiveCfg = Release|x64
		{D2F5E90B-ED37-4076-9B25-B47BB8DA4D5E}.Release|x64.Build.0 = Release|x64
		{D2F5E90B-ED37-4076-9B25-B47BB8DA4D5E}.Release|x86.ActiveCfg = Release|Win32
		{D2F5E90B-ED37-4076-9B25-B47BB8DA4D5E}.Release|x86.Build.0 = Release|Win32
		{73AB530C-497D-4047-AEF1-1890C86271A3}.Debug|x64.ActiveCfg = Debug|x64
		{73AB530C-497D-4047-AEF1-1890C86271A3}.Debug|x64.Build.0 = Debug|x64
		{73AB530C-497D-4047-AEF1-1890C86271A3}.Debug|x86.ActiveCfg = Debug|Win32
		{73AB530C-497D-4047-AEF1-1890C86271A3}.Debug|x86.Build.0 = Debug|Win32
		{73AB530C-497D-4047-AEF1-1890C86271A3}.Release|x64.ActiveCfg = Release|x64
		{73AB530C-497D-4047-AEF1-1890C86271A3}.Release|x64.Build.0 = Release|x64
		{73AB530C-497D-4047-AEF1-1890C86271A3}.Release|x86.ActiveCfg = Release|Win32
		{73AB530C-497D-4047-AEF1-1890C86271A3}.Release|x86.Build.0 = Release|Win32
		{0C86FD94-F2AB-41A5-A4D9-F5BF1CC5717F}.Debug|x64.ActiveCfg = Debug|x64
		{0C86FD94-F2AB-41A5-A4D9-F5BF1CC5717F}.Debug|x64.Build.0 = Debug|x64
		{0C86FD94-F2AB-41A5-A4D9-F5BF1CC5717F}.Debug|x86.ActiveCfg = Debug|Win32
		{0C86FD94-F2AB-41A5-A4D9-F5BF1CC5717F}.Debug|x86.Build.0 = Debug|Win32
		{0C86FD94-F2AB-41A5-A4D9-F5BF1CC5717F}.Release|x64.ActiveCfg = Release|x64
		{0C86FD94-F2AB-41A5-A4D9-F5BF1CC5717F}.Release|x64.Build.0 = Release|x64
		{0C86FD94-F2AB-41A5-A4D9-F5BF1CC5717F}.Release|x86.ActiveCfg = Release|Win32
		{0C86FD94-F2AB-41A5-A4D9-F5BF1CC5717F}.Release|x86.Build.0 = Release|Win32
		{11AF4830-C48C-4278-B0E7-F56A3B8ABBCD}.Debug|x64.ActiveCfg = Debug|x64
		{11AF4830-C48C-4278-B0E7-F56A3B8ABBCD}.Debug|x64.Build.0 = Debug|x64
		{11AF4830-C48C-4278-B0E7-F56A3B8ABBCD}.Debug|x86.ActiveCfg = Debug|Win32
		{11AF4830-C48C-4278-B0E7-F56A3B8ABBCD}.Debug|x86.Build.0 = Debug|Win32
		{11AF4830-C48C-4278-B0E7-F56A3B8ABBCD}.Release|x64.ActiveCfg = Release|x64
		{11AF4830-C48C-4278-B0E7-F56A3B8ABBCD}.Release|x64.Build.0 = Release|x64
		{11AF4830-C48C-4278-B0E7-F56A3B8ABBCD}.Release|x86.ActiveCfg = Release|Win32
		{11AF4830-C48C-4278-B0E7-F56A3B8ABBCD}.Release|x86.Build.0 = Release|Win32
		{807056B8-DCA5-4138-A9AF-53052477330C}.Debug|x64.ActiveCfg = Debug|x64
		{807056B8-DCA5-4138-A9AF-53052477330C}.Debug|x64.Build.0 = Debug|x64
		{807056B8-DCA5-4138-A9AF-53052477330C}.Debug|x86.ActiveCfg = Debug|Win32
		{807056B8-DCA5-4138-A9AF-53052477330C}.Debug|x86.Build.0 = Debug|Win32
		{807056B8-DCA5-4138-A9AF-53052477330C}.Release|x64.ActiveCfg = Release|x64
		{807056B8-DCA5-4138-A9AF-53052477330C}.Release|x64.Build.0 = Release|x64
		{807056B8-DCA5-4138-A9AF-53052477330C}.Release|x86.ActiveCfg = Release|Win32
		{807056B8-DCA5-4138-A9AF-53052477330C}.Release|x86.Build.0 = Release|Win32
		{D06996AC-02D5-40F1-B35C-F14B0FCDC842}.Debug|x64.ActiveCfg = Debug|x64
		{D06996AC-02D5-40F1-B35C-F14B0FCDC842}.Debug|x64.Build.0 = Debug|x64
		{D06996AC-02D5-40F1-B35C-F14B0FCDC842}.Debug|x86.ActiveCfg = Debug|Win32
		{D06996AC-02D5-40F1-B35C-F14B0FCDC842}.Debug|x86.Build.0 = Debug|Win32
		{D06996AC-02D5-40F1-B35C-F14B0FCDC842}.Release|x64.ActiveCfg = Release|x64
		{D06996AC-02D5-40F1-B35C-F14B0FCDC842}.Release|x64.Build.0 = Release|x64
		{D06996AC-02D5-40F1-B35C-F14B0FCDC842}.Release|x86.ActiveCfg = Release|Win32
		{D06996AC-02D5-40F1-B35C-F14B0FCDC842}.Release|x86.Build.0 = Release|Win32
		{0715045C-C24D-440D-AE64-CDA5C8F9549B}.Debug|x64.ActiveCfg = Debug|x64
		{0715045C-C24D-440D-AE64-CDA5C8F9549B}.Debug|x64.Build.0 = Debug|x64
		{0715045C-C24D-440D-AE64-CDA5C8F9549B}.Debug|x86.ActiveCfg = Debug|Win32
		{0715045C-C24D-440D-AE64-CDA5C8F9549B}.Debug|x86.Build.0 = Debug|Win32
		{0715045C-C24D-440D-AE64-CDA5C8F9549B}.Release|x64.ActiveCfg = Release|x64
		{0715045C-C24D-440D-AE64-CDA5C8F9549B}.Release|x64.Build.0 = Release|x64
		{0715045C-C24D-440D-AE64-CDA5C8F9549B}.Release|x86.ActiveCfg = Release|Win32
		{0715045C-C24D-440D-AE64-CDA5C8F9549B}.Release|x86.Build.0 = Release|Win32
		{42FF1CC5-444B-4E80-BF64-6158C6783B44}.Debug|x64.ActiveCfg = Debug|x64
		{42FF1CC5-444B-4E80-BF64-6158C6783B44}.Debug|x64.Build.0 = Debug|x64
		{42FF1CC5-444B-4E80-BF64-6158C6783B44}.Debug|x86.ActiveCfg = Debug|Win32
		{42FF1CC5-444B-4E80-BF64-6158C6783B44}.Debug|x86.Build.0 = Debug|Win32
		{42FF1CC5-444B-4E80-BF64-6158C6783B44}.Release|x64.ActiveCfg = Release|x64
		{42FF1CC5-444B-4E80-BF64-6158C6783B44}.Release|x64.Build.0 = Release|x64
		{42FF1CC5-444B-4E80-BF64-6158C6783B44}.Release|x86.ActiveCfg = Release|Win32
		{42FF1CC5-444B-4E80-BF64-6158C6783B44}.Release|x86.Build.0 = Release|Win32
		{F0DF29CF-01F3-4E11-A7EA-27E26686E676}.Debug|x64.ActiveCfg = Debug|x64
		{F0DF29CF-01F3-4E11-A7EA-27E26686E676}.Debug|x64.Build.0 = Debug|x64
		{F0DF29CF-01F3-4E11-A7EA-27E26686E676}.Debug|x86.ActiveCfg = Debug|Win32
		{F0DF29CF-01F3-4E11-A7EA-27E26686E676}.Debug|x86.Build.0 = Debug|Win32
		{F0DF29CF-01F3-4E11-A7EA-27E26686E676}.Release|x64.ActiveCfg = Release|x64
		{F0DF29CF-01F3-4E11-A7EA-27E26686E676}.Release|x64.Build.0 = Release|x64
		{F0DF29CF-01F3-4E11-A7EA-27E26686E676}.Release|x86.ActiveCfg = Release|Win32
		{F0DF29CF-01F3-4E11-A7EA-27E26686E676}.Release|x86.Build.0 = Release|Win32
		{C909A678-63C8-406D-9532-04D9B614EFD8}.Debug|x64.ActiveCfg = Debug|x64
		{C909A678-63C8-406D-9532-04D9B614EFD8}.Debug|x64.Build.0 = Debug|x64
		{C909A678-63C8-406D-9532-04D9B614EFD8}.Debug|x86.ActiveCfg = Debug|Win32
		{C909A678-63C8-406D-9532-04D9B614EFD8}.Debug|x86.Build.0 = Debug|Win32
		{C909A678-63C8-406D-9532-04D9B614EFD8}.Release|x64.ActiveCfg = Release|x64
		{C909A678-63C8-406D-9532-04D9B614EFD8}.Release|x64.Build.0 = Release|x64
		{C909A678-63C8-406D-9532-04D9B614EFD8}.Release|x86.ActiveCfg = Release|Win32
		{C909A678-63C8-406D-9532-04D9B614EFD8}.Release|x86.Build.0 = Release|Win32
		{97856291-C2D1-42C6-B29E-F7B18922E67D}.Debug|x64.ActiveCfg = Debug|x64
		{97856291-C2D1-42C6-B29E-F7B18922E67D}.Debug|x64.Build.0 = Debug|x64
		{97856291-C2D1-42C6-B29E-F7B18922E67D}.Debug|x86.ActiveCfg = Debug|Win32
		{97856291-C2D1-42C6-B29E-F7B18922E67D}.Debug|x86.Build.0 = Debug|Win32
		{97856291-C2D1-42C6-B29E-F7B18922E67D}.Release|x64.ActiveCfg = Release|x64
		{97856291-C2D1-42C6-B29E-F7B18922E67D}.Release|x64.Build.0 = Release|x64
		{97856291-C2D1-42C6-B29E-F7B18922E67D}.Release|x86.ActiveCfg = Release|Win32
		{97856291-C2D1-42C6-B29E-F7B18922E67D}.Release|x86.Build.0 = Release|Win32
		{92F12066-6E53-460E-AF72-EB415EC69227}.Debug|x64.ActiveCfg = Debug|x64
		{92F12066-6E53-460E-AF72-EB415EC69227}.Debug|x64.Build.0 = Debug|x64
		{92F12066-6E53-460E-AF72-EB415EC69227}.Debug|x86.ActiveCfg = Debug|Win32
		{92F12066-6E53-460E-AF72-EB415EC69227}.Debug|x86.Build.0 = Debug|Win32
		{92F12066-6E53-460E-AF72-EB415EC69227}.Release|x64.ActiveCfg = Release|x64
		{92F12066-6E53-460E-AF72-EB415EC69227}.Release|x64.Build.0 = Release|x64
		{92F12066-6E53-460E-AF72-EB415EC69227}.Release|x86.ActiveCfg = Release|Win32
		{92F12066-6E53-460E-AF72-EB415EC69227}.Release|x86.Build.0 = Release|Win32
		{7FAE1BF5-2C59-4EE7-BAF8-50483A34D796}.Debug|x64.ActiveCfg = Debug|x64
		{7FAE1BF5-2C59-4EE7-BAF8-50483A34D796}.Debug|x64.Build.0 = Debug|x64
		{7FAE1BF5-2C59-4EE7-BAF8-50483A34D796}.Debug|x86.ActiveCfg = Debug|Win32
		{7FAE1BF5-2C59-4EE7-BAF8-50483A34D796}.Debug|x86.Build.0 = Debug|Win32
		{7FAE1BF5-2C59-4EE7-BAF8-50483A34D796}.Release|x64.ActiveCfg = Release|x64
		{7FAE1BF5-2C59-4EE7-BAF8-50483A34D796}.Release|x64.Build.0 = Release|x64
		{7FAE1BF5-2C59-4EE7-BAF8-50483A34D796}.Release|x86.ActiveCfg = Release|Win32
		{7FAE1BF5-2C59-4EE7-BAF8-50483A34D796}.Release|x86.Build.0 = Release|Win32
		{68274FAD-2BAC-4303-A3CE-0F2005C952FC}.Debug|x64.ActiveCfg = Debug|x64
		{68274FAD-2BAC-4303-A3CE-0F2005C952FC}.Debug|x64.Build.0 = Debug|x64
		{68274FAD-2BAC-4303-A3CE-0F2005C952FC}.Debug|x86.ActiveCfg = Debug|Win32
		{68274FAD-2BAC-4303-A3CE-0F2005C952FC}.Debug|x86.Build.0 = Debug|Win32
		{68274FAD-2BAC-4303-A3CE-0F2005C952FC}.Release|x64.ActiveCfg = Release|x64
		{68274FAD-2BAC-4303-A3CE-0F2005C952FC}.Release|x64.Build.0 = Release|x64
		{68274FAD-2BAC-4303-A3CE-0F2005C952FC}.Release|x86.ActiveCfg = Release|Win32
		{68274FAD-2BAC-4303-A3CE-0F2005C952FC}.Release|x86.Build.0 = Release|Win32
		{94647406-D5B1-4163-AB9E-7712FE693E27}.Debug|x64.ActiveCfg = Debug|x64
		{94647406-D5B1-4163-AB9E-7712FE693E27}.Debug|x64.Build.0 = Debug|x64
		{94647406-D5B1-4163-AB9E-7712FE693E27}.Debug|x86.ActiveCfg = Debug|Win32
		{94647406-D5B1-4163-AB9E-7712FE693E27}.Debug|x86.Build.0 = Debug|Win32
		{94647406-D5B1-4163-AB9E-7712FE693E27}.Release|x64.ActiveCfg = Release|x64
		{94647406-D5B1-4163-AB9E-7712FE693E27}.Release|x64.Build.0 = Release|x64
		{94647406-D5B1-4163-AB9E-7712FE693E27}.Release|x86.ActiveCfg = Release|Win32
		{94647406-D5B1-4163-AB9E-7712FE693E27}.Release|x86.Build.0 = Release|Win32
		{5384EF9A-E315-418A-9590-9427EB0B4EDC}.Debug|x64.ActiveCfg = Debug|x64
		{5384EF9A-E315-418A-9590-9427EB0B4EDC}.Debug|x64.Build.0 = Debug|x64
		{5384EF9A-E315-418A-9590-9427EB0B4EDC}.Debug|x86.ActiveCfg = Debug|Win32
		{5384EF9A-E315-418A-9590-9427EB0B4EDC}.Debug|x86.Build.0 = Debug|Win32
		{5384EF9A-E315-418A-9590-9427EB0B4EDC}.Release|x64.ActiveCfg = Release|x64
		{5384EF9A-E315-418A-9590-9427EB0B4EDC}.Release|x64.Build.0 = Release|x64
		{5384EF9A-E315-418A-9590-9427EB0B4EDC}.Release|x86.ActiveCfg = Release|Win32
		{5384EF9A-E315-418A-9590-9427EB0B4EDC}.Release|x86.Build.0 = Release|Win32
		{BA1AD115-98C4-4CD8-B7BC-4198876EE5CA}.Debug|x64.ActiveCfg = Debug|x64
		{BA1AD115-98C4-4CD8-B7BC-4198876EE5CA}.Debug|x64.Build.0 = Debug|x64
		{BA1AD115-98C4-4CD8-B7BC-4198876EE5CA}.Debug|x86.ActiveCfg = Debug|Win32
		{BA1AD115-98C4-4CD8-B7BC-4198876EE5CA}.Debug|x86.Build.0 = Debug|Win32
		{BA1AD115-98C4-4CD8-B7BC-4198876EE5CA}.Release|x64.ActiveCfg = Release|x64
		{BA1AD115-98C4-4CD8-B7BC-4198876EE5CA}.Release|x64.Build.0 = Release|x64
		{BA1AD115-98C4-4CD8-B7BC-4198876EE5CA}.Release|x86.ActiveCfg = Release|Win32
		{BA1AD115-98C4-4CD8-B7BC-4198876EE5CA}.Release|x86.Build.0 = Release|Win32
		{C4238813-3E07-41ED-ACD6-8614348DE7CC}.Debug|x64.ActiveCfg = Debug|x64
		{C4238813-3E07-41ED-ACD6-8614348DE7CC}.Debug|x64.Build.0 = Debug|x64
		{C4238813-3E07-41ED-ACD6-8614348DE7CC}.Debug|x86.ActiveCfg = Debug|Win32
		{C4238813-3E07-41ED-ACD6-8614348DE7CC}.Debug|x86.Build.0 = Debug|Win32
		{C4238813-3E07-41ED-ACD6-8614348DE7CC}.Release|x64.ActiveCfg = Release|x64
		{C4238813-3E07-41ED-ACD6-8614348DE7CC}.Release|x64.Build.0 = Release|x64
		{C4238813-3E07-41ED-ACD6-8614348DE7CC}.Release|x86.ActiveCfg = Release|Win32
		{C4238813-3E07-41ED-ACD6-8614348DE7CC}.Release|x86.Build.0 = Release|Win32
		{94F66318-BB3F-4796-955D-85C409746AC0}.Debug|x64.ActiveCfg = Debug|x64
		{94F66318-BB3F-4796-955D-85C409746AC0}.Debug|x64.Build.0 = Debug|x64
		{94F66318-BB3F-4796-955D-85C409746AC0}.Debug|x86.ActiveCfg = Debug|Win32
		{94F66318-BB3F-4796-955D-85C409746AC0}.Debug|x86.Build.0 = Debug|Win32
		{94F66318-BB3F-4796-955D-85C409746AC0}.Release|x64.ActiveCfg = Release|x64
		{94F66318-BB3F-4796-955D-85C409746AC0}.Release|x64.Build.0 = Release|x64
		{94F66318-BB3F-4796-955D-85C409746AC0}.Release|x86.ActiveCfg = Release|Win32
		{94F66318-BB3F-4796-955D-85C409746AC0}.Release|x86.Build.0 = Release|Win32
		{EC4EECC5-4E95-41C4-84C6-E8171D9AE4D6}.Debug|x64.ActiveCfg = Debug|x64
		{EC4EECC5-4E95-41C4-84C6-E8171D9AE4D6}.Debug|x64.Build.0 = Debug|x64
		{EC4EECC5-4E95-41C4-84C6-E8171D9AE4D6}.Debug|x86.ActiveCfg = Debug|Win32
		{EC4EECC5-4E95-41C4-84C6-E8171D9AE4D6}.Debug|x86.Build.0 = Debug|Win32
		{EC4EECC5-4E95-41C4-84C6-E8171D9AE4D6}.Release|x64.ActiveCfg = Release|x64
		{EC4EECC5-4E95-41C4-84C6-E8171D9AE4D6}.Release|x64.Build.0 = Release|x64
		{EC4EECC5-4E95-41C4-84C6-E8171D9AE4D6}.Release|x86.ActiveCfg = Release|Win32
		{EC4EECC5-4E95-41C4-84C6-E8171D9AE4D6}.Release|x86.Build.0 = Release|Win32
		{126CFCB1-DFF8-44E6-8430-05CFED4AB9B3}.Debug|x64.ActiveCfg = Debug|x64
		{126CFCB1-DFF8-44E6-8430-05CFED4AB9B3}.Debug|x64.Build.0 = Debug|x64
		{126CFCB1-DFF8-44E6-8430-05CFED4AB9B3}.Debug|x86.ActiveCfg = Debug|Win32
		{126CFCB1-DFF8-44E6-8430-05CFED4AB9B3}.Debug|x86.Build.0 = Debug|Win32
		{126CFCB1-DFF8-44E6-8430-05CFED4AB9B3}.Release|x64.ActiveCfg = Release|x64
		{126CFCB1-DFF8-44E6-8430-05CFED4AB9B3}.Release|x64.Build.0 = Release|x64
		{126CFCB1-DFF8-44E6-8430-05CFED4AB9B3}.Release|x86.ActiveCfg = Release|Win32
		{126CFCB1-DFF8-44E6-8430-05CFED4AB9B3}.Release|x86.Build.0 = Release|Win32
		{085E8EC3-3892-469F-AE60-7CBE596822C7}.Debug|x64.ActiveCfg = Debug|x64
		{085E8EC3-3892-469F-AE60-7CBE596822C7}.Debug|x64.Build.0 = Debug|x64
		{085E8EC3-3892-469F-AE60-7CBE596822C7}.Debug|x86.ActiveCfg = Debug|Win32
		{085E8EC3-3892-469F-AE60-7CBE596822C7}.Debug|x86.Build.0 = Debug|Win32
		{085E8EC3-3892-469F-AE60-7CBE596822C7}.Release|x64.ActiveCfg = Release|x64
		{085E8EC3-3892-469F-AE60-7CBE596822C7}.Release|x64.Build.0 = Release|x64
		{085E8EC3-3892-469F-AE60-7CBE596822C7}.Release|x86.ActiveCfg = Release|Win32
		{085E8EC3-3892-469F-AE60-7CBE596822C7}.Release|x86.Build.0 = Release|Win32
		{E5E24D95-C7B8-4609-B041-E0AAC4BECB7E}.Debug|x64.ActiveCfg = Debug|x64
		{E5E24D95-C7B8-4609-B041-E0AAC4BECB7E}.Debug|x64.Build.0 = Debug|x64
		{E5E24D95-C7B8-4609-B041-E0AAC4BECB7E}.Debug|x86.ActiveCfg = Debug|Win32
		{E5E24D95-C7B8-4609-B041-E0AAC4BECB7E}.Debug|x86.Build.0 = Debug|Win32
		{E5E24D95-C7B8-4609-B041-E0AAC4BECB7E}.Release|x64.ActiveCfg = Release|x64
		{E5E24D95-C7B8-4609-B041-E0AAC4BECB7E}.Release|x64.Build.0 = Release|x64
		{E5E24D95-C7B8-4609-B041-E0AAC4BECB7E}.Release|x86.ActiveCfg = Release|Win32
		{E5E24D95-C7B8-4609-B041-E0AAC4BECB7E}.Release|x86.Build.0 = Release|Win32
		{2DD310E2-234B-44ED-A685-CC6BBCE8FE74}.Debug|x64.ActiveCfg = Debug|x64
		{2DD310E2-234B-44ED-A685-CC6BBCE8FE74}.Debug|x64.Build.0 = Debug|x64
		{2DD310E2-234B-44ED-A685-CC6BBCE8FE74}.Debug|x86.ActiveCfg = Debug|Win32
		{2DD310E2-234B-44ED-A685-CC6BBCE8FE74}.Debug|x86.Build.0 = Debug|Win32
		{2DD310E2-234B-44ED-A685-CC6BBCE8FE74}.Release|x64.ActiveCfg = Release|x64
		{2DD310E2-234B-44ED-A685-CC6BBCE8FE74}.Release|x64.Build.0 = Release|x64
		{2DD310E2-234B-44ED-A685-CC6BBCE8FE74}.Release|x86.ActiveCfg = Release|Win32
		{2DD310E2-234B-44ED-A685-CC6BBCE8FE74}.Release|x86.Build.0 = Release|Win32
		{332EFF0C-62CB-43FF-8DC5-979EC4202F83}.Debug|x64.ActiveCfg = Debug|x64
		{332EFF0C-62CB-43FF-8DC5-979EC4202F83}.Debug|x64.Build.0 = Debug|x64
		{332EFF0C-62CB-43FF-8DC5-979EC4202F83}.Debug|x86.ActiveCfg = Debug|Win32
		{332EFF0C-62CB-43FF-8DC5-979EC4202F83}.Debug|x86.Build.0 = Debug|Win32
		{332EFF0C-62CB-43FF-8DC5-979EC4202F83}.Release|x64.ActiveCfg = Release|x64
		{332EFF0C-62CB-43FF-8DC5-979EC4202F83}.Release|x64.Build.0 = Release|x64
		{332EFF0C-62CB-43FF-8DC5-979EC4202F83}.Release|x86.ActiveCfg = Release|Win32
		{332EFF0C-62CB-43FF-8DC5-979EC4202F83}.Release|x86.Build.0 = Release|Win32
		{B19001E5-9599-43F7-A646-80C1C23A1F48}.Debug|x64.ActiveCfg = Debug|x64
		{B19001E5-9599-43F7-A646-80C1C23A1F48}.Debug|x64.Build.0 = Debug|x64
		{B19001E5-9599-43F7-A646-80C1C23A1F48}.Debug|x86.ActiveCfg = Debug|Win32
		{B19001E5-9599-43F7-A646-80C1C23A1F48}.Debug|x86.Build.0 = Debug|Win32
		{B19001E5-9599-43F7-A646-80C1C23A1F48}.Release|x64.ActiveCfg = Release|x64
		{B19001E5-9599-43F7-A646-80C1C23A1F48}.Release|x64.Build.0 = Release|x64
		{B19001E5-9599-43F7-A646-80C1C23A1F48}.Release|x86.ActiveCfg = Release|Win32
		{B19001E5-9599-43F7-A646-80C1C23A1F48}.Release|x86.Build.0 = Release|Win32
		{250EB875-0051-483E-A1F5-48493998F543}.Debug|x64.ActiveCfg = Debug|x64
		{250EB875-0051-483E-A1F5-48493998F543}.Debug|x64.Build.0 = Debug|x64
		{250EB875-0051-483E-A1F5-48493998F543}.Debug|x86.ActiveCfg = Debug|Win32
		{250EB875-0051-483E-A1F5-48493998F543}.Debug|x86.Build.0 = Debug|Win32
		{250EB875-0051-483E-A1F5-48493998F543}.Release|x64.ActiveCfg = Release|x64
		{250EB875-0051-483E-A1F5-48493998F543}.Release|x64.Build.0 = Release|x64
		{250EB875-0051-483E-A1F5-48493998F543}.Release|x86.ActiveCfg = Release|Win32
		{250EB875-0051-483E-A1F5-48493998F543}.Release|x86.Build.0 = Release|Win32
		{C1FB1473-CD97-49EF-A1DF-82C097739E41}.Debug|x64.ActiveCfg = Debug|x64
		{C1FB1473-CD97-49EF-A1DF-82C097739E41}.Debug|x64.Build.0 = Debug|x64
		{C1FB1473-CD97-49EF-A1DF-82C097739E41}.Debug|x86.ActiveCfg = Debug|Win32
		{C1FB1473-CD97-49EF-A1DF-82C097739E41}.Debug|x86.Build.0 = Debug|Win32
		{C1FB1473-CD97-49EF-A1DF-82C097739E41}.Release|x64.ActiveCfg = Release|x64
		{C1FB1473-CD97-49EF-A1DF-82C097739E41}.Release|x64.Build.0 = Release|x64
		{C1FB1473-CD97-49EF-A1DF-82C097739E41}.Release|x86.ActiveCfg = Release|Win32
		{C1FB1473-CD97-49EF-A1DF-82C097739E41}.Release|x86.Build.0 = Release|Win32
	EndGlobalSection
	GlobalSection(SolutionProperties) = preSolution
		HideSolutionNode = FALSE
	EndGlobalSection
	GlobalSection(NestedProjects) = preSolution
		{C411DF9A-248F-48D2-B0FE-0EA5116ABF98} = {319CCFE3-03BE-439E-B014-95E5C459072D}
		{06006251-AB77-4221-8F18-8B5BAFE8FC92} = {319CCFE3-03BE-439E-B014-95E5C459072D}
		{F1892998-3F81-41FE-BD81-84F50EDD1452} = {319CCFE3-03BE-439E-B014-95E5C459072D}
		{ADEB6396-6AA6-4191-9093-6D9B6D8E7A67} = {319CCFE3-03BE-439E-B014-95E5C459072D}
		{56C52828-B590-4FFA-9B85-E4B265E8CB83} = {A33AAA92-9A08-4417-8E46-56EAE8D381CA}
		{071D8C89-68E3-4A36-A21D-14212D5964A2} = {319CCFE3-03BE-439E-B014-95E5C459072D}
		{F3BE9757-2DC3-4A7E-8FBD-EF9F50F0CF5E} = {071D8C89-68E3-4A36-A21D-14212D5964A2}
		{84AC13BA-826E-4986-BA3A-179FBB8AE233} = {071D8C89-68E3-4A36-A21D-14212D5964A2}
		{47042C0A-F8C8-418F-81F2-B50A66BC048A} = {071D8C89-68E3-4A36-A21D-14212D5964A2}
		{4724ECDD-B37F-4AE3-8884-2784D570B1E3} = {071D8C89-68E3-4A36-A21D-14212D5964A2}
		{159723E1-A137-4A89-9003-7F6561D87AB0} = {319CCFE3-03BE-439E-B014-95E5C459072D}
		{E711880C-EED9-4A19-95ED-B217F6CCDF13} = {159723E1-A137-4A89-9003-7F6561D87AB0}
		{B6E7EEF1-22E9-4316-B4C6-034EFC555640} = {159723E1-A137-4A89-9003-7F6561D87AB0}
		{F38CB11A-4028-47E3-9271-A183FA930F9F} = {159723E1-A137-4A89-9003-7F6561D87AB0}
		{F729142D-5968-4A4E-A63A-D55EF04E7B80} = {159723E1-A137-4A89-9003-7F6561D87AB0}
		{5A74D886-C09A-441D-9027-06F86178BF48} = {0D68E6BC-77E7-4702-B8E7-DCB122A21BBB}
		{CC1DCFCB-BE62-4467-9C83-ECF73DF6E9B5} = {0D68E6BC-77E7-4702-B8E7-DCB122A21BBB}
		{A72E293D-10C9-4340-AB96-88A7B009E671} = {0D68E6BC-77E7-4702-B8E7-DCB122A21BBB}
		{D2F5E90B-ED37-4076-9B25-B47BB8DA4D5E} = {0D68E6BC-77E7-4702-B8E7-DCB122A21BBB}
		{73AB530C-497D-4047-AEF1-1890C86271A3} = {11E22078-0449-4A1A-A388-E96174A20024}
		{0C86FD94-F2AB-41A5-A4D9-F5BF1CC5717F} = {7CCEF74B-312B-46A1-A85B-4666796291E2}
		{11AF4830-C48C-4278-B0E7-F56A3B8ABBCD} = {7CCEF74B-312B-46A1-A85B-4666796291E2}
		{807056B8-DCA5-4138-A9AF-53052477330C} = {7CCEF74B-312B-46A1-A85B-4666796291E2}
		{D06996AC-02D5-40F1-B35C-F14B0FCDC842} = {7CCEF74B-312B-46A1-A85B-4666796291E2}
		{0715045C-C24D-440D-AE64-CDA5C8F9549B} = {7CCEF74B-312B-46A1-A85B-4666796291E2}
		{42FF1CC5-444B-4E80-BF64-6158C6783B44} = {7CCEF74B-312B-46A1-A85B-4666796291E2}
		{D78BA27E-78A8-47C3-ADD5-A31FE3E94DE4} = {7CCEF74B-312B-46A1-A85B-4666796291E2}
		{F0DF29CF-01F3-4E11-A7EA-27E26686E676} = {D78BA27E-78A8-47C3-ADD5-A31FE3E94DE4}
		{C909A678-63C8-406D-9532-04D9B614EFD8} = {D78BA27E-78A8-47C3-ADD5-A31FE3E94DE4}
		{97856291-C2D1-42C6-B29E-F7B18922E67D} = {D78BA27E-78A8-47C3-ADD5-A31FE3E94DE4}
		{92F12066-6E53-460E-AF72-EB415EC69227} = {D78BA27E-78A8-47C3-ADD5-A31FE3E94DE4}
		{7FAE1BF5-2C59-4EE7-BAF8-50483A34D796} = {D78BA27E-78A8-47C3-ADD5-A31FE3E94DE4}
		{68274FAD-2BAC-4303-A3CE-0F2005C952FC} = {D78BA27E-78A8-47C3-ADD5-A31FE3E94DE4}
		{94647406-D5B1-4163-AB9E-7712FE693E27} = {9B184DA1-035C-4C5C-81B2-2DCA68AE86C6}
		{5384EF9A-E315-418A-9590-9427EB0B4EDC} = {9B184DA1-035C-4C5C-81B2-2DCA68AE86C6}
		{BA1AD115-98C4-4CD8-B7BC-4198876EE5CA} = {9B184DA1-035C-4C5C-81B2-2DCA68AE86C6}
		{C4238813-3E07-41ED-ACD6-8614348DE7CC} = {9B184DA1-035C-4C5C-81B2-2DCA68AE86C6}
		{94F66318-BB3F-4796-955D-85C409746AC0} = {9B184DA1-035C-4C5C-81B2-2DCA68AE86C6}
		{EC4EECC5-4E95-41C4-84C6-E8171D9AE4D6} = {9B184DA1-035C-4C5C-81B2-2DCA68AE86C6}
		{126CFCB1-DFF8-44E6-8430-05CFED4AB9B3} = {9B184DA1-035C-4C5C-81B2-2DCA68AE86C6}
		{085E8EC3-3892-469F-AE60-7CBE596822C7} = {9B184DA1-035C-4C5C-81B2-2DCA68AE86C6}
		{E5E24D95-C7B8-4609-B041-E0AAC4BECB7E} = {9B184DA1-035C-4C5C-81B2-2DCA68AE86C6}
		{495BB314-BB60-447C-B12D-14C80A4CDBD3} = {50C2F3F7-F114-48D3-966F-E2FC581E64DD}
		{9B7F55D6-A74A-481B-96E6-424A8CF70173} = {50C2F3F7-F114-48D3-966F-E2FC581E64DD}
		{2DD310E2-234B-44ED-A685-CC6BBCE8FE74} = {E77DB938-89C7-44CF-A10B-6961F5430E78}
		{332EFF0C-62CB-43FF-8DC5-979EC4202F83} = {E77DB938-89C7-44CF-A10B-6961F5430E78}
		{E77DB938-89C7-44CF-A10B-6961F5430E78} = {BA64FBF9-81C4-49DC-A4D7-507A9566A982}
		{B19001E5-9599-43F7-A646-80C1C23A1F48} = {E77DB938-89C7-44CF-A10B-6961F5430E78}
		{01AC3519-4C1C-4E24-A9A8-B9B0B44F5FB8} = {BA64FBF9-81C4-49DC-A4D7-507A9566A982}
		{250EB875-0051-483E-A1F5-48493998F543} = {01AC3519-4C1C-4E24-A9A8-B9B0B44F5FB8}
		{11E22078-0449-4A1A-A388-E96174A20024} = {BA64FBF9-81C4-49DC-A4D7-507A9566A982}
		{C1FB1473-CD97-49EF-A1DF-82C097739E41} = {01AC3519-4C1C-4E24-A9A8-B9B0B44F5FB8}
	EndGlobalSection
	GlobalSection(ExtensibilityGlobals) = postSolution
		SolutionGuid = {5DF720D9-F072-49A1-BAC5-CA541170B1FD}
	EndGlobalSection
EndGlobal
